{
  "version": 4,
  "terraform_version": "1.0.11",
  "serial": 975,
  "lineage": "191539f6-14af-a052-059d-6e98a300e773",
  "outputs": {
    "bastion": {
      "value": {
        "app_alb": [],
        "app_alb_listener": [],
        "app_alb_target_group": [],
        "aws_instance": {
          "ami": "ami-0c4f7023847b90238",
          "arn": "arn:aws:ec2:us-east-1:475388737367:instance/i-044d26d54801a6e6e",
          "associate_public_ip_address": true,
          "availability_zone": "us-east-1a",
          "capacity_reservation_specification": [
            {
              "capacity_reservation_preference": "open",
              "capacity_reservation_target": []
            }
          ],
          "cpu_core_count": 1,
          "cpu_threads_per_core": 2,
          "credit_specification": [
            {
              "cpu_credits": "unlimited"
            }
          ],
          "disable_api_termination": false,
          "ebs_block_device": [],
          "ebs_optimized": false,
          "enclave_options": [
            {
              "enabled": false
            }
          ],
          "ephemeral_block_device": [],
          "get_password_data": false,
          "hibernation": false,
          "host_id": null,
          "iam_instance_profile": "",
          "id": "i-044d26d54801a6e6e",
          "instance_initiated_shutdown_behavior": "stop",
          "instance_state": "running",
          "instance_type": "t3.micro",
          "ipv6_address_count": 0,
          "ipv6_addresses": [],
          "key_name": "cdc-blockchain-development",
          "launch_template": [],
          "metadata_options": [
            {
              "http_endpoint": "enabled",
              "http_put_response_hop_limit": 1,
              "http_tokens": "optional",
              "instance_metadata_tags": "disabled"
            }
          ],
          "monitoring": false,
          "network_interface": [],
          "outpost_arn": "",
          "password_data": "",
          "placement_group": "",
          "placement_partition_number": null,
          "primary_network_interface_id": "eni-0730763ca28ccd738",
          "private_dns": "ip-10-0-0-57.ec2.internal",
          "private_ip": "10.0.0.57",
          "public_dns": "",
          "public_ip": "3.231.207.44",
          "root_block_device": [
            {
              "delete_on_termination": true,
              "device_name": "/dev/sda1",
              "encrypted": true,
              "iops": 100,
              "kms_key_id": "arn:aws:kms:us-east-1:475388737367:key/5064e0a4-9c7a-4fe7-b6a6-27ed0a45d5d9",
              "tags": null,
              "throughput": 0,
              "volume_id": "vol-04fb54b8ab40f47b8",
              "volume_size": 8,
              "volume_type": "gp2"
            }
          ],
          "secondary_private_ips": [],
          "security_groups": [],
          "source_dest_check": true,
          "subnet_id": "subnet-066b58537596f288d",
          "tags": {
            "Name": "bastion",
            "env": "development"
          },
          "tags_all": {
            "Name": "bastion",
            "env": "development"
          },
          "tenancy": "default",
          "timeouts": null,
          "user_data": null,
          "user_data_base64": null,
          "volume_tags": null,
          "vpc_security_group_ids": [
            "sg-084b2fe24724f6b2b"
          ]
        },
        "aws_security_group": {
          "arn": "arn:aws:ec2:us-east-1:475388737367:security-group/sg-0a632f72339b37646",
          "description": "Security group for bastion",
          "egress": [],
          "id": "sg-0a632f72339b37646",
          "ingress": [],
          "name": "bastion",
          "name_prefix": "",
          "owner_id": "475388737367",
          "revoke_rules_on_delete": false,
          "tags": {
            "env": "development"
          },
          "tags_all": {
            "env": "development"
          },
          "timeouts": null,
          "vpc_id": "vpc-0137c422b74568ccd"
        },
        "aws_security_group_rules": {}
      },
      "type": [
        "object",
        {
          "app_alb": [
            "tuple",
            []
          ],
          "app_alb_listener": [
            "tuple",
            []
          ],
          "app_alb_target_group": [
            "tuple",
            []
          ],
          "aws_instance": [
            "object",
            {
              "ami": "string",
              "arn": "string",
              "associate_public_ip_address": "bool",
              "availability_zone": "string",
              "capacity_reservation_specification": [
                "list",
                [
                  "object",
                  {
                    "capacity_reservation_preference": "string",
                    "capacity_reservation_target": [
                      "list",
                      [
                        "object",
                        {
                          "capacity_reservation_id": "string"
                        }
                      ]
                    ]
                  }
                ]
              ],
              "cpu_core_count": "number",
              "cpu_threads_per_core": "number",
              "credit_specification": [
                "list",
                [
                  "object",
                  {
                    "cpu_credits": "string"
                  }
                ]
              ],
              "disable_api_termination": "bool",
              "ebs_block_device": [
                "set",
                [
                  "object",
                  {
                    "delete_on_termination": "bool",
                    "device_name": "string",
                    "encrypted": "bool",
                    "iops": "number",
                    "kms_key_id": "string",
                    "snapshot_id": "string",
                    "tags": [
                      "map",
                      "string"
                    ],
                    "throughput": "number",
                    "volume_id": "string",
                    "volume_size": "number",
                    "volume_type": "string"
                  }
                ]
              ],
              "ebs_optimized": "bool",
              "enclave_options": [
                "list",
                [
                  "object",
                  {
                    "enabled": "bool"
                  }
                ]
              ],
              "ephemeral_block_device": [
                "set",
                [
                  "object",
                  {
                    "device_name": "string",
                    "no_device": "bool",
                    "virtual_name": "string"
                  }
                ]
              ],
              "get_password_data": "bool",
              "hibernation": "bool",
              "host_id": "string",
              "iam_instance_profile": "string",
              "id": "string",
              "instance_initiated_shutdown_behavior": "string",
              "instance_state": "string",
              "instance_type": "string",
              "ipv6_address_count": "number",
              "ipv6_addresses": [
                "list",
                "string"
              ],
              "key_name": "string",
              "launch_template": [
                "list",
                [
                  "object",
                  {
                    "id": "string",
                    "name": "string",
                    "version": "string"
                  }
                ]
              ],
              "metadata_options": [
                "list",
                [
                  "object",
                  {
                    "http_endpoint": "string",
                    "http_put_response_hop_limit": "number",
                    "http_tokens": "string",
                    "instance_metadata_tags": "string"
                  }
                ]
              ],
              "monitoring": "bool",
              "network_interface": [
                "set",
                [
                  "object",
                  {
                    "delete_on_termination": "bool",
                    "device_index": "number",
                    "network_interface_id": "string"
                  }
                ]
              ],
              "outpost_arn": "string",
              "password_data": "string",
              "placement_group": "string",
              "placement_partition_number": "number",
              "primary_network_interface_id": "string",
              "private_dns": "string",
              "private_ip": "string",
              "public_dns": "string",
              "public_ip": "string",
              "root_block_device": [
                "list",
                [
                  "object",
                  {
                    "delete_on_termination": "bool",
                    "device_name": "string",
                    "encrypted": "bool",
                    "iops": "number",
                    "kms_key_id": "string",
                    "tags": [
                      "map",
                      "string"
                    ],
                    "throughput": "number",
                    "volume_id": "string",
                    "volume_size": "number",
                    "volume_type": "string"
                  }
                ]
              ],
              "secondary_private_ips": [
                "set",
                "string"
              ],
              "security_groups": [
                "set",
                "string"
              ],
              "source_dest_check": "bool",
              "subnet_id": "string",
              "tags": [
                "map",
                "string"
              ],
              "tags_all": [
                "map",
                "string"
              ],
              "tenancy": "string",
              "timeouts": [
                "object",
                {
                  "create": "string",
                  "delete": "string",
                  "update": "string"
                }
              ],
              "user_data": "string",
              "user_data_base64": "string",
              "volume_tags": [
                "map",
                "string"
              ],
              "vpc_security_group_ids": [
                "set",
                "string"
              ]
            }
          ],
          "aws_security_group": [
            "object",
            {
              "arn": "string",
              "description": "string",
              "egress": [
                "set",
                [
                  "object",
                  {
                    "cidr_blocks": [
                      "list",
                      "string"
                    ],
                    "description": "string",
                    "from_port": "number",
                    "ipv6_cidr_blocks": [
                      "list",
                      "string"
                    ],
                    "prefix_list_ids": [
                      "list",
                      "string"
                    ],
                    "protocol": "string",
                    "security_groups": [
                      "set",
                      "string"
                    ],
                    "self": "bool",
                    "to_port": "number"
                  }
                ]
              ],
              "id": "string",
              "ingress": [
                "set",
                [
                  "object",
                  {
                    "cidr_blocks": [
                      "list",
                      "string"
                    ],
                    "description": "string",
                    "from_port": "number",
                    "ipv6_cidr_blocks": [
                      "list",
                      "string"
                    ],
                    "prefix_list_ids": [
                      "list",
                      "string"
                    ],
                    "protocol": "string",
                    "security_groups": [
                      "set",
                      "string"
                    ],
                    "self": "bool",
                    "to_port": "number"
                  }
                ]
              ],
              "name": "string",
              "name_prefix": "string",
              "owner_id": "string",
              "revoke_rules_on_delete": "bool",
              "tags": [
                "map",
                "string"
              ],
              "tags_all": [
                "map",
                "string"
              ],
              "timeouts": [
                "object",
                {
                  "create": "string",
                  "delete": "string"
                }
              ],
              "vpc_id": "string"
            }
          ],
          "aws_security_group_rules": [
            "object",
            {}
          ]
        }
      ]
    },
    "key_pair": {
      "value": {
        "arn": "arn:aws:ec2:us-east-1:475388737367:key-pair/cdc-blockchain-development",
        "fingerprint": "b1:1d:9e:c9:f3:c3:24:85:ce:36:ba:2c:1d:07:df:a8",
        "id": "cdc-blockchain-development",
        "key_name": "cdc-blockchain-development",
        "key_name_prefix": "",
        "key_pair_id": "key-0eb1497dcff0aad5f",
        "public_key": "ssh-rsa AAAAB3NzaC1yc2EAAAADAQABAAACAQC4Dlc814hIeLYYQH34bXRxTLift6Ybaq6zUoIYYFsh+qYy/EgRntG5KOwA5SwNiIEX9mW53Zogn3dF2xVeA0diUS3sDQx0xszpthMaGmhCXGT4OY8ZRZxSMYZg5PGnn+vPE2QjAX41fvkSswCd+0HZsKBxyQ0SSYgO5mY1F+eSz0TnPH9wax8/xNv9sdEOCkVaJ23cC/IhIGuIOJCH/TYdfmaH/JJW7S91zNn+yiNaTc7bWLaj7ViV+4vT476GmRTfkcL+Mg+Ywd6+31tos9LY491/EwhJVP3tjiAvO1vMOVAMLW9LsFP0moscp0AP5qoD7EzNjl89v805V+B1BnO5Lwlw8qRmuxn98CkF7RFghAst/BwkUv+jZLOIe8jpNUDFg/38JyHz2ExQm1kH7vISQbC5nkrNBX5drHOBslYdE+gHI3lNHvuVEFRLnGrWmRtBDRmb9ZGR++smrKGGuXLZk3dcRJ0QQ0Z+XZP4zG5TcuO9x2FM2mgrMULG3FfSIr6+MGAGSmk4f/nTTUylFbOENpQ/L0mKhg/Axu8NrLEg52TVhStHYf0JHrtx68RUX2qnvk9963TlREDYZ+7IlD2AS9wDsWW4BeoXIXNrRtRt+PDNdMT7/XuK1UNdPuNaTPLFla2ay+8G8RdGT1t2GVEtImoInnYGHIfCZQSMrXnf/Q==",
        "tags": {
          "environment": "development",
          "org": "cdc",
          "project": "blockchain"
        },
        "tags_all": {
          "environment": "development",
          "org": "cdc",
          "project": "blockchain"
        }
      },
      "type": [
        "object",
        {
          "arn": "string",
          "fingerprint": "string",
          "id": "string",
          "key_name": "string",
          "key_name_prefix": "string",
          "key_pair_id": "string",
          "public_key": "string",
          "tags": [
            "map",
            "string"
          ],
          "tags_all": [
            "map",
            "string"
          ]
        }
      ]
    },
    "network": {
      "value": {
        "alb_sg_id": "sg-0da6202dbcb9a2da1",
        "app_sg_id": "sg-01bdb8dd2c91fdff8",
        "bastion_sg": {
          "arn": "arn:aws:ec2:us-east-1:475388737367:security-group/sg-084b2fe24724f6b2b",
          "description": "Security Group for bastion host",
          "egress": [
            {
              "cidr_blocks": [
                "0.0.0.0/0"
              ],
              "description": "Outbound traffic for ingress",
              "from_port": 0,
              "ipv6_cidr_blocks": [
                "::/0"
              ],
              "prefix_list_ids": [],
              "protocol": "-1",
              "security_groups": [],
              "self": false,
              "to_port": 0
            }
          ],
          "id": "sg-084b2fe24724f6b2b",
          "ingress": [
            {
              "cidr_blocks": [
                "0.0.0.0/0"
              ],
              "description": "Open SSH",
              "from_port": 22,
              "ipv6_cidr_blocks": [
                "::/0"
              ],
              "prefix_list_ids": [],
              "protocol": "tcp",
              "security_groups": [],
              "self": false,
              "to_port": 22
            }
          ],
          "name": "bastion-sg",
          "name_prefix": "",
          "owner_id": "475388737367",
          "revoke_rules_on_delete": false,
          "tags": {
            "Name": "app-sg",
            "environment": "development",
            "org": "cdc",
            "project": "blockchain"
          },
          "tags_all": {
            "Name": "app-sg",
            "environment": "development",
            "org": "cdc",
            "project": "blockchain"
          },
          "timeouts": null,
          "vpc_id": "vpc-0137c422b74568ccd"
        },
        "db_sg_id": "sg-04d0f4b9c64da5f6d",
        "internal_subnets_ids": [
          "subnet-0019366c8ab7091d2",
          "subnet-00482796e2cc990ce",
          "subnet-0b8f4421613eaeea6"
        ],
        "private_subnet_ids": [
          "subnet-09e3a03f5fc4aaf56",
          "subnet-0473512f2e15b8ae7",
          "subnet-0a4bab2035eaba8cc"
        ],
        "public_subnet_ids": [
          "subnet-066b58537596f288d",
          "subnet-0cb8ec983aa850056",
          "subnet-085b95c5c443d54f0"
        ],
        "vpc": {
          "arn": "arn:aws:ec2:us-east-1:475388737367:vpc/vpc-0137c422b74568ccd",
          "assign_generated_ipv6_cidr_block": false,
          "cidr_block": "10.0.0.0/16",
          "default_network_acl_id": "acl-07430a39526d09809",
          "default_route_table_id": "rtb-02441857cbf1310cc",
          "default_security_group_id": "sg-0a1e6e0170ede1bec",
          "dhcp_options_id": "dopt-eceaac8a",
          "enable_classiclink": false,
          "enable_classiclink_dns_support": false,
          "enable_dns_hostnames": false,
          "enable_dns_support": true,
          "id": "vpc-0137c422b74568ccd",
          "instance_tenancy": "default",
          "ipv4_ipam_pool_id": null,
          "ipv4_netmask_length": null,
          "ipv6_association_id": "",
          "ipv6_cidr_block": "",
          "ipv6_cidr_block_network_border_group": "",
          "ipv6_ipam_pool_id": "",
          "ipv6_netmask_length": 0,
          "main_route_table_id": "rtb-02441857cbf1310cc",
          "owner_id": "475388737367",
          "tags": {
            "Name": "cdc-blockchain-development",
            "environment": "development",
            "org": "cdc",
            "project": "blockchain"
          },
          "tags_all": {
            "Name": "cdc-blockchain-development",
            "environment": "development",
            "org": "cdc",
            "project": "blockchain"
          }
        },
        "vpc_id": "vpc-0137c422b74568ccd"
      },
      "type": [
        "object",
        {
          "alb_sg_id": "string",
          "app_sg_id": "string",
          "bastion_sg": [
            "object",
            {
              "arn": "string",
              "description": "string",
              "egress": [
                "set",
                [
                  "object",
                  {
                    "cidr_blocks": [
                      "list",
                      "string"
                    ],
                    "description": "string",
                    "from_port": "number",
                    "ipv6_cidr_blocks": [
                      "list",
                      "string"
                    ],
                    "prefix_list_ids": [
                      "list",
                      "string"
                    ],
                    "protocol": "string",
                    "security_groups": [
                      "set",
                      "string"
                    ],
                    "self": "bool",
                    "to_port": "number"
                  }
                ]
              ],
              "id": "string",
              "ingress": [
                "set",
                [
                  "object",
                  {
                    "cidr_blocks": [
                      "list",
                      "string"
                    ],
                    "description": "string",
                    "from_port": "number",
                    "ipv6_cidr_blocks": [
                      "list",
                      "string"
                    ],
                    "prefix_list_ids": [
                      "list",
                      "string"
                    ],
                    "protocol": "string",
                    "security_groups": [
                      "set",
                      "string"
                    ],
                    "self": "bool",
                    "to_port": "number"
                  }
                ]
              ],
              "name": "string",
              "name_prefix": "string",
              "owner_id": "string",
              "revoke_rules_on_delete": "bool",
              "tags": [
                "map",
                "string"
              ],
              "tags_all": [
                "map",
                "string"
              ],
              "timeouts": [
                "object",
                {
                  "create": "string",
                  "delete": "string"
                }
              ],
              "vpc_id": "string"
            }
          ],
          "db_sg_id": "string",
          "internal_subnets_ids": [
            "tuple",
            [
              "string",
              "string",
              "string"
            ]
          ],
          "private_subnet_ids": [
            "tuple",
            [
              "string",
              "string",
              "string"
            ]
          ],
          "public_subnet_ids": [
            "tuple",
            [
              "string",
              "string",
              "string"
            ]
          ],
          "vpc": [
            "object",
            {
              "arn": "string",
              "assign_generated_ipv6_cidr_block": "bool",
              "cidr_block": "string",
              "default_network_acl_id": "string",
              "default_route_table_id": "string",
              "default_security_group_id": "string",
              "dhcp_options_id": "string",
              "enable_classiclink": "bool",
              "enable_classiclink_dns_support": "bool",
              "enable_dns_hostnames": "bool",
              "enable_dns_support": "bool",
              "id": "string",
              "instance_tenancy": "string",
              "ipv4_ipam_pool_id": "string",
              "ipv4_netmask_length": "number",
              "ipv6_association_id": "string",
              "ipv6_cidr_block": "string",
              "ipv6_cidr_block_network_border_group": "string",
              "ipv6_ipam_pool_id": "string",
              "ipv6_netmask_length": "number",
              "main_route_table_id": "string",
              "owner_id": "string",
              "tags": [
                "map",
                "string"
              ],
              "tags_all": [
                "map",
                "string"
              ]
            }
          ],
          "vpc_id": "string"
        }
      ]
    },
    "ssh_key": {
      "value": {
        "algorithm": "RSA",
        "ecdsa_curve": "P224",
        "id": "13c788ef762ce24d527ae878f456847d48109d93",
        "private_key_openssh": "-----BEGIN OPENSSH PRIVATE KEY-----\nb3BlbnNzaC1rZXktdjEAAAAABG5vbmUAAAAEbm9uZQAAAAAAAAABAAACFwAAAAdz\nc2gtcnNhAAAAAwEAAQAAAgEAuA5XPNeISHi2GEB9+G10cUy4n7emG2qus1KCGGBb\nIfqmMvxIEZ7RuSjsAOUsDYiBF/Zlud2aIJ93RdsVXgNHYlEt7A0MdMbM6bYTGhpo\nQlxk+DmPGUWcUjGGYOTxp5/rzxNkIwF+NX75ErMAnftB2bCgcckNEkmIDuZmNRfn\nks9E5zx/cGsfP8Tb/bHRDgpFWidt3AvyISBriDiQh/02HX5mh/ySVu0vdczZ/soj\nWk3O21i2o+1YlfuL0+O+hpkU35HC/jIPmMHevt9baLPS2OPdfxMISVT97Y4gLztb\nzDlQDC1vS7BT9JqLHKdAD+aqA+xMzY5fPb/NOVfgdQZzuS8JcPKkZrsZ/fApBe0R\nYIQLLfwcJFL/o2SziHvI6TVAxYP9/Cch89hMUJtZB+7yEkGwuZ5KzQV+XaxzgbJW\nHRPoByN5TR77lRBUS5xq1pkbQQ0Zm/WRkfvrJqyhhrly2ZN3XESdEENGfl2T+Mxu\nU3LjvcdhTNpoKzFCxtxX0iK+vjBgBkppOH/5001MpRWzhDaUPy9JioYPwMbvDayx\nIOdk1YUrR2H9CR67cevEVF9qp75Pfet05URA2GfuyJQ9gEvcA7FluAXqFyFza0bU\nbfjwzXTE+/17itVDXT7jWkzyxZWtmsvvBvEXRk9bdhlRLSJqCJ52BhyHwmUEjK15\n3/0AAAc4tI6rprSOq6YAAAAHc3NoLXJzYQAAAgEAuA5XPNeISHi2GEB9+G10cUy4\nn7emG2qus1KCGGBbIfqmMvxIEZ7RuSjsAOUsDYiBF/Zlud2aIJ93RdsVXgNHYlEt\n7A0MdMbM6bYTGhpoQlxk+DmPGUWcUjGGYOTxp5/rzxNkIwF+NX75ErMAnftB2bCg\ncckNEkmIDuZmNRfnks9E5zx/cGsfP8Tb/bHRDgpFWidt3AvyISBriDiQh/02HX5m\nh/ySVu0vdczZ/sojWk3O21i2o+1YlfuL0+O+hpkU35HC/jIPmMHevt9baLPS2OPd\nfxMISVT97Y4gLztbzDlQDC1vS7BT9JqLHKdAD+aqA+xMzY5fPb/NOVfgdQZzuS8J\ncPKkZrsZ/fApBe0RYIQLLfwcJFL/o2SziHvI6TVAxYP9/Cch89hMUJtZB+7yEkGw\nuZ5KzQV+XaxzgbJWHRPoByN5TR77lRBUS5xq1pkbQQ0Zm/WRkfvrJqyhhrly2ZN3\nXESdEENGfl2T+MxuU3LjvcdhTNpoKzFCxtxX0iK+vjBgBkppOH/5001MpRWzhDaU\nPy9JioYPwMbvDayxIOdk1YUrR2H9CR67cevEVF9qp75Pfet05URA2GfuyJQ9gEvc\nA7FluAXqFyFza0bUbfjwzXTE+/17itVDXT7jWkzyxZWtmsvvBvEXRk9bdhlRLSJq\nCJ52BhyHwmUEjK153/0AAAADAQABAAACADn4ul19fX1mF+S3m3W98+kjwxr7WyRT\ni8cLe9J1tv6S1fpFH+X84g2x5/O4OxHgJtkHUK8kL0GLOKQWBzrfSYKcExzAV2YI\nn84U/RtBqgkM1PiiGIJbPIte8fZe5gZoBnvonaew9rGe1pCfNNiNpQYN7dso+icC\nZgpbY2Hhr5y8D/XNRk6ATw1k0e2sLi5/6awlsyKV2KO6dGQpfMx4Yq0TfPPkB6u9\ndS9jYF4yCMSOsVLBNHWZckd7PWV13DLE0KBCZuptliAFIEV6UG5ABW8vBjraIcgH\nLxu9okF+LsG6Y44SWXW7ihYG/z39J95aRr6JlP9Bkpn+aYNgPGBfsd7e6KI7vIot\nwShFDaiql8sZoFl3nUNPRZG62C9Nu292m9tgjnCnzFTGbU2BPvk7uJDrxdcbQpHL\njyOv8QBDmjNW/cYLjcaD7V9Fs3Z2JQDOqqs8OZGaOlEN8liR64ca6AyLsH/KTUZ3\nMxb1339X7J0EVdEHL3TZaX3si6fxNlbptW4jU2k2AdZnKx7QpolEnqnJlud/CiBE\n525jY2VMoMxPG2X1V5hlYiPqP62cjcUDfGW4ba2LwSJHzeqCMg6OMTXIsygM3idN\n0OpDc9KOuYfKGZ4t5LQnBmuKcven7VTL2DitMk3rrkLjgF/c3PaZ7wlYwe+sty7u\nRfV5fQXVtjZ5AAABAQCLPp1UOktJL0dUM5Ds8ARdZy5idWcQ+cRlyuHlf9vmCm6R\n9vzoouPdZXfBl6sEq/mEPGIqtxV0Ajq+olS7/e1hceouCVZD4l2n9gHociDlWgi/\ncCdoh642vS/Q97vHJwVz5I+7glhkAxN+JYgUQaJ8hOdTGdnrZ+1nmmoCqbEw6Qj8\nHuVfhvf0pahG3i2zPn1Z+Af36iI+6gVyQUdw1fHP6MlY2mQALFAdke2ncRDwtJgN\nvln4iCbxS0yDOlQLw++ZLpQbNjZxW3OH3DJ01ZX1cOoUSfIbYXhvOWOO4hSPbiVJ\nJv2FaEAc7xatY4FymjtOA2GkI2kOP1qrzWva5eMAAAABAQDJwhS4ST8w3EyBRPBX\nwqNuDcyQpZL38zbaBVwihwTkn2Q7vmTO/XXAoy3HnqIvYtXXtvCwQaAHEeZembs9\nnz9F/cd7wQQyvN5yW+aN4hZxNacEgRmYbU5M6D8WMk73psHjnKvPWVb2e213uZzm\nzaEGFuYEzqvO3jvJjfIKQPEEUBKDgM+nKGyCCjzqOu0PwUVwabGzFbCdsTeeMZXb\nsj0ze37kge2GYmlDUcremTR4r5gfa4Sx+Iyc22Bu9njP1H3P6YH2YfP5+Yd1jgig\njLWhinZhm56CLtOZM2vEGyFj3FUdDGZDnD7mBrifztGHBCpnv5vWQTABt6dykv6J\nFlffAAABAQDpietkEQRW+tJeuEJs5X/5/jwwkePfCx8sbU85TQnqvqxoZXny5/B6\nZ1UY+XFZDEOT++HeadkOYsCV/xPccCOcvXcGjAi1oN81I+xkI4O2jM4o+sJcMzrg\nAZvCVgEiOFfVMiEOsAhRqQiAksjxEBRDo+yoP/t+ZqXJdp4LCQ/l8yZLvu/hMzMD\nsj9z2DmCb/h6G/RfPIQsSSnnA0Hkg9nbWmfbZwdl2o1ypYF+4HIcPWPYGHVsmRGU\nUd6orE2uPQ7DXt2BGGaDC3jr/OyNRt7REdrdDbVXDeF29wn5hGyvrdXTpcFYBzJ6\nsN5IYVE4N8mbyzwolVPXiLLAzhTxEbOjAAAAAAEC\n-----END OPENSSH PRIVATE KEY-----\n",
        "private_key_pem": "-----BEGIN RSA PRIVATE KEY-----\nMIIJKQIBAAKCAgEAuA5XPNeISHi2GEB9+G10cUy4n7emG2qus1KCGGBbIfqmMvxI\nEZ7RuSjsAOUsDYiBF/Zlud2aIJ93RdsVXgNHYlEt7A0MdMbM6bYTGhpoQlxk+DmP\nGUWcUjGGYOTxp5/rzxNkIwF+NX75ErMAnftB2bCgcckNEkmIDuZmNRfnks9E5zx/\ncGsfP8Tb/bHRDgpFWidt3AvyISBriDiQh/02HX5mh/ySVu0vdczZ/sojWk3O21i2\no+1YlfuL0+O+hpkU35HC/jIPmMHevt9baLPS2OPdfxMISVT97Y4gLztbzDlQDC1v\nS7BT9JqLHKdAD+aqA+xMzY5fPb/NOVfgdQZzuS8JcPKkZrsZ/fApBe0RYIQLLfwc\nJFL/o2SziHvI6TVAxYP9/Cch89hMUJtZB+7yEkGwuZ5KzQV+XaxzgbJWHRPoByN5\nTR77lRBUS5xq1pkbQQ0Zm/WRkfvrJqyhhrly2ZN3XESdEENGfl2T+MxuU3Ljvcdh\nTNpoKzFCxtxX0iK+vjBgBkppOH/5001MpRWzhDaUPy9JioYPwMbvDayxIOdk1YUr\nR2H9CR67cevEVF9qp75Pfet05URA2GfuyJQ9gEvcA7FluAXqFyFza0bUbfjwzXTE\n+/17itVDXT7jWkzyxZWtmsvvBvEXRk9bdhlRLSJqCJ52BhyHwmUEjK153/0CAwEA\nAQKCAgA5+LpdfX19Zhfkt5t1vfPpI8Ma+1skU4vHC3vSdbb+ktX6RR/l/OINsefz\nuDsR4CbZB1CvJC9BizikFgc630mCnBMcwFdmCJ/OFP0bQaoJDNT4ohiCWzyLXvH2\nXuYGaAZ76J2nsPaxntaQnzTYjaUGDe3bKPonAmYKW2Nh4a+cvA/1zUZOgE8NZNHt\nrC4uf+msJbMildijunRkKXzMeGKtE3zz5AervXUvY2BeMgjEjrFSwTR1mXJHez1l\nddwyxNCgQmbqbZYgBSBFelBuQAVvLwY62iHIBy8bvaJBfi7BumOOEll1u4oWBv89\n/SfeWka+iZT/QZKZ/mmDYDxgX7He3uiiO7yKLcEoRQ2oqpfLGaBZd51DT0WRutgv\nTbtvdpvbYI5wp8xUxm1NgT75O7iQ68XXG0KRy48jr/EAQ5ozVv3GC43Gg+1fRbN2\ndiUAzqqrPDmRmjpRDfJYkeuHGugMi7B/yk1GdzMW9d9/V+ydBFXRBy902Wl97Iun\n8TZW6bVuI1NpNgHWZyse0KaJRJ6pyZbnfwogROduY2NlTKDMTxtl9VeYZWIj6j+t\nnI3FA3xluG2ti8EiR83qgjIOjjE1yLMoDN4nTdDqQ3PSjrmHyhmeLeS0JwZrinL3\np+1Uy9g4rTJN665C44Bf3Nz2me8JWMHvrLcu7kX1eX0F1bY2eQKCAQEAycIUuEk/\nMNxMgUTwV8Kjbg3MkKWS9/M22gVcIocE5J9kO75kzv11wKMtx56iL2LV17bwsEGg\nBxHmXpm7PZ8/Rf3He8EEMrzeclvmjeIWcTWnBIEZmG1OTOg/FjJO96bB45yrz1lW\n9nttd7mc5s2hBhbmBM6rzt47yY3yCkDxBFASg4DPpyhsggo86jrtD8FFcGmxsxWw\nnbE3njGV27I9M3t+5IHthmJpQ1HK3pk0eK+YH2uEsfiMnNtgbvZ4z9R9z+mB9mHz\n+fmHdY4IoIy1oYp2YZuegi7TmTNrxBshY9xVHQxmQ5w+5ga4n87RhwQqZ7+b1kEw\nAbencpL+iRZX3wKCAQEA6YnrZBEEVvrSXrhCbOV/+f48MJHj3wsfLG1POU0J6r6s\naGV58ufwemdVGPlxWQxDk/vh3mnZDmLAlf8T3HAjnL13BowItaDfNSPsZCODtozO\nKPrCXDM64AGbwlYBIjhX1TIhDrAIUakIgJLI8RAUQ6PsqD/7fmalyXaeCwkP5fMm\nS77v4TMzA7I/c9g5gm/4ehv0XzyELEkp5wNB5IPZ21pn22cHZdqNcqWBfuByHD1j\n2Bh1bJkRlFHeqKxNrj0Ow17dgRhmgwt46/zsjUbe0RHa3Q21Vw3hdvcJ+YRsr63V\n06XBWAcyerDeSGFRODfJm8s8KJVT14iywM4U8RGzowKCAQA58oNO9sKufud+TVWW\nbzHPXyk89kFC89jyP43Z4Nu36ku4mRONG+EhJfz1E4vTflia71Er3n1e6nY2/4J2\nzXE34g7UbXiONg7R27FZWPFHLLi+o3G9hM9zaVUNQ//IQ132yL3T/P3sJ0EmnOoC\npFa2UAdapB1Weh/D4P/+j+5pZbIbkPiTMxoPM2+ResExwDn4cnL2U6l5cTffOLCo\n/AV17udgLC0TZtqC2lAhJPGcJBrWE2R2VUPVnXCSDjpevtIv0ApiwHl5d4C/c77o\nleFo90LPAApDq71ciBdQqNYrP1I22KPakVrDaHTIeXdWhwzC5ZaVr/1g0OXIE44F\nw6QTAoIBAQDNmBR5OJ3ocNGIf5BCy9vZWl7kp1rDPchI1UZcfJzRYuDm2wb7uAK1\nz4hT/y0xJqHLgoB6zBZBGuDObAuxEavYTdeeFOOJ+kDmSGTQV4+ZwuWvn+pBPvyC\nvgfAkvRWiuGQF5yQkJoSQcvxXMe3qN8eGQ67o/Ake/tRm7JQpr6vQlqhbktBp1Au\n3doMgvtGAIrv/PIqcV0um45fCDgXE5hUCofJ2C7kFP5XQqr45mCuycC/OfEOFMcs\nGtL5DQ8p6Ci6CCbagn+kuBHRNw2M5io8Rgq2dl4BcH/fumW2m0UPd+r5cz/93gAr\nkM9vSvU0l7BODiI83BE+euJa6FH5VAsfAoIBAQCLPp1UOktJL0dUM5Ds8ARdZy5i\ndWcQ+cRlyuHlf9vmCm6R9vzoouPdZXfBl6sEq/mEPGIqtxV0Ajq+olS7/e1hceou\nCVZD4l2n9gHociDlWgi/cCdoh642vS/Q97vHJwVz5I+7glhkAxN+JYgUQaJ8hOdT\nGdnrZ+1nmmoCqbEw6Qj8HuVfhvf0pahG3i2zPn1Z+Af36iI+6gVyQUdw1fHP6MlY\n2mQALFAdke2ncRDwtJgNvln4iCbxS0yDOlQLw++ZLpQbNjZxW3OH3DJ01ZX1cOoU\nSfIbYXhvOWOO4hSPbiVJJv2FaEAc7xatY4FymjtOA2GkI2kOP1qrzWva5eMA\n-----END RSA PRIVATE KEY-----\n",
        "public_key_fingerprint_md5": "b0:ad:5a:0f:14:92:8b:b2:b2:3b:a8:3b:6a:a7:fe:7f",
        "public_key_fingerprint_sha256": "SHA256:vzjQaFhOdsoih4gKm6saS3Y7xLlHyi7soGHz2Db84H4",
        "public_key_openssh": "ssh-rsa AAAAB3NzaC1yc2EAAAADAQABAAACAQC4Dlc814hIeLYYQH34bXRxTLift6Ybaq6zUoIYYFsh+qYy/EgRntG5KOwA5SwNiIEX9mW53Zogn3dF2xVeA0diUS3sDQx0xszpthMaGmhCXGT4OY8ZRZxSMYZg5PGnn+vPE2QjAX41fvkSswCd+0HZsKBxyQ0SSYgO5mY1F+eSz0TnPH9wax8/xNv9sdEOCkVaJ23cC/IhIGuIOJCH/TYdfmaH/JJW7S91zNn+yiNaTc7bWLaj7ViV+4vT476GmRTfkcL+Mg+Ywd6+31tos9LY491/EwhJVP3tjiAvO1vMOVAMLW9LsFP0moscp0AP5qoD7EzNjl89v805V+B1BnO5Lwlw8qRmuxn98CkF7RFghAst/BwkUv+jZLOIe8jpNUDFg/38JyHz2ExQm1kH7vISQbC5nkrNBX5drHOBslYdE+gHI3lNHvuVEFRLnGrWmRtBDRmb9ZGR++smrKGGuXLZk3dcRJ0QQ0Z+XZP4zG5TcuO9x2FM2mgrMULG3FfSIr6+MGAGSmk4f/nTTUylFbOENpQ/L0mKhg/Axu8NrLEg52TVhStHYf0JHrtx68RUX2qnvk9963TlREDYZ+7IlD2AS9wDsWW4BeoXIXNrRtRt+PDNdMT7/XuK1UNdPuNaTPLFla2ay+8G8RdGT1t2GVEtImoInnYGHIfCZQSMrXnf/Q==\n",
        "public_key_pem": "-----BEGIN PUBLIC KEY-----\nMIICIjANBgkqhkiG9w0BAQEFAAOCAg8AMIICCgKCAgEAuA5XPNeISHi2GEB9+G10\ncUy4n7emG2qus1KCGGBbIfqmMvxIEZ7RuSjsAOUsDYiBF/Zlud2aIJ93RdsVXgNH\nYlEt7A0MdMbM6bYTGhpoQlxk+DmPGUWcUjGGYOTxp5/rzxNkIwF+NX75ErMAnftB\n2bCgcckNEkmIDuZmNRfnks9E5zx/cGsfP8Tb/bHRDgpFWidt3AvyISBriDiQh/02\nHX5mh/ySVu0vdczZ/sojWk3O21i2o+1YlfuL0+O+hpkU35HC/jIPmMHevt9baLPS\n2OPdfxMISVT97Y4gLztbzDlQDC1vS7BT9JqLHKdAD+aqA+xMzY5fPb/NOVfgdQZz\nuS8JcPKkZrsZ/fApBe0RYIQLLfwcJFL/o2SziHvI6TVAxYP9/Cch89hMUJtZB+7y\nEkGwuZ5KzQV+XaxzgbJWHRPoByN5TR77lRBUS5xq1pkbQQ0Zm/WRkfvrJqyhhrly\n2ZN3XESdEENGfl2T+MxuU3LjvcdhTNpoKzFCxtxX0iK+vjBgBkppOH/5001MpRWz\nhDaUPy9JioYPwMbvDayxIOdk1YUrR2H9CR67cevEVF9qp75Pfet05URA2GfuyJQ9\ngEvcA7FluAXqFyFza0bUbfjwzXTE+/17itVDXT7jWkzyxZWtmsvvBvEXRk9bdhlR\nLSJqCJ52BhyHwmUEjK153/0CAwEAAQ==\n-----END PUBLIC KEY-----\n",
        "rsa_bits": 4096
      },
      "type": [
        "object",
        {
          "algorithm": "string",
          "ecdsa_curve": "string",
          "id": "string",
          "private_key_openssh": "string",
          "private_key_pem": "string",
          "public_key_fingerprint_md5": "string",
          "public_key_fingerprint_sha256": "string",
          "public_key_openssh": "string",
          "public_key_pem": "string",
          "rsa_bits": "number"
        }
      ],
      "sensitive": true
    }
  },
  "resources": [
    {
      "mode": "managed",
      "type": "aws_ssm_parameter",
      "name": "DB_HOST",
      "provider": "provider[\"registry.terraform.io/hashicorp/aws\"]",
      "instances": [
        {
          "schema_version": 0,
          "attributes": {
            "allowed_pattern": "",
            "arn": "arn:aws:ssm:us-east-1:475388737367:parameter/SQUASH_DB_HOST",
            "data_type": "text",
            "description": "",
            "id": "SQUASH_DB_HOST",
            "key_id": "",
            "name": "SQUASH_DB_HOST",
            "overwrite": null,
            "tags": null,
            "tags_all": {},
            "tier": "Standard",
            "type": "String",
            "value": "app-postgres.c0nv4invnfwt.us-east-1.rds.amazonaws.com",
            "version": 1
          },
          "sensitive_attributes": [],
          "private": "bnVsbA==",
          "dependencies": [
            "module.db.aws_db_instance.db",
            "module.db.aws_db_subnet_group.postgres",
            "module.db.random_password.password",
            "module.network.aws_security_group.db",
            "module.network.aws_subnet.private",
            "module.network.aws_vpc.main"
          ]
        }
      ]
    },
    {
      "mode": "managed",
      "type": "aws_ssm_parameter",
      "name": "DB_PASSWORD",
      "provider": "provider[\"registry.terraform.io/hashicorp/aws\"]",
      "instances": [
        {
          "schema_version": 0,
          "attributes": {
            "allowed_pattern": "",
            "arn": "arn:aws:ssm:us-east-1:475388737367:parameter/SQUASH_DB_PASSWORD",
            "data_type": "text",
            "description": "",
            "id": "SQUASH_DB_PASSWORD",
            "key_id": "",
            "name": "SQUASH_DB_PASSWORD",
            "overwrite": null,
            "tags": null,
            "tags_all": {},
            "tier": "Standard",
            "type": "String",
            "value": "uCq%_eC%MkdyEksB",
            "version": 1
          },
          "sensitive_attributes": [
            [
              {
                "type": "get_attr",
                "value": "value"
              }
            ]
          ],
          "private": "bnVsbA==",
          "dependencies": [
            "module.db.random_password.password"
          ]
        }
      ]
    },
    {
      "mode": "managed",
      "type": "aws_ssm_parameter",
      "name": "DB_USER",
      "provider": "provider[\"registry.terraform.io/hashicorp/aws\"]",
      "instances": [
        {
          "schema_version": 0,
          "attributes": {
            "allowed_pattern": "",
            "arn": "arn:aws:ssm:us-east-1:475388737367:parameter/SQUASH_DB_USER",
            "data_type": "text",
            "description": "",
            "id": "SQUASH_DB_USER",
            "key_id": "",
            "name": "SQUASH_DB_USER",
            "overwrite": null,
            "tags": null,
            "tags_all": {},
            "tier": "Standard",
            "type": "String",
            "value": "postgres",
            "version": 1
          },
          "sensitive_attributes": [],
          "private": "bnVsbA=="
        }
      ]
    },
    {
      "module": "module.bastion",
      "mode": "data",
      "type": "aws_ami",
      "name": "app",
      "provider": "provider[\"registry.terraform.io/hashicorp/aws\"]",
      "instances": [
        {
          "schema_version": 0,
          "attributes": {
            "architecture": "x86_64",
            "arn": "arn:aws:ec2:us-east-1::image/ami-0c4f7023847b90238",
            "block_device_mappings": [
              {
                "device_name": "/dev/sda1",
                "ebs": {
                  "delete_on_termination": "true",
                  "encrypted": "false",
                  "iops": "0",
                  "snapshot_id": "snap-0d588a8348d265fd4",
                  "throughput": "0",
                  "volume_size": "8",
                  "volume_type": "gp2"
                },
                "no_device": "",
                "virtual_name": ""
              },
              {
                "device_name": "/dev/sdb",
                "ebs": {},
                "no_device": "",
                "virtual_name": "ephemeral0"
              },
              {
                "device_name": "/dev/sdc",
                "ebs": {},
                "no_device": "",
                "virtual_name": "ephemeral1"
              }
            ],
            "creation_date": "2022-04-19T21:02:49.000Z",
            "description": "Canonical, Ubuntu, 20.04 LTS, amd64 focal image build on 2022-04-19",
            "ena_support": true,
            "executable_users": null,
            "filter": [
              {
                "name": "name",
                "values": [
                  "ubuntu/images/hvm-ssd/ubuntu-focal-20.04-amd64-server-*"
                ]
              },
              {
                "name": "virtualization-type",
                "values": [
                  "hvm"
                ]
              }
            ],
            "hypervisor": "xen",
            "id": "ami-0c4f7023847b90238",
            "image_id": "ami-0c4f7023847b90238",
            "image_location": "099720109477/ubuntu/images/hvm-ssd/ubuntu-focal-20.04-amd64-server-20220419",
            "image_owner_alias": null,
            "image_type": "machine",
            "kernel_id": null,
            "most_recent": true,
            "name": "ubuntu/images/hvm-ssd/ubuntu-focal-20.04-amd64-server-20220419",
            "name_regex": null,
            "owner_id": "099720109477",
            "owners": [
              "099720109477"
            ],
            "platform": null,
            "platform_details": "Linux/UNIX",
            "product_codes": [],
            "public": true,
            "ramdisk_id": null,
            "root_device_name": "/dev/sda1",
            "root_device_type": "ebs",
            "root_snapshot_id": "snap-0d588a8348d265fd4",
            "sriov_net_support": "simple",
            "state": "available",
            "state_reason": {
              "code": "UNSET",
              "message": "UNSET"
            },
            "tags": {},
            "usage_operation": "RunInstances",
            "virtualization_type": "hvm"
          },
          "sensitive_attributes": []
        }
      ]
    },
    {
      "module": "module.bastion",
      "mode": "managed",
      "type": "aws_instance",
      "name": "app",
      "provider": "provider[\"registry.terraform.io/hashicorp/aws\"]",
      "instances": [
        {
          "schema_version": 1,
          "attributes": {
            "ami": "ami-0c4f7023847b90238",
            "arn": "arn:aws:ec2:us-east-1:475388737367:instance/i-044d26d54801a6e6e",
            "associate_public_ip_address": true,
            "availability_zone": "us-east-1a",
            "capacity_reservation_specification": [
              {
                "capacity_reservation_preference": "open",
                "capacity_reservation_target": []
              }
            ],
            "cpu_core_count": 1,
            "cpu_threads_per_core": 2,
            "credit_specification": [
              {
                "cpu_credits": "unlimited"
              }
            ],
            "disable_api_termination": false,
            "ebs_block_device": [],
            "ebs_optimized": false,
            "enclave_options": [
              {
                "enabled": false
              }
            ],
            "ephemeral_block_device": [],
            "get_password_data": false,
            "hibernation": false,
            "host_id": null,
            "iam_instance_profile": "",
            "id": "i-044d26d54801a6e6e",
            "instance_initiated_shutdown_behavior": "stop",
            "instance_state": "running",
            "instance_type": "t3.micro",
            "ipv6_address_count": 0,
            "ipv6_addresses": [],
            "key_name": "cdc-blockchain-development",
            "launch_template": [],
            "metadata_options": [
              {
                "http_endpoint": "enabled",
                "http_put_response_hop_limit": 1,
                "http_tokens": "optional",
                "instance_metadata_tags": "disabled"
              }
            ],
            "monitoring": false,
            "network_interface": [],
            "outpost_arn": "",
            "password_data": "",
            "placement_group": "",
            "placement_partition_number": null,
            "primary_network_interface_id": "eni-0730763ca28ccd738",
            "private_dns": "ip-10-0-0-57.ec2.internal",
            "private_ip": "10.0.0.57",
            "public_dns": "",
            "public_ip": "3.231.207.44",
            "root_block_device": [
              {
                "delete_on_termination": true,
                "device_name": "/dev/sda1",
                "encrypted": true,
                "iops": 100,
                "kms_key_id": "arn:aws:kms:us-east-1:475388737367:key/5064e0a4-9c7a-4fe7-b6a6-27ed0a45d5d9",
                "tags": null,
                "throughput": 0,
                "volume_id": "vol-04fb54b8ab40f47b8",
                "volume_size": 8,
                "volume_type": "gp2"
              }
            ],
            "secondary_private_ips": [],
            "security_groups": [],
            "source_dest_check": true,
            "subnet_id": "subnet-066b58537596f288d",
            "tags": {
              "Name": "bastion",
              "env": "development"
            },
            "tags_all": {
              "Name": "bastion",
              "env": "development"
            },
            "tenancy": "default",
            "timeouts": null,
            "user_data": null,
            "user_data_base64": null,
            "volume_tags": null,
            "vpc_security_group_ids": [
              "sg-084b2fe24724f6b2b"
            ]
          },
          "sensitive_attributes": [],
          "private": "eyJlMmJmYjczMC1lY2FhLTExZTYtOGY4OC0zNDM2M2JjN2M0YzAiOnsiY3JlYXRlIjo2MDAwMDAwMDAwMDAsImRlbGV0ZSI6MTIwMDAwMDAwMDAwMCwidXBkYXRlIjo2MDAwMDAwMDAwMDB9LCJzY2hlbWFfdmVyc2lvbiI6IjEifQ==",
          "dependencies": [
            "module.bastion.data.aws_ami.app",
            "module.network.aws_security_group.bastion",
            "module.network.aws_subnet.public",
            "module.network.aws_vpc.main",
            "module.ssh_key.aws_key_pair.default",
            "module.ssh_key.tls_private_key.default"
          ]
        }
      ]
    },
    {
      "module": "module.bastion",
      "mode": "managed",
      "type": "aws_security_group",
      "name": "this",
      "provider": "provider[\"registry.terraform.io/hashicorp/aws\"]",
      "instances": [
        {
          "schema_version": 1,
          "attributes": {
            "arn": "arn:aws:ec2:us-east-1:475388737367:security-group/sg-0a632f72339b37646",
            "description": "Security group for bastion",
            "egress": [],
            "id": "sg-0a632f72339b37646",
            "ingress": [],
            "name": "bastion",
            "name_prefix": "",
            "owner_id": "475388737367",
            "revoke_rules_on_delete": false,
            "tags": {
              "env": "development"
            },
            "tags_all": {
              "env": "development"
            },
            "timeouts": null,
            "vpc_id": "vpc-0137c422b74568ccd"
          },
          "sensitive_attributes": [],
          "private": "eyJlMmJmYjczMC1lY2FhLTExZTYtOGY4OC0zNDM2M2JjN2M0YzAiOnsiY3JlYXRlIjo2MDAwMDAwMDAwMDAsImRlbGV0ZSI6OTAwMDAwMDAwMDAwfSwic2NoZW1hX3ZlcnNpb24iOiIxIn0=",
          "dependencies": [
            "module.network.aws_vpc.main"
          ]
        }
      ]
    },
    {
      "module": "module.db",
      "mode": "managed",
      "type": "aws_db_instance",
      "name": "db",
      "provider": "provider[\"registry.terraform.io/hashicorp/aws\"]",
      "instances": [
        {
          "index_key": 0,
          "schema_version": 1,
          "attributes": {
            "address": "app-postgres.c0nv4invnfwt.us-east-1.rds.amazonaws.com",
            "allocated_storage": 10,
            "allow_major_version_upgrade": null,
            "apply_immediately": null,
            "arn": "arn:aws:rds:us-east-1:475388737367:db:app-postgres",
            "auto_minor_version_upgrade": true,
            "availability_zone": "us-east-1c",
            "backup_retention_period": 0,
            "backup_window": "03:10-03:40",
            "ca_cert_identifier": "rds-ca-2019",
            "character_set_name": "",
            "copy_tags_to_snapshot": false,
            "customer_owned_ip_enabled": false,
            "db_subnet_group_name": "rds-subnet-group",
            "delete_automated_backups": true,
            "deletion_protection": false,
            "domain": "",
            "domain_iam_role_name": "",
            "enabled_cloudwatch_logs_exports": null,
            "endpoint": "app-postgres.c0nv4invnfwt.us-east-1.rds.amazonaws.com:5432",
            "engine": "postgres",
            "engine_version": "13.4",
            "engine_version_actual": "13.4",
            "final_snapshot_identifier": null,
            "hosted_zone_id": "Z2R2ITUGPM61AM",
            "iam_database_authentication_enabled": false,
            "id": "app-postgres",
            "identifier": "app-postgres",
            "identifier_prefix": null,
            "instance_class": "db.t3.micro",
            "iops": 0,
            "kms_key_id": "",
            "latest_restorable_time": "0001-01-01T00:00:00Z",
            "license_model": "postgresql-license",
            "maintenance_window": "sat:06:32-sat:07:02",
            "max_allocated_storage": 0,
            "monitoring_interval": 0,
            "monitoring_role_arn": "",
            "multi_az": true,
            "name": "squash_db",
            "nchar_character_set_name": "",
            "option_group_name": "default:postgres-13",
            "parameter_group_name": "default.postgres13",
            "password": "uCq%_eC%MkdyEksB",
            "performance_insights_enabled": false,
            "performance_insights_kms_key_id": "",
            "performance_insights_retention_period": 0,
            "port": 5432,
            "publicly_accessible": false,
            "replica_mode": "",
            "replicas": [],
            "replicate_source_db": "",
            "resource_id": "db-7NQ6J6HA4O6IEQK3WD7JDTWUPE",
            "restore_to_point_in_time": [],
            "s3_import": [],
            "security_group_names": null,
            "skip_final_snapshot": true,
            "snapshot_identifier": null,
            "status": "available",
            "storage_encrypted": false,
            "storage_type": "gp2",
            "tags": {
              "Name": "app-postgres",
              "environment": "development",
              "org": "cdc",
              "project": "blockchain"
            },
            "tags_all": {
              "Name": "app-postgres",
              "environment": "development",
              "org": "cdc",
              "project": "blockchain"
            },
            "timeouts": null,
            "timezone": "",
            "username": "postgres",
            "vpc_security_group_ids": [
              "sg-04d0f4b9c64da5f6d"
            ]
          },
          "sensitive_attributes": [
            [
              {
                "type": "get_attr",
                "value": "password"
              }
            ]
          ],
          "private": "eyJlMmJmYjczMC1lY2FhLTExZTYtOGY4OC0zNDM2M2JjN2M0YzAiOnsiY3JlYXRlIjoyNDAwMDAwMDAwMDAwLCJkZWxldGUiOjM2MDAwMDAwMDAwMDAsInVwZGF0ZSI6NDgwMDAwMDAwMDAwMH0sInNjaGVtYV92ZXJzaW9uIjoiMSJ9",
          "dependencies": [
            "module.db.aws_db_subnet_group.postgres",
            "module.db.random_password.password",
            "module.network.aws_security_group.db",
            "module.network.aws_subnet.private",
            "module.network.aws_vpc.main"
          ]
        }
      ]
    },
    {
      "module": "module.db",
      "mode": "managed",
      "type": "aws_db_subnet_group",
      "name": "postgres",
      "provider": "provider[\"registry.terraform.io/hashicorp/aws\"]",
      "instances": [
        {
          "schema_version": 0,
          "attributes": {
            "arn": "arn:aws:rds:us-east-1:475388737367:subgrp:rds-subnet-group",
            "description": "Managed by Terraform",
            "id": "rds-subnet-group",
            "name": "rds-subnet-group",
            "name_prefix": null,
            "subnet_ids": [
              "subnet-0473512f2e15b8ae7",
              "subnet-09e3a03f5fc4aaf56",
              "subnet-0a4bab2035eaba8cc"
            ],
            "tags": {
              "environment": "development",
              "org": "cdc",
              "project": "blockchain"
            },
            "tags_all": {
              "environment": "development",
              "org": "cdc",
              "project": "blockchain"
            }
          },
          "sensitive_attributes": [],
          "private": "bnVsbA==",
          "dependencies": [
            "module.network.aws_subnet.private",
            "module.network.aws_vpc.main"
          ]
        }
      ]
    },
    {
      "module": "module.db",
      "mode": "managed",
      "type": "random_password",
      "name": "password",
      "provider": "provider[\"registry.terraform.io/hashicorp/random\"]",
      "instances": [
        {
          "schema_version": 0,
          "attributes": {
            "id": "none",
            "keepers": null,
            "length": 16,
            "lower": true,
            "min_lower": 0,
            "min_numeric": 0,
            "min_special": 0,
            "min_upper": 0,
            "number": true,
            "override_special": "_%",
            "result": "uCq%_eC%MkdyEksB",
            "special": true,
            "upper": true
          },
          "sensitive_attributes": [],
          "private": "bnVsbA=="
        }
      ]
    },
    {
      "module": "module.network",
      "mode": "managed",
      "type": "aws_eip",
      "name": "nat",
      "provider": "provider[\"registry.terraform.io/hashicorp/aws\"]",
      "instances": [
        {
          "schema_version": 0,
          "attributes": {
            "address": null,
            "allocation_id": "eipalloc-0c6182c97fd8bedb7",
            "associate_with_private_ip": null,
            "association_id": "",
            "carrier_ip": "",
            "customer_owned_ip": "",
            "customer_owned_ipv4_pool": "",
            "domain": "vpc",
            "id": "eipalloc-0c6182c97fd8bedb7",
            "instance": "",
            "network_border_group": "us-east-1",
            "network_interface": "",
            "private_dns": null,
            "private_ip": "",
            "public_dns": "ec2-54-242-243-110.compute-1.amazonaws.com",
            "public_ip": "54.242.243.110",
            "public_ipv4_pool": "amazon",
            "tags": null,
            "tags_all": {},
            "timeouts": null,
            "vpc": true
          },
          "sensitive_attributes": [],
          "private": "eyJlMmJmYjczMC1lY2FhLTExZTYtOGY4OC0zNDM2M2JjN2M0YzAiOnsiZGVsZXRlIjoxODAwMDAwMDAwMDAsInJlYWQiOjkwMDAwMDAwMDAwMCwidXBkYXRlIjozMDAwMDAwMDAwMDB9fQ=="
        }
      ]
    },
    {
      "module": "module.network",
      "mode": "managed",
      "type": "aws_internet_gateway",
      "name": "gw",
      "provider": "provider[\"registry.terraform.io/hashicorp/aws\"]",
      "instances": [
        {
          "schema_version": 0,
          "attributes": {
            "arn": "arn:aws:ec2:us-east-1:475388737367:internet-gateway/igw-0c8f5818309990a72",
            "id": "igw-0c8f5818309990a72",
            "owner_id": "475388737367",
            "tags": {
              "Name": "InternetGateway",
              "environment": "development",
              "org": "cdc",
              "project": "blockchain"
            },
            "tags_all": {
              "Name": "InternetGateway",
              "environment": "development",
              "org": "cdc",
              "project": "blockchain"
            },
            "vpc_id": "vpc-0137c422b74568ccd"
          },
          "sensitive_attributes": [],
          "private": "bnVsbA==",
          "dependencies": [
            "module.network.aws_vpc.main"
          ]
        }
      ]
    },
    {
      "module": "module.network",
      "mode": "managed",
      "type": "aws_nat_gateway",
      "name": "nat",
      "provider": "provider[\"registry.terraform.io/hashicorp/aws\"]",
      "instances": [
        {
          "schema_version": 0,
          "attributes": {
            "allocation_id": "eipalloc-0c6182c97fd8bedb7",
            "connectivity_type": "public",
            "id": "nat-0ce28058f97c084e3",
            "network_interface_id": "eni-0d19c0a405930bcfe",
            "private_ip": "10.0.0.20",
            "public_ip": "54.242.243.110",
            "subnet_id": "subnet-066b58537596f288d",
            "tags": {
              "Name": "NatGateway",
              "environment": "development",
              "org": "cdc",
              "project": "blockchain"
            },
            "tags_all": {
              "Name": "NatGateway",
              "environment": "development",
              "org": "cdc",
              "project": "blockchain"
            }
          },
          "sensitive_attributes": [],
          "private": "bnVsbA==",
          "dependencies": [
            "module.network.aws_eip.nat",
            "module.network.aws_internet_gateway.gw",
            "module.network.aws_subnet.public",
            "module.network.aws_vpc.main"
          ]
        }
      ]
    },
    {
      "module": "module.network",
      "mode": "managed",
      "type": "aws_route",
      "name": "private",
      "provider": "provider[\"registry.terraform.io/hashicorp/aws\"]",
      "instances": [
        {
          "schema_version": 0,
          "attributes": {
            "carrier_gateway_id": "",
            "destination_cidr_block": "0.0.0.0/0",
            "destination_ipv6_cidr_block": "",
            "destination_prefix_list_id": "",
            "egress_only_gateway_id": "",
            "gateway_id": "",
            "id": "r-rtb-0bf65b57adb93b0d41080289494",
            "instance_id": "",
            "instance_owner_id": "",
            "local_gateway_id": "",
            "nat_gateway_id": "nat-0ce28058f97c084e3",
            "network_interface_id": "",
            "origin": "CreateRoute",
            "route_table_id": "rtb-0bf65b57adb93b0d4",
            "state": "active",
            "timeouts": null,
            "transit_gateway_id": "",
            "vpc_endpoint_id": "",
            "vpc_peering_connection_id": ""
          },
          "sensitive_attributes": [],
          "private": "eyJlMmJmYjczMC1lY2FhLTExZTYtOGY4OC0zNDM2M2JjN2M0YzAiOnsiY3JlYXRlIjozMDAwMDAwMDAwMDAsImRlbGV0ZSI6MzAwMDAwMDAwMDAwLCJ1cGRhdGUiOjEyMDAwMDAwMDAwMH19",
          "dependencies": [
            "module.network.aws_eip.nat",
            "module.network.aws_internet_gateway.gw",
            "module.network.aws_nat_gateway.nat",
            "module.network.aws_route_table.private",
            "module.network.aws_subnet.public",
            "module.network.aws_vpc.main"
          ]
        }
      ]
    },
    {
      "module": "module.network",
      "mode": "managed",
      "type": "aws_route",
      "name": "public",
      "provider": "provider[\"registry.terraform.io/hashicorp/aws\"]",
      "instances": [
        {
          "schema_version": 0,
          "attributes": {
            "carrier_gateway_id": "",
            "destination_cidr_block": "0.0.0.0/0",
            "destination_ipv6_cidr_block": "",
            "destination_prefix_list_id": "",
            "egress_only_gateway_id": "",
            "gateway_id": "igw-0c8f5818309990a72",
            "id": "r-rtb-0dd91899c60a4f4ee1080289494",
            "instance_id": "",
            "instance_owner_id": "",
            "local_gateway_id": "",
            "nat_gateway_id": "",
            "network_interface_id": "",
            "origin": "CreateRoute",
            "route_table_id": "rtb-0dd91899c60a4f4ee",
            "state": "active",
            "timeouts": null,
            "transit_gateway_id": "",
            "vpc_endpoint_id": "",
            "vpc_peering_connection_id": ""
          },
          "sensitive_attributes": [],
          "private": "eyJlMmJmYjczMC1lY2FhLTExZTYtOGY4OC0zNDM2M2JjN2M0YzAiOnsiY3JlYXRlIjozMDAwMDAwMDAwMDAsImRlbGV0ZSI6MzAwMDAwMDAwMDAwLCJ1cGRhdGUiOjEyMDAwMDAwMDAwMH19",
          "dependencies": [
            "module.network.aws_internet_gateway.gw",
            "module.network.aws_route_table.public",
            "module.network.aws_vpc.main"
          ]
        }
      ]
    },
    {
      "module": "module.network",
      "mode": "managed",
      "type": "aws_route_table",
      "name": "private",
      "provider": "provider[\"registry.terraform.io/hashicorp/aws\"]",
      "instances": [
        {
          "schema_version": 0,
          "attributes": {
            "arn": "arn:aws:ec2:us-east-1:475388737367:route-table/rtb-0bf65b57adb93b0d4",
            "id": "rtb-0bf65b57adb93b0d4",
            "owner_id": "475388737367",
            "propagating_vgws": [],
            "route": [],
            "tags": {
              "Name": "private-rtb",
              "environment": "development",
              "org": "cdc",
              "project": "blockchain"
            },
            "tags_all": {
              "Name": "private-rtb",
              "environment": "development",
              "org": "cdc",
              "project": "blockchain"
            },
            "timeouts": null,
            "vpc_id": "vpc-0137c422b74568ccd"
          },
          "sensitive_attributes": [],
          "private": "eyJlMmJmYjczMC1lY2FhLTExZTYtOGY4OC0zNDM2M2JjN2M0YzAiOnsiY3JlYXRlIjozMDAwMDAwMDAwMDAsImRlbGV0ZSI6MzAwMDAwMDAwMDAwLCJ1cGRhdGUiOjEyMDAwMDAwMDAwMH19",
          "dependencies": [
            "module.network.aws_vpc.main"
          ]
        }
      ]
    },
    {
      "module": "module.network",
      "mode": "managed",
      "type": "aws_route_table",
      "name": "public",
      "provider": "provider[\"registry.terraform.io/hashicorp/aws\"]",
      "instances": [
        {
          "schema_version": 0,
          "attributes": {
            "arn": "arn:aws:ec2:us-east-1:475388737367:route-table/rtb-0dd91899c60a4f4ee",
            "id": "rtb-0dd91899c60a4f4ee",
            "owner_id": "475388737367",
            "propagating_vgws": [],
            "route": [],
            "tags": {
              "Name": "public-rtb",
              "environment": "development",
              "org": "cdc",
              "project": "blockchain"
            },
            "tags_all": {
              "Name": "public-rtb",
              "environment": "development",
              "org": "cdc",
              "project": "blockchain"
            },
            "timeouts": null,
            "vpc_id": "vpc-0137c422b74568ccd"
          },
          "sensitive_attributes": [],
          "private": "eyJlMmJmYjczMC1lY2FhLTExZTYtOGY4OC0zNDM2M2JjN2M0YzAiOnsiY3JlYXRlIjozMDAwMDAwMDAwMDAsImRlbGV0ZSI6MzAwMDAwMDAwMDAwLCJ1cGRhdGUiOjEyMDAwMDAwMDAwMH19",
          "dependencies": [
            "module.network.aws_vpc.main"
          ]
        }
      ]
    },
    {
      "module": "module.network",
      "mode": "managed",
      "type": "aws_route_table_association",
      "name": "private",
      "provider": "provider[\"registry.terraform.io/hashicorp/aws\"]",
      "instances": [
        {
          "index_key": 0,
          "schema_version": 0,
          "attributes": {
            "gateway_id": "",
            "id": "rtbassoc-00ff49cec589e9b9b",
            "route_table_id": "rtb-0bf65b57adb93b0d4",
            "subnet_id": "subnet-09e3a03f5fc4aaf56"
          },
          "sensitive_attributes": [],
          "private": "bnVsbA==",
          "dependencies": [
            "module.network.aws_route_table.private",
            "module.network.aws_subnet.private",
            "module.network.aws_vpc.main"
          ]
        },
        {
          "index_key": 1,
          "schema_version": 0,
          "attributes": {
            "gateway_id": "",
            "id": "rtbassoc-0ca93ca3456e81e6b",
            "route_table_id": "rtb-0bf65b57adb93b0d4",
            "subnet_id": "subnet-0473512f2e15b8ae7"
          },
          "sensitive_attributes": [],
          "private": "bnVsbA==",
          "dependencies": [
            "module.network.aws_route_table.private",
            "module.network.aws_subnet.private",
            "module.network.aws_vpc.main"
          ]
        },
        {
          "index_key": 2,
          "schema_version": 0,
          "attributes": {
            "gateway_id": "",
            "id": "rtbassoc-0c94dc89f29c78c75",
            "route_table_id": "rtb-0bf65b57adb93b0d4",
            "subnet_id": "subnet-0a4bab2035eaba8cc"
          },
          "sensitive_attributes": [],
          "private": "bnVsbA==",
          "dependencies": [
            "module.network.aws_route_table.private",
            "module.network.aws_subnet.private",
            "module.network.aws_vpc.main"
          ]
        }
      ]
    },
    {
      "module": "module.network",
      "mode": "managed",
      "type": "aws_route_table_association",
      "name": "public",
      "provider": "provider[\"registry.terraform.io/hashicorp/aws\"]",
      "instances": [
        {
          "index_key": 0,
          "schema_version": 0,
          "attributes": {
            "gateway_id": "",
            "id": "rtbassoc-0fc7beea9b9d348ea",
            "route_table_id": "rtb-0dd91899c60a4f4ee",
            "subnet_id": "subnet-066b58537596f288d"
          },
          "sensitive_attributes": [],
          "private": "bnVsbA==",
          "dependencies": [
            "module.network.aws_route_table.public",
            "module.network.aws_subnet.public",
            "module.network.aws_vpc.main"
          ]
        },
        {
          "index_key": 1,
          "schema_version": 0,
          "attributes": {
            "gateway_id": "",
            "id": "rtbassoc-06c3159ce15db1a8a",
            "route_table_id": "rtb-0dd91899c60a4f4ee",
            "subnet_id": "subnet-0cb8ec983aa850056"
          },
          "sensitive_attributes": [],
          "private": "bnVsbA==",
          "dependencies": [
            "module.network.aws_route_table.public",
            "module.network.aws_subnet.public",
            "module.network.aws_vpc.main"
          ]
        },
        {
          "index_key": 2,
          "schema_version": 0,
          "attributes": {
            "gateway_id": "",
            "id": "rtbassoc-0b0fed6e4e4a1665e",
            "route_table_id": "rtb-0dd91899c60a4f4ee",
            "subnet_id": "subnet-085b95c5c443d54f0"
          },
          "sensitive_attributes": [],
          "private": "bnVsbA==",
          "dependencies": [
            "module.network.aws_route_table.public",
            "module.network.aws_subnet.public",
            "module.network.aws_vpc.main"
          ]
        }
      ]
    },
    {
      "module": "module.network",
      "mode": "managed",
      "type": "aws_security_group",
      "name": "app",
      "provider": "provider[\"registry.terraform.io/hashicorp/aws\"]",
      "instances": [
        {
          "schema_version": 1,
          "attributes": {
            "arn": "arn:aws:ec2:us-east-1:475388737367:security-group/sg-01bdb8dd2c91fdff8",
            "description": "Security Group for web applications",
            "egress": [
              {
                "cidr_blocks": [
                  "0.0.0.0/0"
                ],
                "description": "Outbound traffic for app",
                "from_port": 0,
                "ipv6_cidr_blocks": [
                  "::/0"
                ],
                "prefix_list_ids": [],
                "protocol": "-1",
                "security_groups": [],
                "self": false,
                "to_port": 0
              }
            ],
            "id": "sg-01bdb8dd2c91fdff8",
            "ingress": [],
            "name": "app-sg",
            "name_prefix": "",
            "owner_id": "475388737367",
            "revoke_rules_on_delete": false,
            "tags": {
              "Name": "app-sg",
              "environment": "development",
              "org": "cdc",
              "project": "blockchain"
            },
            "tags_all": {
              "Name": "app-sg",
              "environment": "development",
              "org": "cdc",
              "project": "blockchain"
            },
            "timeouts": null,
            "vpc_id": "vpc-0137c422b74568ccd"
          },
          "sensitive_attributes": [],
          "private": "eyJlMmJmYjczMC1lY2FhLTExZTYtOGY4OC0zNDM2M2JjN2M0YzAiOnsiY3JlYXRlIjo2MDAwMDAwMDAwMDAsImRlbGV0ZSI6OTAwMDAwMDAwMDAwfSwic2NoZW1hX3ZlcnNpb24iOiIxIn0=",
          "dependencies": [
            "module.network.aws_vpc.main"
          ]
        }
      ]
    },
    {
      "module": "module.network",
      "mode": "managed",
      "type": "aws_security_group",
      "name": "app-alb",
      "provider": "provider[\"registry.terraform.io/hashicorp/aws\"]",
      "instances": [
        {
          "schema_version": 1,
          "attributes": {
            "arn": "arn:aws:ec2:us-east-1:475388737367:security-group/sg-0da6202dbcb9a2da1",
            "description": "Security Group for application load balancers",
            "egress": [],
            "id": "sg-0da6202dbcb9a2da1",
            "ingress": [],
            "name": "alb-sg",
            "name_prefix": "",
            "owner_id": "475388737367",
            "revoke_rules_on_delete": false,
            "tags": {
              "Name": "alb-sg",
              "environment": "development",
              "org": "cdc",
              "project": "blockchain"
            },
            "tags_all": {
              "Name": "alb-sg",
              "environment": "development",
              "org": "cdc",
              "project": "blockchain"
            },
            "timeouts": null,
            "vpc_id": "vpc-0137c422b74568ccd"
          },
          "sensitive_attributes": [],
          "private": "eyJlMmJmYjczMC1lY2FhLTExZTYtOGY4OC0zNDM2M2JjN2M0YzAiOnsiY3JlYXRlIjo2MDAwMDAwMDAwMDAsImRlbGV0ZSI6OTAwMDAwMDAwMDAwfSwic2NoZW1hX3ZlcnNpb24iOiIxIn0=",
          "dependencies": [
            "module.network.aws_vpc.main"
          ]
        }
      ]
    },
    {
      "module": "module.network",
      "mode": "managed",
      "type": "aws_security_group",
      "name": "bastion",
      "provider": "provider[\"registry.terraform.io/hashicorp/aws\"]",
      "instances": [
        {
          "schema_version": 1,
          "attributes": {
            "arn": "arn:aws:ec2:us-east-1:475388737367:security-group/sg-084b2fe24724f6b2b",
            "description": "Security Group for bastion host",
            "egress": [
              {
                "cidr_blocks": [
                  "0.0.0.0/0"
                ],
                "description": "Outbound traffic for ingress",
                "from_port": 0,
                "ipv6_cidr_blocks": [
                  "::/0"
                ],
                "prefix_list_ids": [],
                "protocol": "-1",
                "security_groups": [],
                "self": false,
                "to_port": 0
              }
            ],
            "id": "sg-084b2fe24724f6b2b",
            "ingress": [
              {
                "cidr_blocks": [
                  "0.0.0.0/0"
                ],
                "description": "Open SSH",
                "from_port": 22,
                "ipv6_cidr_blocks": [
                  "::/0"
                ],
                "prefix_list_ids": [],
                "protocol": "tcp",
                "security_groups": [],
                "self": false,
                "to_port": 22
              }
            ],
            "name": "bastion-sg",
            "name_prefix": "",
            "owner_id": "475388737367",
            "revoke_rules_on_delete": false,
            "tags": {
              "Name": "app-sg",
              "environment": "development",
              "org": "cdc",
              "project": "blockchain"
            },
            "tags_all": {
              "Name": "app-sg",
              "environment": "development",
              "org": "cdc",
              "project": "blockchain"
            },
            "timeouts": null,
            "vpc_id": "vpc-0137c422b74568ccd"
          },
          "sensitive_attributes": [],
          "private": "eyJlMmJmYjczMC1lY2FhLTExZTYtOGY4OC0zNDM2M2JjN2M0YzAiOnsiY3JlYXRlIjo2MDAwMDAwMDAwMDAsImRlbGV0ZSI6OTAwMDAwMDAwMDAwfSwic2NoZW1hX3ZlcnNpb24iOiIxIn0=",
          "dependencies": [
            "module.network.aws_vpc.main"
          ]
        }
      ]
    },
    {
      "module": "module.network",
      "mode": "managed",
      "type": "aws_security_group",
      "name": "db",
      "provider": "provider[\"registry.terraform.io/hashicorp/aws\"]",
      "instances": [
        {
          "schema_version": 1,
          "attributes": {
            "arn": "arn:aws:ec2:us-east-1:475388737367:security-group/sg-04d0f4b9c64da5f6d",
            "description": "Security group for Postgres running on RDS",
            "egress": [],
            "id": "sg-04d0f4b9c64da5f6d",
            "ingress": [],
            "name": "postgres-sg",
            "name_prefix": "",
            "owner_id": "475388737367",
            "revoke_rules_on_delete": false,
            "tags": {
              "Name": "db-sg",
              "environment": "development",
              "org": "cdc",
              "project": "blockchain"
            },
            "tags_all": {
              "Name": "db-sg",
              "environment": "development",
              "org": "cdc",
              "project": "blockchain"
            },
            "timeouts": null,
            "vpc_id": "vpc-0137c422b74568ccd"
          },
          "sensitive_attributes": [],
          "private": "eyJlMmJmYjczMC1lY2FhLTExZTYtOGY4OC0zNDM2M2JjN2M0YzAiOnsiY3JlYXRlIjo2MDAwMDAwMDAwMDAsImRlbGV0ZSI6OTAwMDAwMDAwMDAwfSwic2NoZW1hX3ZlcnNpb24iOiIxIn0=",
          "dependencies": [
            "module.network.aws_vpc.main"
          ]
        }
      ]
    },
    {
      "module": "module.network",
      "mode": "managed",
      "type": "aws_security_group_rule",
      "name": "alb-egr",
      "provider": "provider[\"registry.terraform.io/hashicorp/aws\"]",
      "instances": [
        {
          "schema_version": 2,
          "attributes": {
            "cidr_blocks": null,
            "description": null,
            "from_port": 80,
            "id": "sgrule-579126185",
            "ipv6_cidr_blocks": null,
            "prefix_list_ids": null,
            "protocol": "tcp",
            "security_group_id": "sg-0da6202dbcb9a2da1",
            "self": false,
            "source_security_group_id": "sg-01bdb8dd2c91fdff8",
            "to_port": 80,
            "type": "egress"
          },
          "sensitive_attributes": [],
          "private": "eyJzY2hlbWFfdmVyc2lvbiI6IjIifQ==",
          "dependencies": [
            "module.network.aws_security_group.app",
            "module.network.aws_security_group.app-alb",
            "module.network.aws_vpc.main"
          ]
        }
      ]
    },
    {
      "module": "module.network",
      "mode": "managed",
      "type": "aws_security_group_rule",
      "name": "alb-ing",
      "provider": "provider[\"registry.terraform.io/hashicorp/aws\"]",
      "instances": [
        {
          "schema_version": 2,
          "attributes": {
            "cidr_blocks": [
              "0.0.0.0/0"
            ],
            "description": null,
            "from_port": 80,
            "id": "sgrule-3585462486",
            "ipv6_cidr_blocks": null,
            "prefix_list_ids": null,
            "protocol": "tcp",
            "security_group_id": "sg-0da6202dbcb9a2da1",
            "self": false,
            "source_security_group_id": null,
            "to_port": 80,
            "type": "ingress"
          },
          "sensitive_attributes": [],
          "private": "eyJzY2hlbWFfdmVyc2lvbiI6IjIifQ==",
          "dependencies": [
            "module.network.aws_security_group.app-alb",
            "module.network.aws_vpc.main"
          ]
        }
      ]
    },
    {
      "module": "module.network",
      "mode": "managed",
      "type": "aws_security_group_rule",
      "name": "alb-to-app-ing",
      "provider": "provider[\"registry.terraform.io/hashicorp/aws\"]",
      "instances": [
        {
          "schema_version": 2,
          "attributes": {
            "cidr_blocks": null,
            "description": null,
            "from_port": 80,
            "id": "sgrule-1556915921",
            "ipv6_cidr_blocks": null,
            "prefix_list_ids": null,
            "protocol": "tcp",
            "security_group_id": "sg-01bdb8dd2c91fdff8",
            "self": false,
            "source_security_group_id": "sg-0da6202dbcb9a2da1",
            "to_port": 80,
            "type": "ingress"
          },
          "sensitive_attributes": [],
          "private": "eyJzY2hlbWFfdmVyc2lvbiI6IjIifQ==",
          "dependencies": [
            "module.network.aws_security_group.app",
            "module.network.aws_security_group.app-alb",
            "module.network.aws_vpc.main"
          ]
        }
      ]
    },
    {
      "module": "module.network",
      "mode": "managed",
      "type": "aws_security_group_rule",
      "name": "app-to-db-ing",
      "provider": "provider[\"registry.terraform.io/hashicorp/aws\"]",
      "instances": [
        {
          "schema_version": 2,
          "attributes": {
            "cidr_blocks": null,
            "description": null,
            "from_port": 5432,
            "id": "sgrule-1158125115",
            "ipv6_cidr_blocks": null,
            "prefix_list_ids": null,
            "protocol": "tcp",
            "security_group_id": "sg-04d0f4b9c64da5f6d",
            "self": false,
            "source_security_group_id": "sg-01bdb8dd2c91fdff8",
            "to_port": 5432,
            "type": "ingress"
          },
          "sensitive_attributes": [],
          "private": "eyJzY2hlbWFfdmVyc2lvbiI6IjIifQ==",
          "dependencies": [
            "module.network.aws_security_group.app",
            "module.network.aws_security_group.db",
            "module.network.aws_vpc.main"
          ]
        }
      ]
    },
    {
      "module": "module.network",
      "mode": "managed",
      "type": "aws_security_group_rule",
      "name": "bastion-to-app",
      "provider": "provider[\"registry.terraform.io/hashicorp/aws\"]",
      "instances": [
        {
          "schema_version": 2,
          "attributes": {
            "cidr_blocks": null,
            "description": null,
            "from_port": 22,
            "id": "sgrule-873819084",
            "ipv6_cidr_blocks": null,
            "prefix_list_ids": null,
            "protocol": "tcp",
            "security_group_id": "sg-01bdb8dd2c91fdff8",
            "self": false,
            "source_security_group_id": "sg-084b2fe24724f6b2b",
            "to_port": 22,
            "type": "ingress"
          },
          "sensitive_attributes": [],
          "private": "eyJzY2hlbWFfdmVyc2lvbiI6IjIifQ==",
          "dependencies": [
            "module.network.aws_security_group.app",
            "module.network.aws_security_group.bastion",
            "module.network.aws_vpc.main"
          ]
        }
      ]
    },
    {
      "module": "module.network",
      "mode": "managed",
      "type": "aws_security_group_rule",
      "name": "db-egr",
      "provider": "provider[\"registry.terraform.io/hashicorp/aws\"]",
      "instances": [
        {
          "schema_version": 2,
          "attributes": {
            "cidr_blocks": null,
            "description": null,
            "from_port": 5432,
            "id": "sgrule-4288996301",
            "ipv6_cidr_blocks": null,
            "prefix_list_ids": null,
            "protocol": "tcp",
            "security_group_id": "sg-04d0f4b9c64da5f6d",
            "self": false,
            "source_security_group_id": "sg-01bdb8dd2c91fdff8",
            "to_port": 5432,
            "type": "egress"
          },
          "sensitive_attributes": [],
          "private": "eyJzY2hlbWFfdmVyc2lvbiI6IjIifQ==",
          "dependencies": [
            "module.network.aws_security_group.app",
            "module.network.aws_security_group.db",
            "module.network.aws_vpc.main"
          ]
        }
      ]
    },
    {
      "module": "module.network",
      "mode": "managed",
      "type": "aws_security_group_rule",
      "name": "db-to-app-ing",
      "provider": "provider[\"registry.terraform.io/hashicorp/aws\"]",
      "instances": [
        {
          "schema_version": 2,
          "attributes": {
            "cidr_blocks": null,
            "description": null,
            "from_port": 5432,
            "id": "sgrule-3944590134",
            "ipv6_cidr_blocks": null,
            "prefix_list_ids": null,
            "protocol": "tcp",
            "security_group_id": "sg-01bdb8dd2c91fdff8",
            "self": false,
            "source_security_group_id": "sg-04d0f4b9c64da5f6d",
            "to_port": 5432,
            "type": "ingress"
          },
          "sensitive_attributes": [],
          "private": "eyJzY2hlbWFfdmVyc2lvbiI6IjIifQ==",
          "dependencies": [
            "module.network.aws_security_group.app",
            "module.network.aws_security_group.db",
            "module.network.aws_vpc.main"
          ]
        }
      ]
    },
    {
      "module": "module.network",
      "mode": "managed",
      "type": "aws_subnet",
      "name": "internal",
      "provider": "provider[\"registry.terraform.io/hashicorp/aws\"]",
      "instances": [
        {
          "index_key": 0,
          "schema_version": 1,
          "attributes": {
            "arn": "arn:aws:ec2:us-east-1:475388737367:subnet/subnet-0019366c8ab7091d2",
            "assign_ipv6_address_on_creation": false,
            "availability_zone": "us-east-1a",
            "availability_zone_id": "use1-az1",
            "cidr_block": "10.0.32.0/26",
            "customer_owned_ipv4_pool": "",
            "enable_dns64": false,
            "enable_resource_name_dns_a_record_on_launch": false,
            "enable_resource_name_dns_aaaa_record_on_launch": false,
            "id": "subnet-0019366c8ab7091d2",
            "ipv6_cidr_block": "",
            "ipv6_cidr_block_association_id": "",
            "ipv6_native": false,
            "map_customer_owned_ip_on_launch": false,
            "map_public_ip_on_launch": false,
            "outpost_arn": "",
            "owner_id": "475388737367",
            "private_dns_hostname_type_on_launch": "ip-name",
            "tags": {
              "Name": "internal-subnet-0",
              "environment": "development",
              "org": "cdc",
              "project": "blockchain",
              "type": "internal"
            },
            "tags_all": {
              "Name": "internal-subnet-0",
              "environment": "development",
              "org": "cdc",
              "project": "blockchain",
              "type": "internal"
            },
            "timeouts": null,
            "vpc_id": "vpc-0137c422b74568ccd"
          },
          "sensitive_attributes": [],
          "private": "eyJlMmJmYjczMC1lY2FhLTExZTYtOGY4OC0zNDM2M2JjN2M0YzAiOnsiY3JlYXRlIjo2MDAwMDAwMDAwMDAsImRlbGV0ZSI6MTIwMDAwMDAwMDAwMH0sInNjaGVtYV92ZXJzaW9uIjoiMSJ9",
          "dependencies": [
            "module.network.aws_vpc.main"
          ]
        },
        {
          "index_key": 1,
          "schema_version": 1,
          "attributes": {
            "arn": "arn:aws:ec2:us-east-1:475388737367:subnet/subnet-00482796e2cc990ce",
            "assign_ipv6_address_on_creation": false,
            "availability_zone": "us-east-1b",
            "availability_zone_id": "use1-az2",
            "cidr_block": "10.0.32.64/26",
            "customer_owned_ipv4_pool": "",
            "enable_dns64": false,
            "enable_resource_name_dns_a_record_on_launch": false,
            "enable_resource_name_dns_aaaa_record_on_launch": false,
            "id": "subnet-00482796e2cc990ce",
            "ipv6_cidr_block": "",
            "ipv6_cidr_block_association_id": "",
            "ipv6_native": false,
            "map_customer_owned_ip_on_launch": false,
            "map_public_ip_on_launch": false,
            "outpost_arn": "",
            "owner_id": "475388737367",
            "private_dns_hostname_type_on_launch": "ip-name",
            "tags": {
              "Name": "internal-subnet-1",
              "environment": "development",
              "org": "cdc",
              "project": "blockchain",
              "type": "internal"
            },
            "tags_all": {
              "Name": "internal-subnet-1",
              "environment": "development",
              "org": "cdc",
              "project": "blockchain",
              "type": "internal"
            },
            "timeouts": null,
            "vpc_id": "vpc-0137c422b74568ccd"
          },
          "sensitive_attributes": [],
          "private": "eyJlMmJmYjczMC1lY2FhLTExZTYtOGY4OC0zNDM2M2JjN2M0YzAiOnsiY3JlYXRlIjo2MDAwMDAwMDAwMDAsImRlbGV0ZSI6MTIwMDAwMDAwMDAwMH0sInNjaGVtYV92ZXJzaW9uIjoiMSJ9",
          "dependencies": [
            "module.network.aws_vpc.main"
          ]
        },
        {
          "index_key": 2,
          "schema_version": 1,
          "attributes": {
            "arn": "arn:aws:ec2:us-east-1:475388737367:subnet/subnet-0b8f4421613eaeea6",
            "assign_ipv6_address_on_creation": false,
            "availability_zone": "us-east-1c",
            "availability_zone_id": "use1-az4",
            "cidr_block": "10.0.32.128/26",
            "customer_owned_ipv4_pool": "",
            "enable_dns64": false,
            "enable_resource_name_dns_a_record_on_launch": false,
            "enable_resource_name_dns_aaaa_record_on_launch": false,
            "id": "subnet-0b8f4421613eaeea6",
            "ipv6_cidr_block": "",
            "ipv6_cidr_block_association_id": "",
            "ipv6_native": false,
            "map_customer_owned_ip_on_launch": false,
            "map_public_ip_on_launch": false,
            "outpost_arn": "",
            "owner_id": "475388737367",
            "private_dns_hostname_type_on_launch": "ip-name",
            "tags": {
              "Name": "internal-subnet-2",
              "environment": "development",
              "org": "cdc",
              "project": "blockchain",
              "type": "internal"
            },
            "tags_all": {
              "Name": "internal-subnet-2",
              "environment": "development",
              "org": "cdc",
              "project": "blockchain",
              "type": "internal"
            },
            "timeouts": null,
            "vpc_id": "vpc-0137c422b74568ccd"
          },
          "sensitive_attributes": [],
          "private": "eyJlMmJmYjczMC1lY2FhLTExZTYtOGY4OC0zNDM2M2JjN2M0YzAiOnsiY3JlYXRlIjo2MDAwMDAwMDAwMDAsImRlbGV0ZSI6MTIwMDAwMDAwMDAwMH0sInNjaGVtYV92ZXJzaW9uIjoiMSJ9",
          "dependencies": [
            "module.network.aws_vpc.main"
          ]
        }
      ]
    },
    {
      "module": "module.network",
      "mode": "managed",
      "type": "aws_subnet",
      "name": "private",
      "provider": "provider[\"registry.terraform.io/hashicorp/aws\"]",
      "instances": [
        {
          "index_key": 0,
          "schema_version": 1,
          "attributes": {
            "arn": "arn:aws:ec2:us-east-1:475388737367:subnet/subnet-09e3a03f5fc4aaf56",
            "assign_ipv6_address_on_creation": false,
            "availability_zone": "us-east-1a",
            "availability_zone_id": "use1-az1",
            "cidr_block": "10.0.16.0/26",
            "customer_owned_ipv4_pool": "",
            "enable_dns64": false,
            "enable_resource_name_dns_a_record_on_launch": false,
            "enable_resource_name_dns_aaaa_record_on_launch": false,
            "id": "subnet-09e3a03f5fc4aaf56",
            "ipv6_cidr_block": "",
            "ipv6_cidr_block_association_id": "",
            "ipv6_native": false,
            "map_customer_owned_ip_on_launch": false,
            "map_public_ip_on_launch": false,
            "outpost_arn": "",
            "owner_id": "475388737367",
            "private_dns_hostname_type_on_launch": "ip-name",
            "tags": {
              "Name": "private-subnet-0",
              "environment": "development",
              "org": "cdc",
              "project": "blockchain",
              "type": "private"
            },
            "tags_all": {
              "Name": "private-subnet-0",
              "environment": "development",
              "org": "cdc",
              "project": "blockchain",
              "type": "private"
            },
            "timeouts": null,
            "vpc_id": "vpc-0137c422b74568ccd"
          },
          "sensitive_attributes": [],
          "private": "eyJlMmJmYjczMC1lY2FhLTExZTYtOGY4OC0zNDM2M2JjN2M0YzAiOnsiY3JlYXRlIjo2MDAwMDAwMDAwMDAsImRlbGV0ZSI6MTIwMDAwMDAwMDAwMH0sInNjaGVtYV92ZXJzaW9uIjoiMSJ9",
          "dependencies": [
            "module.network.aws_vpc.main"
          ]
        },
        {
          "index_key": 1,
          "schema_version": 1,
          "attributes": {
            "arn": "arn:aws:ec2:us-east-1:475388737367:subnet/subnet-0473512f2e15b8ae7",
            "assign_ipv6_address_on_creation": false,
            "availability_zone": "us-east-1b",
            "availability_zone_id": "use1-az2",
            "cidr_block": "10.0.16.64/26",
            "customer_owned_ipv4_pool": "",
            "enable_dns64": false,
            "enable_resource_name_dns_a_record_on_launch": false,
            "enable_resource_name_dns_aaaa_record_on_launch": false,
            "id": "subnet-0473512f2e15b8ae7",
            "ipv6_cidr_block": "",
            "ipv6_cidr_block_association_id": "",
            "ipv6_native": false,
            "map_customer_owned_ip_on_launch": false,
            "map_public_ip_on_launch": false,
            "outpost_arn": "",
            "owner_id": "475388737367",
            "private_dns_hostname_type_on_launch": "ip-name",
            "tags": {
              "Name": "private-subnet-1",
              "environment": "development",
              "org": "cdc",
              "project": "blockchain",
              "type": "private"
            },
            "tags_all": {
              "Name": "private-subnet-1",
              "environment": "development",
              "org": "cdc",
              "project": "blockchain",
              "type": "private"
            },
            "timeouts": null,
            "vpc_id": "vpc-0137c422b74568ccd"
          },
          "sensitive_attributes": [],
          "private": "eyJlMmJmYjczMC1lY2FhLTExZTYtOGY4OC0zNDM2M2JjN2M0YzAiOnsiY3JlYXRlIjo2MDAwMDAwMDAwMDAsImRlbGV0ZSI6MTIwMDAwMDAwMDAwMH0sInNjaGVtYV92ZXJzaW9uIjoiMSJ9",
          "dependencies": [
            "module.network.aws_vpc.main"
          ]
        },
        {
          "index_key": 2,
          "schema_version": 1,
          "attributes": {
            "arn": "arn:aws:ec2:us-east-1:475388737367:subnet/subnet-0a4bab2035eaba8cc",
            "assign_ipv6_address_on_creation": false,
            "availability_zone": "us-east-1c",
            "availability_zone_id": "use1-az4",
            "cidr_block": "10.0.16.128/26",
            "customer_owned_ipv4_pool": "",
            "enable_dns64": false,
            "enable_resource_name_dns_a_record_on_launch": false,
            "enable_resource_name_dns_aaaa_record_on_launch": false,
            "id": "subnet-0a4bab2035eaba8cc",
            "ipv6_cidr_block": "",
            "ipv6_cidr_block_association_id": "",
            "ipv6_native": false,
            "map_customer_owned_ip_on_launch": false,
            "map_public_ip_on_launch": false,
            "outpost_arn": "",
            "owner_id": "475388737367",
            "private_dns_hostname_type_on_launch": "ip-name",
            "tags": {
              "Name": "private-subnet-2",
              "environment": "development",
              "org": "cdc",
              "project": "blockchain",
              "type": "private"
            },
            "tags_all": {
              "Name": "private-subnet-2",
              "environment": "development",
              "org": "cdc",
              "project": "blockchain",
              "type": "private"
            },
            "timeouts": null,
            "vpc_id": "vpc-0137c422b74568ccd"
          },
          "sensitive_attributes": [],
          "private": "eyJlMmJmYjczMC1lY2FhLTExZTYtOGY4OC0zNDM2M2JjN2M0YzAiOnsiY3JlYXRlIjo2MDAwMDAwMDAwMDAsImRlbGV0ZSI6MTIwMDAwMDAwMDAwMH0sInNjaGVtYV92ZXJzaW9uIjoiMSJ9",
          "dependencies": [
            "module.network.aws_vpc.main"
          ]
        }
      ]
    },
    {
      "module": "module.network",
      "mode": "managed",
      "type": "aws_subnet",
      "name": "public",
      "provider": "provider[\"registry.terraform.io/hashicorp/aws\"]",
      "instances": [
        {
          "index_key": 0,
          "schema_version": 1,
          "attributes": {
            "arn": "arn:aws:ec2:us-east-1:475388737367:subnet/subnet-066b58537596f288d",
            "assign_ipv6_address_on_creation": false,
            "availability_zone": "us-east-1a",
            "availability_zone_id": "use1-az1",
            "cidr_block": "10.0.0.0/26",
            "customer_owned_ipv4_pool": "",
            "enable_dns64": false,
            "enable_resource_name_dns_a_record_on_launch": false,
            "enable_resource_name_dns_aaaa_record_on_launch": false,
            "id": "subnet-066b58537596f288d",
            "ipv6_cidr_block": "",
            "ipv6_cidr_block_association_id": "",
            "ipv6_native": false,
            "map_customer_owned_ip_on_launch": false,
            "map_public_ip_on_launch": false,
            "outpost_arn": "",
            "owner_id": "475388737367",
            "private_dns_hostname_type_on_launch": "ip-name",
            "tags": {
              "Name": "public-subnet-0",
              "environment": "development",
              "org": "cdc",
              "project": "blockchain",
              "type": "public"
            },
            "tags_all": {
              "Name": "public-subnet-0",
              "environment": "development",
              "org": "cdc",
              "project": "blockchain",
              "type": "public"
            },
            "timeouts": null,
            "vpc_id": "vpc-0137c422b74568ccd"
          },
          "sensitive_attributes": [],
          "private": "eyJlMmJmYjczMC1lY2FhLTExZTYtOGY4OC0zNDM2M2JjN2M0YzAiOnsiY3JlYXRlIjo2MDAwMDAwMDAwMDAsImRlbGV0ZSI6MTIwMDAwMDAwMDAwMH0sInNjaGVtYV92ZXJzaW9uIjoiMSJ9",
          "dependencies": [
            "module.network.aws_vpc.main"
          ]
        },
        {
          "index_key": 1,
          "schema_version": 1,
          "attributes": {
            "arn": "arn:aws:ec2:us-east-1:475388737367:subnet/subnet-0cb8ec983aa850056",
            "assign_ipv6_address_on_creation": false,
            "availability_zone": "us-east-1b",
            "availability_zone_id": "use1-az2",
            "cidr_block": "10.0.0.64/26",
            "customer_owned_ipv4_pool": "",
            "enable_dns64": false,
            "enable_resource_name_dns_a_record_on_launch": false,
            "enable_resource_name_dns_aaaa_record_on_launch": false,
            "id": "subnet-0cb8ec983aa850056",
            "ipv6_cidr_block": "",
            "ipv6_cidr_block_association_id": "",
            "ipv6_native": false,
            "map_customer_owned_ip_on_launch": false,
            "map_public_ip_on_launch": false,
            "outpost_arn": "",
            "owner_id": "475388737367",
            "private_dns_hostname_type_on_launch": "ip-name",
            "tags": {
              "Name": "public-subnet-1",
              "environment": "development",
              "org": "cdc",
              "project": "blockchain",
              "type": "public"
            },
            "tags_all": {
              "Name": "public-subnet-1",
              "environment": "development",
              "org": "cdc",
              "project": "blockchain",
              "type": "public"
            },
            "timeouts": null,
            "vpc_id": "vpc-0137c422b74568ccd"
          },
          "sensitive_attributes": [],
          "private": "eyJlMmJmYjczMC1lY2FhLTExZTYtOGY4OC0zNDM2M2JjN2M0YzAiOnsiY3JlYXRlIjo2MDAwMDAwMDAwMDAsImRlbGV0ZSI6MTIwMDAwMDAwMDAwMH0sInNjaGVtYV92ZXJzaW9uIjoiMSJ9",
          "dependencies": [
            "module.network.aws_vpc.main"
          ]
        },
        {
          "index_key": 2,
          "schema_version": 1,
          "attributes": {
            "arn": "arn:aws:ec2:us-east-1:475388737367:subnet/subnet-085b95c5c443d54f0",
            "assign_ipv6_address_on_creation": false,
            "availability_zone": "us-east-1c",
            "availability_zone_id": "use1-az4",
            "cidr_block": "10.0.0.128/26",
            "customer_owned_ipv4_pool": "",
            "enable_dns64": false,
            "enable_resource_name_dns_a_record_on_launch": false,
            "enable_resource_name_dns_aaaa_record_on_launch": false,
            "id": "subnet-085b95c5c443d54f0",
            "ipv6_cidr_block": "",
            "ipv6_cidr_block_association_id": "",
            "ipv6_native": false,
            "map_customer_owned_ip_on_launch": false,
            "map_public_ip_on_launch": false,
            "outpost_arn": "",
            "owner_id": "475388737367",
            "private_dns_hostname_type_on_launch": "ip-name",
            "tags": {
              "Name": "public-subnet-2",
              "environment": "development",
              "org": "cdc",
              "project": "blockchain",
              "type": "public"
            },
            "tags_all": {
              "Name": "public-subnet-2",
              "environment": "development",
              "org": "cdc",
              "project": "blockchain",
              "type": "public"
            },
            "timeouts": null,
            "vpc_id": "vpc-0137c422b74568ccd"
          },
          "sensitive_attributes": [],
          "private": "eyJlMmJmYjczMC1lY2FhLTExZTYtOGY4OC0zNDM2M2JjN2M0YzAiOnsiY3JlYXRlIjo2MDAwMDAwMDAwMDAsImRlbGV0ZSI6MTIwMDAwMDAwMDAwMH0sInNjaGVtYV92ZXJzaW9uIjoiMSJ9",
          "dependencies": [
            "module.network.aws_vpc.main"
          ]
        }
      ]
    },
    {
      "module": "module.network",
      "mode": "managed",
      "type": "aws_vpc",
      "name": "main",
      "provider": "provider[\"registry.terraform.io/hashicorp/aws\"]",
      "instances": [
        {
          "schema_version": 1,
          "attributes": {
            "arn": "arn:aws:ec2:us-east-1:475388737367:vpc/vpc-0137c422b74568ccd",
            "assign_generated_ipv6_cidr_block": false,
            "cidr_block": "10.0.0.0/16",
            "default_network_acl_id": "acl-07430a39526d09809",
            "default_route_table_id": "rtb-02441857cbf1310cc",
            "default_security_group_id": "sg-0a1e6e0170ede1bec",
            "dhcp_options_id": "dopt-eceaac8a",
            "enable_classiclink": false,
            "enable_classiclink_dns_support": false,
            "enable_dns_hostnames": false,
            "enable_dns_support": true,
            "id": "vpc-0137c422b74568ccd",
            "instance_tenancy": "default",
            "ipv4_ipam_pool_id": null,
            "ipv4_netmask_length": null,
            "ipv6_association_id": "",
            "ipv6_cidr_block": "",
            "ipv6_cidr_block_network_border_group": "",
            "ipv6_ipam_pool_id": "",
            "ipv6_netmask_length": 0,
            "main_route_table_id": "rtb-02441857cbf1310cc",
            "owner_id": "475388737367",
            "tags": {
              "Name": "cdc-blockchain-development",
              "environment": "development",
              "org": "cdc",
              "project": "blockchain"
            },
            "tags_all": {
              "Name": "cdc-blockchain-development",
              "environment": "development",
              "org": "cdc",
              "project": "blockchain"
            }
          },
          "sensitive_attributes": [],
          "private": "eyJzY2hlbWFfdmVyc2lvbiI6IjEifQ=="
        }
      ]
    },
    {
      "module": "module.ssh_key",
      "mode": "managed",
      "type": "aws_key_pair",
      "name": "default",
      "provider": "provider[\"registry.terraform.io/hashicorp/aws\"]",
      "instances": [
        {
          "schema_version": 1,
          "attributes": {
            "arn": "arn:aws:ec2:us-east-1:475388737367:key-pair/cdc-blockchain-development",
            "fingerprint": "b1:1d:9e:c9:f3:c3:24:85:ce:36:ba:2c:1d:07:df:a8",
            "id": "cdc-blockchain-development",
            "key_name": "cdc-blockchain-development",
            "key_name_prefix": "",
            "key_pair_id": "key-0eb1497dcff0aad5f",
            "public_key": "ssh-rsa AAAAB3NzaC1yc2EAAAADAQABAAACAQC4Dlc814hIeLYYQH34bXRxTLift6Ybaq6zUoIYYFsh+qYy/EgRntG5KOwA5SwNiIEX9mW53Zogn3dF2xVeA0diUS3sDQx0xszpthMaGmhCXGT4OY8ZRZxSMYZg5PGnn+vPE2QjAX41fvkSswCd+0HZsKBxyQ0SSYgO5mY1F+eSz0TnPH9wax8/xNv9sdEOCkVaJ23cC/IhIGuIOJCH/TYdfmaH/JJW7S91zNn+yiNaTc7bWLaj7ViV+4vT476GmRTfkcL+Mg+Ywd6+31tos9LY491/EwhJVP3tjiAvO1vMOVAMLW9LsFP0moscp0AP5qoD7EzNjl89v805V+B1BnO5Lwlw8qRmuxn98CkF7RFghAst/BwkUv+jZLOIe8jpNUDFg/38JyHz2ExQm1kH7vISQbC5nkrNBX5drHOBslYdE+gHI3lNHvuVEFRLnGrWmRtBDRmb9ZGR++smrKGGuXLZk3dcRJ0QQ0Z+XZP4zG5TcuO9x2FM2mgrMULG3FfSIr6+MGAGSmk4f/nTTUylFbOENpQ/L0mKhg/Axu8NrLEg52TVhStHYf0JHrtx68RUX2qnvk9963TlREDYZ+7IlD2AS9wDsWW4BeoXIXNrRtRt+PDNdMT7/XuK1UNdPuNaTPLFla2ay+8G8RdGT1t2GVEtImoInnYGHIfCZQSMrXnf/Q==",
            "tags": {
              "environment": "development",
              "org": "cdc",
              "project": "blockchain"
            },
            "tags_all": {
              "environment": "development",
              "org": "cdc",
              "project": "blockchain"
            }
          },
          "sensitive_attributes": [],
          "private": "eyJzY2hlbWFfdmVyc2lvbiI6IjEifQ==",
          "dependencies": [
            "module.ssh_key.tls_private_key.default"
          ]
        }
      ]
    },
    {
      "module": "module.ssh_key",
      "mode": "managed",
      "type": "tls_private_key",
      "name": "default",
      "provider": "provider[\"registry.terraform.io/hashicorp/tls\"]",
      "instances": [
        {
          "schema_version": 0,
          "attributes": {
            "algorithm": "RSA",
            "ecdsa_curve": "P224",
            "id": "13c788ef762ce24d527ae878f456847d48109d93",
            "private_key_openssh": "-----BEGIN OPENSSH PRIVATE KEY-----\nb3BlbnNzaC1rZXktdjEAAAAABG5vbmUAAAAEbm9uZQAAAAAAAAABAAACFwAAAAdz\nc2gtcnNhAAAAAwEAAQAAAgEAuA5XPNeISHi2GEB9+G10cUy4n7emG2qus1KCGGBb\nIfqmMvxIEZ7RuSjsAOUsDYiBF/Zlud2aIJ93RdsVXgNHYlEt7A0MdMbM6bYTGhpo\nQlxk+DmPGUWcUjGGYOTxp5/rzxNkIwF+NX75ErMAnftB2bCgcckNEkmIDuZmNRfn\nks9E5zx/cGsfP8Tb/bHRDgpFWidt3AvyISBriDiQh/02HX5mh/ySVu0vdczZ/soj\nWk3O21i2o+1YlfuL0+O+hpkU35HC/jIPmMHevt9baLPS2OPdfxMISVT97Y4gLztb\nzDlQDC1vS7BT9JqLHKdAD+aqA+xMzY5fPb/NOVfgdQZzuS8JcPKkZrsZ/fApBe0R\nYIQLLfwcJFL/o2SziHvI6TVAxYP9/Cch89hMUJtZB+7yEkGwuZ5KzQV+XaxzgbJW\nHRPoByN5TR77lRBUS5xq1pkbQQ0Zm/WRkfvrJqyhhrly2ZN3XESdEENGfl2T+Mxu\nU3LjvcdhTNpoKzFCxtxX0iK+vjBgBkppOH/5001MpRWzhDaUPy9JioYPwMbvDayx\nIOdk1YUrR2H9CR67cevEVF9qp75Pfet05URA2GfuyJQ9gEvcA7FluAXqFyFza0bU\nbfjwzXTE+/17itVDXT7jWkzyxZWtmsvvBvEXRk9bdhlRLSJqCJ52BhyHwmUEjK15\n3/0AAAc4tI6rprSOq6YAAAAHc3NoLXJzYQAAAgEAuA5XPNeISHi2GEB9+G10cUy4\nn7emG2qus1KCGGBbIfqmMvxIEZ7RuSjsAOUsDYiBF/Zlud2aIJ93RdsVXgNHYlEt\n7A0MdMbM6bYTGhpoQlxk+DmPGUWcUjGGYOTxp5/rzxNkIwF+NX75ErMAnftB2bCg\ncckNEkmIDuZmNRfnks9E5zx/cGsfP8Tb/bHRDgpFWidt3AvyISBriDiQh/02HX5m\nh/ySVu0vdczZ/sojWk3O21i2o+1YlfuL0+O+hpkU35HC/jIPmMHevt9baLPS2OPd\nfxMISVT97Y4gLztbzDlQDC1vS7BT9JqLHKdAD+aqA+xMzY5fPb/NOVfgdQZzuS8J\ncPKkZrsZ/fApBe0RYIQLLfwcJFL/o2SziHvI6TVAxYP9/Cch89hMUJtZB+7yEkGw\nuZ5KzQV+XaxzgbJWHRPoByN5TR77lRBUS5xq1pkbQQ0Zm/WRkfvrJqyhhrly2ZN3\nXESdEENGfl2T+MxuU3LjvcdhTNpoKzFCxtxX0iK+vjBgBkppOH/5001MpRWzhDaU\nPy9JioYPwMbvDayxIOdk1YUrR2H9CR67cevEVF9qp75Pfet05URA2GfuyJQ9gEvc\nA7FluAXqFyFza0bUbfjwzXTE+/17itVDXT7jWkzyxZWtmsvvBvEXRk9bdhlRLSJq\nCJ52BhyHwmUEjK153/0AAAADAQABAAACADn4ul19fX1mF+S3m3W98+kjwxr7WyRT\ni8cLe9J1tv6S1fpFH+X84g2x5/O4OxHgJtkHUK8kL0GLOKQWBzrfSYKcExzAV2YI\nn84U/RtBqgkM1PiiGIJbPIte8fZe5gZoBnvonaew9rGe1pCfNNiNpQYN7dso+icC\nZgpbY2Hhr5y8D/XNRk6ATw1k0e2sLi5/6awlsyKV2KO6dGQpfMx4Yq0TfPPkB6u9\ndS9jYF4yCMSOsVLBNHWZckd7PWV13DLE0KBCZuptliAFIEV6UG5ABW8vBjraIcgH\nLxu9okF+LsG6Y44SWXW7ihYG/z39J95aRr6JlP9Bkpn+aYNgPGBfsd7e6KI7vIot\nwShFDaiql8sZoFl3nUNPRZG62C9Nu292m9tgjnCnzFTGbU2BPvk7uJDrxdcbQpHL\njyOv8QBDmjNW/cYLjcaD7V9Fs3Z2JQDOqqs8OZGaOlEN8liR64ca6AyLsH/KTUZ3\nMxb1339X7J0EVdEHL3TZaX3si6fxNlbptW4jU2k2AdZnKx7QpolEnqnJlud/CiBE\n525jY2VMoMxPG2X1V5hlYiPqP62cjcUDfGW4ba2LwSJHzeqCMg6OMTXIsygM3idN\n0OpDc9KOuYfKGZ4t5LQnBmuKcven7VTL2DitMk3rrkLjgF/c3PaZ7wlYwe+sty7u\nRfV5fQXVtjZ5AAABAQCLPp1UOktJL0dUM5Ds8ARdZy5idWcQ+cRlyuHlf9vmCm6R\n9vzoouPdZXfBl6sEq/mEPGIqtxV0Ajq+olS7/e1hceouCVZD4l2n9gHociDlWgi/\ncCdoh642vS/Q97vHJwVz5I+7glhkAxN+JYgUQaJ8hOdTGdnrZ+1nmmoCqbEw6Qj8\nHuVfhvf0pahG3i2zPn1Z+Af36iI+6gVyQUdw1fHP6MlY2mQALFAdke2ncRDwtJgN\nvln4iCbxS0yDOlQLw++ZLpQbNjZxW3OH3DJ01ZX1cOoUSfIbYXhvOWOO4hSPbiVJ\nJv2FaEAc7xatY4FymjtOA2GkI2kOP1qrzWva5eMAAAABAQDJwhS4ST8w3EyBRPBX\nwqNuDcyQpZL38zbaBVwihwTkn2Q7vmTO/XXAoy3HnqIvYtXXtvCwQaAHEeZembs9\nnz9F/cd7wQQyvN5yW+aN4hZxNacEgRmYbU5M6D8WMk73psHjnKvPWVb2e213uZzm\nzaEGFuYEzqvO3jvJjfIKQPEEUBKDgM+nKGyCCjzqOu0PwUVwabGzFbCdsTeeMZXb\nsj0ze37kge2GYmlDUcremTR4r5gfa4Sx+Iyc22Bu9njP1H3P6YH2YfP5+Yd1jgig\njLWhinZhm56CLtOZM2vEGyFj3FUdDGZDnD7mBrifztGHBCpnv5vWQTABt6dykv6J\nFlffAAABAQDpietkEQRW+tJeuEJs5X/5/jwwkePfCx8sbU85TQnqvqxoZXny5/B6\nZ1UY+XFZDEOT++HeadkOYsCV/xPccCOcvXcGjAi1oN81I+xkI4O2jM4o+sJcMzrg\nAZvCVgEiOFfVMiEOsAhRqQiAksjxEBRDo+yoP/t+ZqXJdp4LCQ/l8yZLvu/hMzMD\nsj9z2DmCb/h6G/RfPIQsSSnnA0Hkg9nbWmfbZwdl2o1ypYF+4HIcPWPYGHVsmRGU\nUd6orE2uPQ7DXt2BGGaDC3jr/OyNRt7REdrdDbVXDeF29wn5hGyvrdXTpcFYBzJ6\nsN5IYVE4N8mbyzwolVPXiLLAzhTxEbOjAAAAAAEC\n-----END OPENSSH PRIVATE KEY-----\n",
            "private_key_pem": "-----BEGIN RSA PRIVATE KEY-----\nMIIJKQIBAAKCAgEAuA5XPNeISHi2GEB9+G10cUy4n7emG2qus1KCGGBbIfqmMvxI\nEZ7RuSjsAOUsDYiBF/Zlud2aIJ93RdsVXgNHYlEt7A0MdMbM6bYTGhpoQlxk+DmP\nGUWcUjGGYOTxp5/rzxNkIwF+NX75ErMAnftB2bCgcckNEkmIDuZmNRfnks9E5zx/\ncGsfP8Tb/bHRDgpFWidt3AvyISBriDiQh/02HX5mh/ySVu0vdczZ/sojWk3O21i2\no+1YlfuL0+O+hpkU35HC/jIPmMHevt9baLPS2OPdfxMISVT97Y4gLztbzDlQDC1v\nS7BT9JqLHKdAD+aqA+xMzY5fPb/NOVfgdQZzuS8JcPKkZrsZ/fApBe0RYIQLLfwc\nJFL/o2SziHvI6TVAxYP9/Cch89hMUJtZB+7yEkGwuZ5KzQV+XaxzgbJWHRPoByN5\nTR77lRBUS5xq1pkbQQ0Zm/WRkfvrJqyhhrly2ZN3XESdEENGfl2T+MxuU3Ljvcdh\nTNpoKzFCxtxX0iK+vjBgBkppOH/5001MpRWzhDaUPy9JioYPwMbvDayxIOdk1YUr\nR2H9CR67cevEVF9qp75Pfet05URA2GfuyJQ9gEvcA7FluAXqFyFza0bUbfjwzXTE\n+/17itVDXT7jWkzyxZWtmsvvBvEXRk9bdhlRLSJqCJ52BhyHwmUEjK153/0CAwEA\nAQKCAgA5+LpdfX19Zhfkt5t1vfPpI8Ma+1skU4vHC3vSdbb+ktX6RR/l/OINsefz\nuDsR4CbZB1CvJC9BizikFgc630mCnBMcwFdmCJ/OFP0bQaoJDNT4ohiCWzyLXvH2\nXuYGaAZ76J2nsPaxntaQnzTYjaUGDe3bKPonAmYKW2Nh4a+cvA/1zUZOgE8NZNHt\nrC4uf+msJbMildijunRkKXzMeGKtE3zz5AervXUvY2BeMgjEjrFSwTR1mXJHez1l\nddwyxNCgQmbqbZYgBSBFelBuQAVvLwY62iHIBy8bvaJBfi7BumOOEll1u4oWBv89\n/SfeWka+iZT/QZKZ/mmDYDxgX7He3uiiO7yKLcEoRQ2oqpfLGaBZd51DT0WRutgv\nTbtvdpvbYI5wp8xUxm1NgT75O7iQ68XXG0KRy48jr/EAQ5ozVv3GC43Gg+1fRbN2\ndiUAzqqrPDmRmjpRDfJYkeuHGugMi7B/yk1GdzMW9d9/V+ydBFXRBy902Wl97Iun\n8TZW6bVuI1NpNgHWZyse0KaJRJ6pyZbnfwogROduY2NlTKDMTxtl9VeYZWIj6j+t\nnI3FA3xluG2ti8EiR83qgjIOjjE1yLMoDN4nTdDqQ3PSjrmHyhmeLeS0JwZrinL3\np+1Uy9g4rTJN665C44Bf3Nz2me8JWMHvrLcu7kX1eX0F1bY2eQKCAQEAycIUuEk/\nMNxMgUTwV8Kjbg3MkKWS9/M22gVcIocE5J9kO75kzv11wKMtx56iL2LV17bwsEGg\nBxHmXpm7PZ8/Rf3He8EEMrzeclvmjeIWcTWnBIEZmG1OTOg/FjJO96bB45yrz1lW\n9nttd7mc5s2hBhbmBM6rzt47yY3yCkDxBFASg4DPpyhsggo86jrtD8FFcGmxsxWw\nnbE3njGV27I9M3t+5IHthmJpQ1HK3pk0eK+YH2uEsfiMnNtgbvZ4z9R9z+mB9mHz\n+fmHdY4IoIy1oYp2YZuegi7TmTNrxBshY9xVHQxmQ5w+5ga4n87RhwQqZ7+b1kEw\nAbencpL+iRZX3wKCAQEA6YnrZBEEVvrSXrhCbOV/+f48MJHj3wsfLG1POU0J6r6s\naGV58ufwemdVGPlxWQxDk/vh3mnZDmLAlf8T3HAjnL13BowItaDfNSPsZCODtozO\nKPrCXDM64AGbwlYBIjhX1TIhDrAIUakIgJLI8RAUQ6PsqD/7fmalyXaeCwkP5fMm\nS77v4TMzA7I/c9g5gm/4ehv0XzyELEkp5wNB5IPZ21pn22cHZdqNcqWBfuByHD1j\n2Bh1bJkRlFHeqKxNrj0Ow17dgRhmgwt46/zsjUbe0RHa3Q21Vw3hdvcJ+YRsr63V\n06XBWAcyerDeSGFRODfJm8s8KJVT14iywM4U8RGzowKCAQA58oNO9sKufud+TVWW\nbzHPXyk89kFC89jyP43Z4Nu36ku4mRONG+EhJfz1E4vTflia71Er3n1e6nY2/4J2\nzXE34g7UbXiONg7R27FZWPFHLLi+o3G9hM9zaVUNQ//IQ132yL3T/P3sJ0EmnOoC\npFa2UAdapB1Weh/D4P/+j+5pZbIbkPiTMxoPM2+ResExwDn4cnL2U6l5cTffOLCo\n/AV17udgLC0TZtqC2lAhJPGcJBrWE2R2VUPVnXCSDjpevtIv0ApiwHl5d4C/c77o\nleFo90LPAApDq71ciBdQqNYrP1I22KPakVrDaHTIeXdWhwzC5ZaVr/1g0OXIE44F\nw6QTAoIBAQDNmBR5OJ3ocNGIf5BCy9vZWl7kp1rDPchI1UZcfJzRYuDm2wb7uAK1\nz4hT/y0xJqHLgoB6zBZBGuDObAuxEavYTdeeFOOJ+kDmSGTQV4+ZwuWvn+pBPvyC\nvgfAkvRWiuGQF5yQkJoSQcvxXMe3qN8eGQ67o/Ake/tRm7JQpr6vQlqhbktBp1Au\n3doMgvtGAIrv/PIqcV0um45fCDgXE5hUCofJ2C7kFP5XQqr45mCuycC/OfEOFMcs\nGtL5DQ8p6Ci6CCbagn+kuBHRNw2M5io8Rgq2dl4BcH/fumW2m0UPd+r5cz/93gAr\nkM9vSvU0l7BODiI83BE+euJa6FH5VAsfAoIBAQCLPp1UOktJL0dUM5Ds8ARdZy5i\ndWcQ+cRlyuHlf9vmCm6R9vzoouPdZXfBl6sEq/mEPGIqtxV0Ajq+olS7/e1hceou\nCVZD4l2n9gHociDlWgi/cCdoh642vS/Q97vHJwVz5I+7glhkAxN+JYgUQaJ8hOdT\nGdnrZ+1nmmoCqbEw6Qj8HuVfhvf0pahG3i2zPn1Z+Af36iI+6gVyQUdw1fHP6MlY\n2mQALFAdke2ncRDwtJgNvln4iCbxS0yDOlQLw++ZLpQbNjZxW3OH3DJ01ZX1cOoU\nSfIbYXhvOWOO4hSPbiVJJv2FaEAc7xatY4FymjtOA2GkI2kOP1qrzWva5eMA\n-----END RSA PRIVATE KEY-----\n",
            "public_key_fingerprint_md5": "b0:ad:5a:0f:14:92:8b:b2:b2:3b:a8:3b:6a:a7:fe:7f",
            "public_key_fingerprint_sha256": "SHA256:vzjQaFhOdsoih4gKm6saS3Y7xLlHyi7soGHz2Db84H4",
            "public_key_openssh": "ssh-rsa AAAAB3NzaC1yc2EAAAADAQABAAACAQC4Dlc814hIeLYYQH34bXRxTLift6Ybaq6zUoIYYFsh+qYy/EgRntG5KOwA5SwNiIEX9mW53Zogn3dF2xVeA0diUS3sDQx0xszpthMaGmhCXGT4OY8ZRZxSMYZg5PGnn+vPE2QjAX41fvkSswCd+0HZsKBxyQ0SSYgO5mY1F+eSz0TnPH9wax8/xNv9sdEOCkVaJ23cC/IhIGuIOJCH/TYdfmaH/JJW7S91zNn+yiNaTc7bWLaj7ViV+4vT476GmRTfkcL+Mg+Ywd6+31tos9LY491/EwhJVP3tjiAvO1vMOVAMLW9LsFP0moscp0AP5qoD7EzNjl89v805V+B1BnO5Lwlw8qRmuxn98CkF7RFghAst/BwkUv+jZLOIe8jpNUDFg/38JyHz2ExQm1kH7vISQbC5nkrNBX5drHOBslYdE+gHI3lNHvuVEFRLnGrWmRtBDRmb9ZGR++smrKGGuXLZk3dcRJ0QQ0Z+XZP4zG5TcuO9x2FM2mgrMULG3FfSIr6+MGAGSmk4f/nTTUylFbOENpQ/L0mKhg/Axu8NrLEg52TVhStHYf0JHrtx68RUX2qnvk9963TlREDYZ+7IlD2AS9wDsWW4BeoXIXNrRtRt+PDNdMT7/XuK1UNdPuNaTPLFla2ay+8G8RdGT1t2GVEtImoInnYGHIfCZQSMrXnf/Q==\n",
            "public_key_pem": "-----BEGIN PUBLIC KEY-----\nMIICIjANBgkqhkiG9w0BAQEFAAOCAg8AMIICCgKCAgEAuA5XPNeISHi2GEB9+G10\ncUy4n7emG2qus1KCGGBbIfqmMvxIEZ7RuSjsAOUsDYiBF/Zlud2aIJ93RdsVXgNH\nYlEt7A0MdMbM6bYTGhpoQlxk+DmPGUWcUjGGYOTxp5/rzxNkIwF+NX75ErMAnftB\n2bCgcckNEkmIDuZmNRfnks9E5zx/cGsfP8Tb/bHRDgpFWidt3AvyISBriDiQh/02\nHX5mh/ySVu0vdczZ/sojWk3O21i2o+1YlfuL0+O+hpkU35HC/jIPmMHevt9baLPS\n2OPdfxMISVT97Y4gLztbzDlQDC1vS7BT9JqLHKdAD+aqA+xMzY5fPb/NOVfgdQZz\nuS8JcPKkZrsZ/fApBe0RYIQLLfwcJFL/o2SziHvI6TVAxYP9/Cch89hMUJtZB+7y\nEkGwuZ5KzQV+XaxzgbJWHRPoByN5TR77lRBUS5xq1pkbQQ0Zm/WRkfvrJqyhhrly\n2ZN3XESdEENGfl2T+MxuU3LjvcdhTNpoKzFCxtxX0iK+vjBgBkppOH/5001MpRWz\nhDaUPy9JioYPwMbvDayxIOdk1YUrR2H9CR67cevEVF9qp75Pfet05URA2GfuyJQ9\ngEvcA7FluAXqFyFza0bUbfjwzXTE+/17itVDXT7jWkzyxZWtmsvvBvEXRk9bdhlR\nLSJqCJ52BhyHwmUEjK153/0CAwEAAQ==\n-----END PUBLIC KEY-----\n",
            "rsa_bits": 4096
          },
          "sensitive_attributes": [],
          "private": "bnVsbA=="
        }
      ]
    }
  ]
}
