{
  "version": 4,
  "terraform_version": "1.0.11",
  "serial": 540,
  "lineage": "aba5c594-41fd-83c5-f4ea-a80fde86927c",
  "outputs": {
    "bastion": {
      "value": {
        "aws_instance": {
          "ami": "ami-0c4f7023847b90238",
          "arn": "arn:aws:ec2:us-east-1:475388737367:instance/i-01c14253d70859df8",
          "associate_public_ip_address": true,
          "availability_zone": "us-east-1a",
          "capacity_reservation_specification": [
            {
              "capacity_reservation_preference": "open",
              "capacity_reservation_target": []
            }
          ],
          "cpu_core_count": 1,
          "cpu_threads_per_core": 2,
          "credit_specification": [
            {
              "cpu_credits": "unlimited"
            }
          ],
          "disable_api_termination": false,
          "ebs_block_device": [],
          "ebs_optimized": false,
          "enclave_options": [
            {
              "enabled": false
            }
          ],
          "ephemeral_block_device": [],
          "get_password_data": false,
          "hibernation": false,
          "host_id": null,
          "iam_instance_profile": "",
          "id": "i-01c14253d70859df8",
          "instance_initiated_shutdown_behavior": "stop",
          "instance_state": "running",
          "instance_type": "t3.micro",
          "ipv6_address_count": 0,
          "ipv6_addresses": [],
          "key_name": "cdc-blockchain-development",
          "launch_template": [],
          "metadata_options": [
            {
              "http_endpoint": "enabled",
              "http_put_response_hop_limit": 1,
              "http_tokens": "optional",
              "instance_metadata_tags": "disabled"
            }
          ],
          "monitoring": false,
          "network_interface": [],
          "outpost_arn": "",
          "password_data": "",
          "placement_group": "",
          "placement_partition_number": null,
          "primary_network_interface_id": "eni-0bc9aca5f60db97bf",
          "private_dns": "ip-10-0-0-12.ec2.internal",
          "private_ip": "10.0.0.12",
          "public_dns": "",
          "public_ip": "3.231.4.163",
          "root_block_device": [
            {
              "delete_on_termination": true,
              "device_name": "/dev/sda1",
              "encrypted": true,
              "iops": 100,
              "kms_key_id": "arn:aws:kms:us-east-1:475388737367:key/5064e0a4-9c7a-4fe7-b6a6-27ed0a45d5d9",
              "tags": null,
              "throughput": 0,
              "volume_id": "vol-02f925e408183d4cc",
              "volume_size": 8,
              "volume_type": "gp2"
            }
          ],
          "secondary_private_ips": [],
          "security_groups": [],
          "source_dest_check": true,
          "subnet_id": "subnet-01050b0a28b9b1b5f",
          "tags": {
            "Name": "bastion",
            "env": "development"
          },
          "tags_all": {
            "Name": "bastion",
            "env": "development"
          },
          "tenancy": "default",
          "timeouts": null,
          "user_data": null,
          "user_data_base64": null,
          "volume_tags": null,
          "vpc_security_group_ids": [
            "sg-0d91f751b6e97df35"
          ]
        },
        "aws_security_group": {
          "arn": "arn:aws:ec2:us-east-1:475388737367:security-group/sg-0d91f751b6e97df35",
          "description": "Security group for bastion",
          "egress": [],
          "id": "sg-0d91f751b6e97df35",
          "ingress": [],
          "name": "bastion",
          "name_prefix": "",
          "owner_id": "475388737367",
          "revoke_rules_on_delete": false,
          "tags": {
            "env": "development"
          },
          "tags_all": {
            "env": "development"
          },
          "timeouts": null,
          "vpc_id": "vpc-017681a430d0a9a0d"
        },
        "aws_security_group_rules": {
          "outbound": {
            "cidr_blocks": [
              "0.0.0.0/0"
            ],
            "description": null,
            "from_port": 0,
            "id": "sgrule-930881102",
            "ipv6_cidr_blocks": null,
            "prefix_list_ids": null,
            "protocol": "-1",
            "security_group_id": "sg-0d91f751b6e97df35",
            "self": false,
            "source_security_group_id": null,
            "to_port": 0,
            "type": "egress"
          },
          "ssh": {
            "cidr_blocks": [
              "0.0.0.0/0"
            ],
            "description": null,
            "from_port": 22,
            "id": "sgrule-694061038",
            "ipv6_cidr_blocks": null,
            "prefix_list_ids": null,
            "protocol": "tcp",
            "security_group_id": "sg-0d91f751b6e97df35",
            "self": false,
            "source_security_group_id": null,
            "to_port": 22,
            "type": "ingress"
          }
        }
      },
      "type": [
        "object",
        {
          "aws_instance": [
            "object",
            {
              "ami": "string",
              "arn": "string",
              "associate_public_ip_address": "bool",
              "availability_zone": "string",
              "capacity_reservation_specification": [
                "list",
                [
                  "object",
                  {
                    "capacity_reservation_preference": "string",
                    "capacity_reservation_target": [
                      "list",
                      [
                        "object",
                        {
                          "capacity_reservation_id": "string"
                        }
                      ]
                    ]
                  }
                ]
              ],
              "cpu_core_count": "number",
              "cpu_threads_per_core": "number",
              "credit_specification": [
                "list",
                [
                  "object",
                  {
                    "cpu_credits": "string"
                  }
                ]
              ],
              "disable_api_termination": "bool",
              "ebs_block_device": [
                "set",
                [
                  "object",
                  {
                    "delete_on_termination": "bool",
                    "device_name": "string",
                    "encrypted": "bool",
                    "iops": "number",
                    "kms_key_id": "string",
                    "snapshot_id": "string",
                    "tags": [
                      "map",
                      "string"
                    ],
                    "throughput": "number",
                    "volume_id": "string",
                    "volume_size": "number",
                    "volume_type": "string"
                  }
                ]
              ],
              "ebs_optimized": "bool",
              "enclave_options": [
                "list",
                [
                  "object",
                  {
                    "enabled": "bool"
                  }
                ]
              ],
              "ephemeral_block_device": [
                "set",
                [
                  "object",
                  {
                    "device_name": "string",
                    "no_device": "bool",
                    "virtual_name": "string"
                  }
                ]
              ],
              "get_password_data": "bool",
              "hibernation": "bool",
              "host_id": "string",
              "iam_instance_profile": "string",
              "id": "string",
              "instance_initiated_shutdown_behavior": "string",
              "instance_state": "string",
              "instance_type": "string",
              "ipv6_address_count": "number",
              "ipv6_addresses": [
                "list",
                "string"
              ],
              "key_name": "string",
              "launch_template": [
                "list",
                [
                  "object",
                  {
                    "id": "string",
                    "name": "string",
                    "version": "string"
                  }
                ]
              ],
              "metadata_options": [
                "list",
                [
                  "object",
                  {
                    "http_endpoint": "string",
                    "http_put_response_hop_limit": "number",
                    "http_tokens": "string",
                    "instance_metadata_tags": "string"
                  }
                ]
              ],
              "monitoring": "bool",
              "network_interface": [
                "set",
                [
                  "object",
                  {
                    "delete_on_termination": "bool",
                    "device_index": "number",
                    "network_interface_id": "string"
                  }
                ]
              ],
              "outpost_arn": "string",
              "password_data": "string",
              "placement_group": "string",
              "placement_partition_number": "number",
              "primary_network_interface_id": "string",
              "private_dns": "string",
              "private_ip": "string",
              "public_dns": "string",
              "public_ip": "string",
              "root_block_device": [
                "list",
                [
                  "object",
                  {
                    "delete_on_termination": "bool",
                    "device_name": "string",
                    "encrypted": "bool",
                    "iops": "number",
                    "kms_key_id": "string",
                    "tags": [
                      "map",
                      "string"
                    ],
                    "throughput": "number",
                    "volume_id": "string",
                    "volume_size": "number",
                    "volume_type": "string"
                  }
                ]
              ],
              "secondary_private_ips": [
                "set",
                "string"
              ],
              "security_groups": [
                "set",
                "string"
              ],
              "source_dest_check": "bool",
              "subnet_id": "string",
              "tags": [
                "map",
                "string"
              ],
              "tags_all": [
                "map",
                "string"
              ],
              "tenancy": "string",
              "timeouts": [
                "object",
                {
                  "create": "string",
                  "delete": "string",
                  "update": "string"
                }
              ],
              "user_data": "string",
              "user_data_base64": "string",
              "volume_tags": [
                "map",
                "string"
              ],
              "vpc_security_group_ids": [
                "set",
                "string"
              ]
            }
          ],
          "aws_security_group": [
            "object",
            {
              "arn": "string",
              "description": "string",
              "egress": [
                "set",
                [
                  "object",
                  {
                    "cidr_blocks": [
                      "list",
                      "string"
                    ],
                    "description": "string",
                    "from_port": "number",
                    "ipv6_cidr_blocks": [
                      "list",
                      "string"
                    ],
                    "prefix_list_ids": [
                      "list",
                      "string"
                    ],
                    "protocol": "string",
                    "security_groups": [
                      "set",
                      "string"
                    ],
                    "self": "bool",
                    "to_port": "number"
                  }
                ]
              ],
              "id": "string",
              "ingress": [
                "set",
                [
                  "object",
                  {
                    "cidr_blocks": [
                      "list",
                      "string"
                    ],
                    "description": "string",
                    "from_port": "number",
                    "ipv6_cidr_blocks": [
                      "list",
                      "string"
                    ],
                    "prefix_list_ids": [
                      "list",
                      "string"
                    ],
                    "protocol": "string",
                    "security_groups": [
                      "set",
                      "string"
                    ],
                    "self": "bool",
                    "to_port": "number"
                  }
                ]
              ],
              "name": "string",
              "name_prefix": "string",
              "owner_id": "string",
              "revoke_rules_on_delete": "bool",
              "tags": [
                "map",
                "string"
              ],
              "tags_all": [
                "map",
                "string"
              ],
              "timeouts": [
                "object",
                {
                  "create": "string",
                  "delete": "string"
                }
              ],
              "vpc_id": "string"
            }
          ],
          "aws_security_group_rules": [
            "object",
            {
              "outbound": [
                "object",
                {
                  "cidr_blocks": [
                    "list",
                    "string"
                  ],
                  "description": "string",
                  "from_port": "number",
                  "id": "string",
                  "ipv6_cidr_blocks": [
                    "list",
                    "string"
                  ],
                  "prefix_list_ids": [
                    "list",
                    "string"
                  ],
                  "protocol": "string",
                  "security_group_id": "string",
                  "self": "bool",
                  "source_security_group_id": "string",
                  "to_port": "number",
                  "type": "string"
                }
              ],
              "ssh": [
                "object",
                {
                  "cidr_blocks": [
                    "list",
                    "string"
                  ],
                  "description": "string",
                  "from_port": "number",
                  "id": "string",
                  "ipv6_cidr_blocks": [
                    "list",
                    "string"
                  ],
                  "prefix_list_ids": [
                    "list",
                    "string"
                  ],
                  "protocol": "string",
                  "security_group_id": "string",
                  "self": "bool",
                  "source_security_group_id": "string",
                  "to_port": "number",
                  "type": "string"
                }
              ]
            }
          ]
        }
      ]
    },
    "key_pair": {
      "value": {
        "arn": "arn:aws:ec2:us-east-1:475388737367:key-pair/cdc-blockchain-development",
        "fingerprint": "72:98:fe:e9:1e:13:9e:ae:17:6a:10:12:e7:5c:4d:5b",
        "id": "cdc-blockchain-development",
        "key_name": "cdc-blockchain-development",
        "key_name_prefix": "",
        "key_pair_id": "key-0c62c78afdac0104a",
        "public_key": "ssh-rsa AAAAB3NzaC1yc2EAAAADAQABAAACAQDWt/I67b4p7qBfle7pWL6zuKDYZcHF+nivgRMFqSIWLEhE795jgBtr0bqaveyu2UOTYxCwLBGOmeJ87FNr9nl5MqD060Dpq0QR+ewv6VmhHz5u4diW6O3zpEw+PdM/oT41Cs6ROw9HaxujyMNS4ERoU7SXJzrwqw/fGzvKQc1HlPoXea5i8P8rWW+Q5l5IyZHQzN/Z42NZQABLnF0Pf0mx9mTLYobHoXytZ1G9wYOR4UrPXM3lLW8gcNnoaPHYeIwP40fGKp1NC2w1XGvmNpD9txw44rYtkwnB2NsYHczjlMgH2Ye/hgSyuJkXN4Isy+K4n8n0oa3tUrn72/EAcTAWFVEB8EXcU4VUDqiwAgydgobwkqgdzI4uGuC7UFCinFom2Kow59iuVtQROCfJMdRXoMdzFCfT9Ql6vg2QKUoBb679HuburalmqjXxGyi/2PrBeeLwZh6QMSWqk5YLri0BmXXedtZAL0uCMr/kPBYB3MHMHodJVFMj0ODnCDg2Q7QX+xcK/ffheBuekww2n2RrW1pj4vQU33AmjOyNe1+T0N5/Q/yDmfbaj2Yr3tKpz5m7Dp2TQCQTqS5STLfparABwb+7ebfKN/xrGQxnZsN/qXoPAWkwTWkwncanGQhbSIdsmNyKxMgNCZujzR+yDW6MmVbC2jLyB4uG18GZKMqzaQ==",
        "tags": {
          "environment": "development",
          "org": "cdc",
          "project": "blockchain"
        },
        "tags_all": {
          "environment": "development",
          "org": "cdc",
          "project": "blockchain"
        }
      },
      "type": [
        "object",
        {
          "arn": "string",
          "fingerprint": "string",
          "id": "string",
          "key_name": "string",
          "key_name_prefix": "string",
          "key_pair_id": "string",
          "public_key": "string",
          "tags": [
            "map",
            "string"
          ],
          "tags_all": [
            "map",
            "string"
          ]
        }
      ]
    },
    "private_subnets": {
      "value": [
        "subnet-0ebfd5d4fe15130d2",
        "subnet-01d9e2bdc4cc8237a",
        "subnet-0e175744bdc2977bd"
      ],
      "type": [
        "tuple",
        [
          "string",
          "string",
          "string"
        ]
      ]
    },
    "ssh_key": {
      "value": {
        "algorithm": "RSA",
        "ecdsa_curve": "P224",
        "id": "33dc8be084aa5d0d70581c18a40d9c7caf95cad9",
        "private_key_openssh": "-----BEGIN OPENSSH PRIVATE KEY-----\nb3BlbnNzaC1rZXktdjEAAAAABG5vbmUAAAAEbm9uZQAAAAAAAAABAAACFwAAAAdz\nc2gtcnNhAAAAAwEAAQAAAgEA1rfyOu2+Ke6gX5Xu6Vi+s7ig2GXBxfp4r4ETBaki\nFixIRO/eY4Aba9G6mr3srtlDk2MQsCwRjpnifOxTa/Z5eTKg9OtA6atEEfnsL+lZ\noR8+buHYlujt86RMPj3TP6E+NQrOkTsPR2sbo8jDUuBEaFO0lyc68KsP3xs7ykHN\nR5T6F3muYvD/K1lvkOZeSMmR0Mzf2eNjWUAAS5xdD39JsfZky2KGx6F8rWdRvcGD\nkeFKz1zN5S1vIHDZ6Gjx2HiMD+NHxiqdTQtsNVxr5jaQ/bccOOK2LZMJwdjbGB3M\n45TIB9mHv4YEsriZFzeCLMviuJ/J9KGt7VK5+9vxAHEwFhVRAfBF3FOFVA6osAIM\nnYKG8JKoHcyOLhrgu1BQopxaJtiqMOfYrlbUETgnyTHUV6DHcxQn0/UJer4NkClK\nAW+u/R7m7q2pZqo18Rsov9j6wXni8GYekDElqpOWC64tAZl13nbWQC9LgjK/5DwW\nAdzBzB6HSVRTI9Dg5wg4NkO0F/sXCv334XgbnpMMNp9ka1taY+L0FN9wJozsjXtf\nk9Def0P8g5n22o9mK97Sqc+Zuw6dk0AkE6kuUky36WqwAcG/u3m3yjf8axkMZ2bD\nf6l6DwFpME1pMJ3GpxkIW0iHbJjcisTIDQmbo80fsg1ujJlWwtoy8geLhtfBmSjK\ns2kAAAc441xL6uNcS+oAAAAHc3NoLXJzYQAAAgEA1rfyOu2+Ke6gX5Xu6Vi+s7ig\n2GXBxfp4r4ETBakiFixIRO/eY4Aba9G6mr3srtlDk2MQsCwRjpnifOxTa/Z5eTKg\n9OtA6atEEfnsL+lZoR8+buHYlujt86RMPj3TP6E+NQrOkTsPR2sbo8jDUuBEaFO0\nlyc68KsP3xs7ykHNR5T6F3muYvD/K1lvkOZeSMmR0Mzf2eNjWUAAS5xdD39JsfZk\ny2KGx6F8rWdRvcGDkeFKz1zN5S1vIHDZ6Gjx2HiMD+NHxiqdTQtsNVxr5jaQ/bcc\nOOK2LZMJwdjbGB3M45TIB9mHv4YEsriZFzeCLMviuJ/J9KGt7VK5+9vxAHEwFhVR\nAfBF3FOFVA6osAIMnYKG8JKoHcyOLhrgu1BQopxaJtiqMOfYrlbUETgnyTHUV6DH\ncxQn0/UJer4NkClKAW+u/R7m7q2pZqo18Rsov9j6wXni8GYekDElqpOWC64tAZl1\n3nbWQC9LgjK/5DwWAdzBzB6HSVRTI9Dg5wg4NkO0F/sXCv334XgbnpMMNp9ka1ta\nY+L0FN9wJozsjXtfk9Def0P8g5n22o9mK97Sqc+Zuw6dk0AkE6kuUky36WqwAcG/\nu3m3yjf8axkMZ2bDf6l6DwFpME1pMJ3GpxkIW0iHbJjcisTIDQmbo80fsg1ujJlW\nwtoy8geLhtfBmSjKs2kAAAADAQABAAACAHuTRk/wAB/1/ErG6cdWkfqxabDhb5JX\nwxmO+bmqS7njJny2aJFva1i0Tec9I3jGBgRPYY1i73/YxOcMxD5AjkzYfJY4xxU0\nwmpuIia48CKw7qe2R4ci67/rcQ3pWyklzb2NSLGBAhwiYrfylaee9v/sHOVZaKyW\nZv4KmHChSlnGPeFA4MKE3Pa/9Fu6mczeZZN8NeEa41S8Zu8dQNnociuAGSaMv/Eo\n2a6a5gqF0wkkVn/dc4pQicJr8J23uGjTiBikv+wnHnz29AIJ/PdztCKxPgbnQ94a\n3+S2v/GzRPY97JnH8j6iDRYm88TO55aMiSGkpQCsBIOvtuZjAOM2QWuGToc0RC1v\niuqxvXsA1bjr1Oo5cXiwyBAzQ+0Kd7kSgbz7EMZQx4liqkFt4Mcl75JnuvWERM9Y\nHTJlKb/0E+0PHW7RuXeNH1vDUnTVr3ndfUDYXghn4jfnTlenG0hDe0M5mvD8ZlGN\nrmABJkWPbLkGORBDmG2oUpX1adaOUbA+Y6gUIxEPJ8YveVVIWLBmkqmx7aTNPU3J\nsvX0FHC0D8lRPK14F7MZH5cuCTpdu0Zr6++vt4iC1Pyy8D+/JmK7eqEkW079nkm7\nBXOV3YK2djnvudG6VuKF5DcODbEoOh+j5I4YRFxOdh8IPc61wVSIdkQFdisGmxT1\nFNzeb3HWje4BAAABAQDWfsRLI0c8aHwCrwt0TM6XQsH2OV8WpqFGcCvFe6nOodTD\nPd3uSzbhYLEtUfVbn8o3qjRfFnFTL2J9zik5Hc4HpcQfxnPK6AZMm9nKb18tQSLl\nnFKdxYtMB5/CbDvdzwAgnFpq26xr4dv6vCPsaCzT+VM5t5ZKTjLf3ZZLPywGR/VZ\nndgLNG9ffjewL/4uVWGrqGJcRlYoZSOprMzPSYL3HJeZlEk4K0Z5iWbDgiY6ysEG\naqXnD8p+yhXJ7cbb71oInYaPiVIyOJI8D8LWkr0AYmM0NY6PItiYErrC7Wuec+5E\noTDJaUbfxxCjtUR4ujTW0s1mDkfS5F7fzGSqh/KZAAABAQDvkQLm4MR4qsfysq+z\nnbw5/RBQR1dYlf0XnoUT1Bx/o4DZrqTWJ8SN9F3FXNbVyidJ8Z20hBv7LFyZ3xN0\nDAV18SvVXcaFRv3nBrZ8QjWofNzfhYHdgdWIDd1OFJnhRlCZisF0Z0E4EKkYqBAQ\n7lR8nryHtL51iyZmxf+4zFKiaSBzcUMAA6102pYr6UnYCD3bDwbqBTSuoWDHDBtX\n2+sAdIwHc8cRi3fJm564ooMXf7PcBc++ZDDg1QpMn2I3iWXeeaMm07q3gB41C51r\nAQh9+RCunxQ+5JakQ4iqEI24KVtRVTT/laoNamr89KiBkI/EpxsaQmtqEvRlmckZ\nj4WhAAABAQDlcpWqqcgiXIHXri/9vel1S2f5UpNRAp+fJXx+q4x9lq8jxVy89eW2\nAgC9gUV4iovV5WwKlHoqWQ/0II1dbhWVWvSZm/1QGNRxlk/kD2Nml4FxxYBpZoAy\n3yY3AHb0F/0o7PSW3+UNW05/KpV08ZEKD5r+dVvwOQI0zLqKbYOoitFcKTNdOiSf\n2hDSOagxNMhvgd+C+H43nfKdo7VlhfwggMOSShUZs6rlY8Nb4JqmcF01H3qtdmye\nJyxk4o6ZSgG+WSvnx65M1yZbhLcBr250mpJFGjFdABFmjOlROzbmvXtwesZZ2O9G\nOLHp3T2GM4DRFm/+jsCTqGwW4QUwlcjJAAAAAAEC\n-----END OPENSSH PRIVATE KEY-----\n",
        "private_key_pem": "-----BEGIN RSA PRIVATE KEY-----\nMIIJKQIBAAKCAgEA1rfyOu2+Ke6gX5Xu6Vi+s7ig2GXBxfp4r4ETBakiFixIRO/e\nY4Aba9G6mr3srtlDk2MQsCwRjpnifOxTa/Z5eTKg9OtA6atEEfnsL+lZoR8+buHY\nlujt86RMPj3TP6E+NQrOkTsPR2sbo8jDUuBEaFO0lyc68KsP3xs7ykHNR5T6F3mu\nYvD/K1lvkOZeSMmR0Mzf2eNjWUAAS5xdD39JsfZky2KGx6F8rWdRvcGDkeFKz1zN\n5S1vIHDZ6Gjx2HiMD+NHxiqdTQtsNVxr5jaQ/bccOOK2LZMJwdjbGB3M45TIB9mH\nv4YEsriZFzeCLMviuJ/J9KGt7VK5+9vxAHEwFhVRAfBF3FOFVA6osAIMnYKG8JKo\nHcyOLhrgu1BQopxaJtiqMOfYrlbUETgnyTHUV6DHcxQn0/UJer4NkClKAW+u/R7m\n7q2pZqo18Rsov9j6wXni8GYekDElqpOWC64tAZl13nbWQC9LgjK/5DwWAdzBzB6H\nSVRTI9Dg5wg4NkO0F/sXCv334XgbnpMMNp9ka1taY+L0FN9wJozsjXtfk9Def0P8\ng5n22o9mK97Sqc+Zuw6dk0AkE6kuUky36WqwAcG/u3m3yjf8axkMZ2bDf6l6DwFp\nME1pMJ3GpxkIW0iHbJjcisTIDQmbo80fsg1ujJlWwtoy8geLhtfBmSjKs2kCAwEA\nAQKCAgB7k0ZP8AAf9fxKxunHVpH6sWmw4W+SV8MZjvm5qku54yZ8tmiRb2tYtE3n\nPSN4xgYET2GNYu9/2MTnDMQ+QI5M2HyWOMcVNMJqbiImuPAisO6ntkeHIuu/63EN\n6VspJc29jUixgQIcImK38pWnnvb/7BzlWWislmb+CphwoUpZxj3hQODChNz2v/Rb\nupnM3mWTfDXhGuNUvGbvHUDZ6HIrgBkmjL/xKNmumuYKhdMJJFZ/3XOKUInCa/Cd\nt7ho04gYpL/sJx589vQCCfz3c7QisT4G50PeGt/ktr/xs0T2PeyZx/I+og0WJvPE\nzueWjIkhpKUArASDr7bmYwDjNkFrhk6HNEQtb4rqsb17ANW469TqOXF4sMgQM0Pt\nCne5EoG8+xDGUMeJYqpBbeDHJe+SZ7r1hETPWB0yZSm/9BPtDx1u0bl3jR9bw1J0\n1a953X1A2F4IZ+I3505XpxtIQ3tDOZrw/GZRja5gASZFj2y5BjkQQ5htqFKV9WnW\njlGwPmOoFCMRDyfGL3lVSFiwZpKpse2kzT1NybL19BRwtA/JUTyteBezGR+XLgk6\nXbtGa+vvr7eIgtT8svA/vyZiu3qhJFtO/Z5JuwVzld2CtnY577nRulbiheQ3Dg2x\nKDofo+SOGERcTnYfCD3OtcFUiHZEBXYrBpsU9RTc3m9x1o3uAQKCAQEA75EC5uDE\neKrH8rKvs528Of0QUEdXWJX9F56FE9Qcf6OA2a6k1ifEjfRdxVzW1conSfGdtIQb\n+yxcmd8TdAwFdfEr1V3GhUb95wa2fEI1qHzc34WB3YHViA3dThSZ4UZQmYrBdGdB\nOBCpGKgQEO5UfJ68h7S+dYsmZsX/uMxSomkgc3FDAAOtdNqWK+lJ2Ag92w8G6gU0\nrqFgxwwbV9vrAHSMB3PHEYt3yZueuKKDF3+z3AXPvmQw4NUKTJ9iN4ll3nmjJtO6\nt4AeNQudawEIffkQrp8UPuSWpEOIqhCNuClbUVU0/5WqDWpq/PSogZCPxKcbGkJr\nahL0ZZnJGY+FoQKCAQEA5XKVqqnIIlyB164v/b3pdUtn+VKTUQKfnyV8fquMfZav\nI8VcvPXltgIAvYFFeIqL1eVsCpR6KlkP9CCNXW4VlVr0mZv9UBjUcZZP5A9jZpeB\nccWAaWaAMt8mNwB29Bf9KOz0lt/lDVtOfyqVdPGRCg+a/nVb8DkCNMy6im2DqIrR\nXCkzXTokn9oQ0jmoMTTIb4Hfgvh+N53ynaO1ZYX8IIDDkkoVGbOq5WPDW+CapnBd\nNR96rXZsnicsZOKOmUoBvlkr58euTNcmW4S3Aa9udJqSRRoxXQARZozpUTs25r17\ncHrGWdjvRjix6d09hjOA0RZv/o7Ak6hsFuEFMJXIyQKCAQEAwf2N+QE3d3LrmHbj\nWjI3ckmfBTLP4xcJrC+cGXNgZGc09pC6QARR4JVpvWCxQsuAxxrVFpEHy3ufvKXs\nLcNyRJA3a36VO+VBwusnqDVBGB+MB6AnigQRsitv8kMyXD5BFCRNBQJ7yHeNRj8J\nS3yCg6tShR1yQOKeBQj+S1mA7KzuLy0fEQrpUb+TbRlqx3ndBN8FPUlb4LEjGeuO\n1LVrdaHqpjo1j9p89I+EloRaXRP2xAscr1KYVeeNgIBr2wbyq5WZ7N30y5T+YPv3\ny+c5RjECNjTxAwC9j2R0bSocaG1s2c6CrRg3bMeovQ8syEYUdSzQAJKaQnn417ER\nLBaRIQKCAQABX1YV1z4jNnpwV9JhqikjUngkvaGz8lgSE59TAqOsfKI/jIapeq8N\nD6YBfCx2NB3yAZVL2ueAKVg3FZrC3E20vv6HjK9PM1bR9xwzOQRXMMDNdWj3OG27\n4CnSWmZbv2j8Pa6Y2G3+TnWBvTd3o5pCfSVoMDuEjFK/DhpviYgoEex+qKBuBlMB\nwcQn/cBLyw0H3bcAiYv3uTIiT0Begxam+x4wWdEWfkSfaqFYg1dpd3KXRsDtGLA9\noe5aDCDeOdsY0F+62y7ntsG7+mc901bNy77kOuvgqodwHZenrLr/VlLOsW1OTEXi\nHaSyyWf8zYIPvhqdYy0ztOYwnNfzGnJBAoIBAQDWfsRLI0c8aHwCrwt0TM6XQsH2\nOV8WpqFGcCvFe6nOodTDPd3uSzbhYLEtUfVbn8o3qjRfFnFTL2J9zik5Hc4HpcQf\nxnPK6AZMm9nKb18tQSLlnFKdxYtMB5/CbDvdzwAgnFpq26xr4dv6vCPsaCzT+VM5\nt5ZKTjLf3ZZLPywGR/VZndgLNG9ffjewL/4uVWGrqGJcRlYoZSOprMzPSYL3HJeZ\nlEk4K0Z5iWbDgiY6ysEGaqXnD8p+yhXJ7cbb71oInYaPiVIyOJI8D8LWkr0AYmM0\nNY6PItiYErrC7Wuec+5EoTDJaUbfxxCjtUR4ujTW0s1mDkfS5F7fzGSqh/KZ\n-----END RSA PRIVATE KEY-----\n",
        "public_key_fingerprint_md5": "54:6b:db:6f:92:6f:e6:1f:3d:74:29:2b:e3:29:37:cc",
        "public_key_fingerprint_sha256": "SHA256:6FhPDiAEAUf8kLwrU9C1S8JZ2a49XLp+L5s4nH0E1Hs",
        "public_key_openssh": "ssh-rsa AAAAB3NzaC1yc2EAAAADAQABAAACAQDWt/I67b4p7qBfle7pWL6zuKDYZcHF+nivgRMFqSIWLEhE795jgBtr0bqaveyu2UOTYxCwLBGOmeJ87FNr9nl5MqD060Dpq0QR+ewv6VmhHz5u4diW6O3zpEw+PdM/oT41Cs6ROw9HaxujyMNS4ERoU7SXJzrwqw/fGzvKQc1HlPoXea5i8P8rWW+Q5l5IyZHQzN/Z42NZQABLnF0Pf0mx9mTLYobHoXytZ1G9wYOR4UrPXM3lLW8gcNnoaPHYeIwP40fGKp1NC2w1XGvmNpD9txw44rYtkwnB2NsYHczjlMgH2Ye/hgSyuJkXN4Isy+K4n8n0oa3tUrn72/EAcTAWFVEB8EXcU4VUDqiwAgydgobwkqgdzI4uGuC7UFCinFom2Kow59iuVtQROCfJMdRXoMdzFCfT9Ql6vg2QKUoBb679HuburalmqjXxGyi/2PrBeeLwZh6QMSWqk5YLri0BmXXedtZAL0uCMr/kPBYB3MHMHodJVFMj0ODnCDg2Q7QX+xcK/ffheBuekww2n2RrW1pj4vQU33AmjOyNe1+T0N5/Q/yDmfbaj2Yr3tKpz5m7Dp2TQCQTqS5STLfparABwb+7ebfKN/xrGQxnZsN/qXoPAWkwTWkwncanGQhbSIdsmNyKxMgNCZujzR+yDW6MmVbC2jLyB4uG18GZKMqzaQ==\n",
        "public_key_pem": "-----BEGIN PUBLIC KEY-----\nMIICIjANBgkqhkiG9w0BAQEFAAOCAg8AMIICCgKCAgEA1rfyOu2+Ke6gX5Xu6Vi+\ns7ig2GXBxfp4r4ETBakiFixIRO/eY4Aba9G6mr3srtlDk2MQsCwRjpnifOxTa/Z5\neTKg9OtA6atEEfnsL+lZoR8+buHYlujt86RMPj3TP6E+NQrOkTsPR2sbo8jDUuBE\naFO0lyc68KsP3xs7ykHNR5T6F3muYvD/K1lvkOZeSMmR0Mzf2eNjWUAAS5xdD39J\nsfZky2KGx6F8rWdRvcGDkeFKz1zN5S1vIHDZ6Gjx2HiMD+NHxiqdTQtsNVxr5jaQ\n/bccOOK2LZMJwdjbGB3M45TIB9mHv4YEsriZFzeCLMviuJ/J9KGt7VK5+9vxAHEw\nFhVRAfBF3FOFVA6osAIMnYKG8JKoHcyOLhrgu1BQopxaJtiqMOfYrlbUETgnyTHU\nV6DHcxQn0/UJer4NkClKAW+u/R7m7q2pZqo18Rsov9j6wXni8GYekDElqpOWC64t\nAZl13nbWQC9LgjK/5DwWAdzBzB6HSVRTI9Dg5wg4NkO0F/sXCv334XgbnpMMNp9k\na1taY+L0FN9wJozsjXtfk9Def0P8g5n22o9mK97Sqc+Zuw6dk0AkE6kuUky36Wqw\nAcG/u3m3yjf8axkMZ2bDf6l6DwFpME1pMJ3GpxkIW0iHbJjcisTIDQmbo80fsg1u\njJlWwtoy8geLhtfBmSjKs2kCAwEAAQ==\n-----END PUBLIC KEY-----\n",
        "rsa_bits": 4096
      },
      "type": [
        "object",
        {
          "algorithm": "string",
          "ecdsa_curve": "string",
          "id": "string",
          "private_key_openssh": "string",
          "private_key_pem": "string",
          "public_key_fingerprint_md5": "string",
          "public_key_fingerprint_sha256": "string",
          "public_key_openssh": "string",
          "public_key_pem": "string",
          "rsa_bits": "number"
        }
      ],
      "sensitive": true
    },
    "vpc": {
      "value": {
        "arn": "arn:aws:ec2:us-east-1:475388737367:vpc/vpc-017681a430d0a9a0d",
        "assign_generated_ipv6_cidr_block": false,
        "cidr_block": "10.0.0.0/16",
        "default_network_acl_id": "acl-0738f59ee72cfefe5",
        "default_route_table_id": "rtb-0baaf44643b1da231",
        "default_security_group_id": "sg-0115e9079c897fe14",
        "dhcp_options_id": "dopt-eceaac8a",
        "enable_classiclink": false,
        "enable_classiclink_dns_support": false,
        "enable_dns_hostnames": false,
        "enable_dns_support": true,
        "id": "vpc-017681a430d0a9a0d",
        "instance_tenancy": "default",
        "ipv4_ipam_pool_id": null,
        "ipv4_netmask_length": null,
        "ipv6_association_id": "",
        "ipv6_cidr_block": "",
        "ipv6_cidr_block_network_border_group": "",
        "ipv6_ipam_pool_id": "",
        "ipv6_netmask_length": 0,
        "main_route_table_id": "rtb-0baaf44643b1da231",
        "owner_id": "475388737367",
        "tags": {
          "Name": "cdc-blockchain-development",
          "environment": "development",
          "org": "cdc",
          "project": "blockchain"
        },
        "tags_all": {
          "Name": "cdc-blockchain-development",
          "environment": "development",
          "org": "cdc",
          "project": "blockchain"
        }
      },
      "type": [
        "object",
        {
          "arn": "string",
          "assign_generated_ipv6_cidr_block": "bool",
          "cidr_block": "string",
          "default_network_acl_id": "string",
          "default_route_table_id": "string",
          "default_security_group_id": "string",
          "dhcp_options_id": "string",
          "enable_classiclink": "bool",
          "enable_classiclink_dns_support": "bool",
          "enable_dns_hostnames": "bool",
          "enable_dns_support": "bool",
          "id": "string",
          "instance_tenancy": "string",
          "ipv4_ipam_pool_id": "string",
          "ipv4_netmask_length": "number",
          "ipv6_association_id": "string",
          "ipv6_cidr_block": "string",
          "ipv6_cidr_block_network_border_group": "string",
          "ipv6_ipam_pool_id": "string",
          "ipv6_netmask_length": "number",
          "main_route_table_id": "string",
          "owner_id": "string",
          "tags": [
            "map",
            "string"
          ],
          "tags_all": [
            "map",
            "string"
          ]
        }
      ]
    }
  },
  "resources": [
    {
      "module": "module.bastion",
      "mode": "data",
      "type": "aws_ami",
      "name": "app",
      "provider": "provider[\"registry.terraform.io/hashicorp/aws\"]",
      "instances": [
        {
          "schema_version": 0,
          "attributes": {
            "architecture": "x86_64",
            "arn": "arn:aws:ec2:us-east-1::image/ami-0c4f7023847b90238",
            "block_device_mappings": [
              {
                "device_name": "/dev/sda1",
                "ebs": {
                  "delete_on_termination": "true",
                  "encrypted": "false",
                  "iops": "0",
                  "snapshot_id": "snap-0d588a8348d265fd4",
                  "throughput": "0",
                  "volume_size": "8",
                  "volume_type": "gp2"
                },
                "no_device": "",
                "virtual_name": ""
              },
              {
                "device_name": "/dev/sdb",
                "ebs": {},
                "no_device": "",
                "virtual_name": "ephemeral0"
              },
              {
                "device_name": "/dev/sdc",
                "ebs": {},
                "no_device": "",
                "virtual_name": "ephemeral1"
              }
            ],
            "creation_date": "2022-04-19T21:02:49.000Z",
            "description": "Canonical, Ubuntu, 20.04 LTS, amd64 focal image build on 2022-04-19",
            "ena_support": true,
            "executable_users": null,
            "filter": [
              {
                "name": "name",
                "values": [
                  "ubuntu/images/hvm-ssd/ubuntu-focal-20.04-amd64-server-*"
                ]
              },
              {
                "name": "virtualization-type",
                "values": [
                  "hvm"
                ]
              }
            ],
            "hypervisor": "xen",
            "id": "ami-0c4f7023847b90238",
            "image_id": "ami-0c4f7023847b90238",
            "image_location": "099720109477/ubuntu/images/hvm-ssd/ubuntu-focal-20.04-amd64-server-20220419",
            "image_owner_alias": null,
            "image_type": "machine",
            "kernel_id": null,
            "most_recent": true,
            "name": "ubuntu/images/hvm-ssd/ubuntu-focal-20.04-amd64-server-20220419",
            "name_regex": null,
            "owner_id": "099720109477",
            "owners": [
              "099720109477"
            ],
            "platform": null,
            "platform_details": "Linux/UNIX",
            "product_codes": [],
            "public": true,
            "ramdisk_id": null,
            "root_device_name": "/dev/sda1",
            "root_device_type": "ebs",
            "root_snapshot_id": "snap-0d588a8348d265fd4",
            "sriov_net_support": "simple",
            "state": "available",
            "state_reason": {
              "code": "UNSET",
              "message": "UNSET"
            },
            "tags": {},
            "usage_operation": "RunInstances",
            "virtualization_type": "hvm"
          },
          "sensitive_attributes": []
        }
      ]
    },
    {
      "module": "module.bastion",
      "mode": "managed",
      "type": "aws_instance",
      "name": "app",
      "provider": "provider[\"registry.terraform.io/hashicorp/aws\"]",
      "instances": [
        {
          "schema_version": 1,
          "attributes": {
            "ami": "ami-0c4f7023847b90238",
            "arn": "arn:aws:ec2:us-east-1:475388737367:instance/i-01c14253d70859df8",
            "associate_public_ip_address": true,
            "availability_zone": "us-east-1a",
            "capacity_reservation_specification": [
              {
                "capacity_reservation_preference": "open",
                "capacity_reservation_target": []
              }
            ],
            "cpu_core_count": 1,
            "cpu_threads_per_core": 2,
            "credit_specification": [
              {
                "cpu_credits": "unlimited"
              }
            ],
            "disable_api_termination": false,
            "ebs_block_device": [],
            "ebs_optimized": false,
            "enclave_options": [
              {
                "enabled": false
              }
            ],
            "ephemeral_block_device": [],
            "get_password_data": false,
            "hibernation": false,
            "host_id": null,
            "iam_instance_profile": "",
            "id": "i-01c14253d70859df8",
            "instance_initiated_shutdown_behavior": "stop",
            "instance_state": "running",
            "instance_type": "t3.micro",
            "ipv6_address_count": 0,
            "ipv6_addresses": [],
            "key_name": "cdc-blockchain-development",
            "launch_template": [],
            "metadata_options": [
              {
                "http_endpoint": "enabled",
                "http_put_response_hop_limit": 1,
                "http_tokens": "optional",
                "instance_metadata_tags": "disabled"
              }
            ],
            "monitoring": false,
            "network_interface": [],
            "outpost_arn": "",
            "password_data": "",
            "placement_group": "",
            "placement_partition_number": null,
            "primary_network_interface_id": "eni-0bc9aca5f60db97bf",
            "private_dns": "ip-10-0-0-12.ec2.internal",
            "private_ip": "10.0.0.12",
            "public_dns": "",
            "public_ip": "3.231.4.163",
            "root_block_device": [
              {
                "delete_on_termination": true,
                "device_name": "/dev/sda1",
                "encrypted": true,
                "iops": 100,
                "kms_key_id": "arn:aws:kms:us-east-1:475388737367:key/5064e0a4-9c7a-4fe7-b6a6-27ed0a45d5d9",
                "tags": null,
                "throughput": 0,
                "volume_id": "vol-02f925e408183d4cc",
                "volume_size": 8,
                "volume_type": "gp2"
              }
            ],
            "secondary_private_ips": [],
            "security_groups": [],
            "source_dest_check": true,
            "subnet_id": "subnet-01050b0a28b9b1b5f",
            "tags": {
              "Name": "bastion",
              "env": "development"
            },
            "tags_all": {
              "Name": "bastion",
              "env": "development"
            },
            "tenancy": "default",
            "timeouts": null,
            "user_data": null,
            "user_data_base64": null,
            "volume_tags": null,
            "vpc_security_group_ids": [
              "sg-0d91f751b6e97df35"
            ]
          },
          "sensitive_attributes": [],
          "private": "eyJlMmJmYjczMC1lY2FhLTExZTYtOGY4OC0zNDM2M2JjN2M0YzAiOnsiY3JlYXRlIjo2MDAwMDAwMDAwMDAsImRlbGV0ZSI6MTIwMDAwMDAwMDAwMCwidXBkYXRlIjo2MDAwMDAwMDAwMDB9LCJzY2hlbWFfdmVyc2lvbiI6IjEifQ==",
          "dependencies": [
            "module.bastion.aws_security_group.this",
            "module.bastion.data.aws_ami.app",
            "module.network.aws_subnet.public",
            "module.network.aws_vpc.main",
            "module.ssh_key.aws_key_pair.default",
            "module.ssh_key.tls_private_key.default"
          ]
        }
      ]
    },
    {
      "module": "module.bastion",
      "mode": "managed",
      "type": "aws_security_group",
      "name": "this",
      "provider": "provider[\"registry.terraform.io/hashicorp/aws\"]",
      "instances": [
        {
          "schema_version": 1,
          "attributes": {
            "arn": "arn:aws:ec2:us-east-1:475388737367:security-group/sg-0d91f751b6e97df35",
            "description": "Security group for bastion",
            "egress": [],
            "id": "sg-0d91f751b6e97df35",
            "ingress": [],
            "name": "bastion",
            "name_prefix": "",
            "owner_id": "475388737367",
            "revoke_rules_on_delete": false,
            "tags": {
              "env": "development"
            },
            "tags_all": {
              "env": "development"
            },
            "timeouts": null,
            "vpc_id": "vpc-017681a430d0a9a0d"
          },
          "sensitive_attributes": [],
          "private": "eyJlMmJmYjczMC1lY2FhLTExZTYtOGY4OC0zNDM2M2JjN2M0YzAiOnsiY3JlYXRlIjo2MDAwMDAwMDAwMDAsImRlbGV0ZSI6OTAwMDAwMDAwMDAwfSwic2NoZW1hX3ZlcnNpb24iOiIxIn0=",
          "dependencies": [
            "module.network.aws_vpc.main"
          ]
        }
      ]
    },
    {
      "module": "module.bastion",
      "mode": "managed",
      "type": "aws_security_group_rule",
      "name": "this",
      "provider": "provider[\"registry.terraform.io/hashicorp/aws\"]",
      "instances": [
        {
          "index_key": "outbound",
          "schema_version": 2,
          "attributes": {
            "cidr_blocks": [
              "0.0.0.0/0"
            ],
            "description": null,
            "from_port": 0,
            "id": "sgrule-930881102",
            "ipv6_cidr_blocks": null,
            "prefix_list_ids": null,
            "protocol": "-1",
            "security_group_id": "sg-0d91f751b6e97df35",
            "self": false,
            "source_security_group_id": null,
            "to_port": 0,
            "type": "egress"
          },
          "sensitive_attributes": [],
          "private": "eyJzY2hlbWFfdmVyc2lvbiI6IjIifQ==",
          "dependencies": [
            "module.bastion.aws_security_group.this",
            "module.network.aws_vpc.main"
          ]
        },
        {
          "index_key": "ssh",
          "schema_version": 2,
          "attributes": {
            "cidr_blocks": [
              "0.0.0.0/0"
            ],
            "description": null,
            "from_port": 22,
            "id": "sgrule-694061038",
            "ipv6_cidr_blocks": null,
            "prefix_list_ids": null,
            "protocol": "tcp",
            "security_group_id": "sg-0d91f751b6e97df35",
            "self": false,
            "source_security_group_id": null,
            "to_port": 22,
            "type": "ingress"
          },
          "sensitive_attributes": [],
          "private": "eyJzY2hlbWFfdmVyc2lvbiI6IjIifQ==",
          "dependencies": [
            "module.bastion.aws_security_group.this",
            "module.network.aws_vpc.main"
          ]
        }
      ]
    },
    {
      "module": "module.network",
      "mode": "managed",
      "type": "aws_eip",
      "name": "nat",
      "provider": "provider[\"registry.terraform.io/hashicorp/aws\"]",
      "instances": [
        {
          "schema_version": 0,
          "attributes": {
            "address": null,
            "allocation_id": "eipalloc-089bbe40b49987646",
            "associate_with_private_ip": null,
            "association_id": "eipassoc-0c287c4852882656f",
            "carrier_ip": "",
            "customer_owned_ip": "",
            "customer_owned_ipv4_pool": "",
            "domain": "vpc",
            "id": "eipalloc-089bbe40b49987646",
            "instance": "",
            "network_border_group": "us-east-1",
            "network_interface": "eni-006d32e003322fade",
            "private_dns": "ip-10-0-0-22.ec2.internal",
            "private_ip": "10.0.0.22",
            "public_dns": "ec2-3-210-19-158.compute-1.amazonaws.com",
            "public_ip": "3.210.19.158",
            "public_ipv4_pool": "amazon",
            "tags": {},
            "tags_all": {},
            "timeouts": null,
            "vpc": true
          },
          "sensitive_attributes": [],
          "private": "eyJlMmJmYjczMC1lY2FhLTExZTYtOGY4OC0zNDM2M2JjN2M0YzAiOnsiZGVsZXRlIjoxODAwMDAwMDAwMDAsInJlYWQiOjkwMDAwMDAwMDAwMCwidXBkYXRlIjozMDAwMDAwMDAwMDB9fQ=="
        }
      ]
    },
    {
      "module": "module.network",
      "mode": "managed",
      "type": "aws_internet_gateway",
      "name": "gw",
      "provider": "provider[\"registry.terraform.io/hashicorp/aws\"]",
      "instances": [
        {
          "schema_version": 0,
          "attributes": {
            "arn": "arn:aws:ec2:us-east-1:475388737367:internet-gateway/igw-0a5e900651f0c26af",
            "id": "igw-0a5e900651f0c26af",
            "owner_id": "475388737367",
            "tags": {
              "Name": "InternetGateway",
              "environment": "development",
              "org": "cdc",
              "project": "blockchain"
            },
            "tags_all": {
              "Name": "InternetGateway",
              "environment": "development",
              "org": "cdc",
              "project": "blockchain"
            },
            "vpc_id": "vpc-017681a430d0a9a0d"
          },
          "sensitive_attributes": [],
          "private": "bnVsbA==",
          "dependencies": [
            "module.network.aws_vpc.main"
          ]
        }
      ]
    },
    {
      "module": "module.network",
      "mode": "managed",
      "type": "aws_nat_gateway",
      "name": "nat",
      "provider": "provider[\"registry.terraform.io/hashicorp/aws\"]",
      "instances": [
        {
          "schema_version": 0,
          "attributes": {
            "allocation_id": "eipalloc-089bbe40b49987646",
            "connectivity_type": "public",
            "id": "nat-01e2786754b3f4809",
            "network_interface_id": "eni-006d32e003322fade",
            "private_ip": "10.0.0.22",
            "public_ip": "3.210.19.158",
            "subnet_id": "subnet-01050b0a28b9b1b5f",
            "tags": {
              "Name": "NatGateway",
              "environment": "development",
              "org": "cdc",
              "project": "blockchain"
            },
            "tags_all": {
              "Name": "NatGateway",
              "environment": "development",
              "org": "cdc",
              "project": "blockchain"
            }
          },
          "sensitive_attributes": [],
          "private": "bnVsbA==",
          "dependencies": [
            "module.network.aws_eip.nat",
            "module.network.aws_internet_gateway.gw",
            "module.network.aws_subnet.public",
            "module.network.aws_vpc.main"
          ]
        }
      ]
    },
    {
      "module": "module.network",
      "mode": "managed",
      "type": "aws_route",
      "name": "private",
      "provider": "provider[\"registry.terraform.io/hashicorp/aws\"]",
      "instances": [
        {
          "schema_version": 0,
          "attributes": {
            "carrier_gateway_id": "",
            "destination_cidr_block": "0.0.0.0/0",
            "destination_ipv6_cidr_block": "",
            "destination_prefix_list_id": "",
            "egress_only_gateway_id": "",
            "gateway_id": "",
            "id": "r-rtb-0aff3e3e7d9aaa2ef1080289494",
            "instance_id": "",
            "instance_owner_id": "",
            "local_gateway_id": "",
            "nat_gateway_id": "nat-01e2786754b3f4809",
            "network_interface_id": "",
            "origin": "CreateRoute",
            "route_table_id": "rtb-0aff3e3e7d9aaa2ef",
            "state": "active",
            "timeouts": null,
            "transit_gateway_id": "",
            "vpc_endpoint_id": "",
            "vpc_peering_connection_id": ""
          },
          "sensitive_attributes": [],
          "private": "eyJlMmJmYjczMC1lY2FhLTExZTYtOGY4OC0zNDM2M2JjN2M0YzAiOnsiY3JlYXRlIjozMDAwMDAwMDAwMDAsImRlbGV0ZSI6MzAwMDAwMDAwMDAwLCJ1cGRhdGUiOjEyMDAwMDAwMDAwMH19",
          "dependencies": [
            "module.network.aws_route_table.private",
            "module.network.aws_subnet.public",
            "module.network.aws_vpc.main",
            "module.network.aws_eip.nat",
            "module.network.aws_internet_gateway.gw",
            "module.network.aws_nat_gateway.nat"
          ]
        }
      ]
    },
    {
      "module": "module.network",
      "mode": "managed",
      "type": "aws_route",
      "name": "public",
      "provider": "provider[\"registry.terraform.io/hashicorp/aws\"]",
      "instances": [
        {
          "schema_version": 0,
          "attributes": {
            "carrier_gateway_id": "",
            "destination_cidr_block": "0.0.0.0/0",
            "destination_ipv6_cidr_block": "",
            "destination_prefix_list_id": "",
            "egress_only_gateway_id": "",
            "gateway_id": "igw-0a5e900651f0c26af",
            "id": "r-rtb-06f6b99c70b4221ba1080289494",
            "instance_id": "",
            "instance_owner_id": "",
            "local_gateway_id": "",
            "nat_gateway_id": "",
            "network_interface_id": "",
            "origin": "CreateRoute",
            "route_table_id": "rtb-06f6b99c70b4221ba",
            "state": "active",
            "timeouts": null,
            "transit_gateway_id": "",
            "vpc_endpoint_id": "",
            "vpc_peering_connection_id": ""
          },
          "sensitive_attributes": [],
          "private": "eyJlMmJmYjczMC1lY2FhLTExZTYtOGY4OC0zNDM2M2JjN2M0YzAiOnsiY3JlYXRlIjozMDAwMDAwMDAwMDAsImRlbGV0ZSI6MzAwMDAwMDAwMDAwLCJ1cGRhdGUiOjEyMDAwMDAwMDAwMH19",
          "dependencies": [
            "module.network.aws_internet_gateway.gw",
            "module.network.aws_route_table.public",
            "module.network.aws_vpc.main"
          ]
        }
      ]
    },
    {
      "module": "module.network",
      "mode": "managed",
      "type": "aws_route_table",
      "name": "private",
      "provider": "provider[\"registry.terraform.io/hashicorp/aws\"]",
      "instances": [
        {
          "schema_version": 0,
          "attributes": {
            "arn": "arn:aws:ec2:us-east-1:475388737367:route-table/rtb-0aff3e3e7d9aaa2ef",
            "id": "rtb-0aff3e3e7d9aaa2ef",
            "owner_id": "475388737367",
            "propagating_vgws": [],
            "route": [
              {
                "carrier_gateway_id": "",
                "cidr_block": "0.0.0.0/0",
                "destination_prefix_list_id": "",
                "egress_only_gateway_id": "",
                "gateway_id": "",
                "instance_id": "",
                "ipv6_cidr_block": "",
                "local_gateway_id": "",
                "nat_gateway_id": "nat-01e2786754b3f4809",
                "network_interface_id": "",
                "transit_gateway_id": "",
                "vpc_endpoint_id": "",
                "vpc_peering_connection_id": ""
              }
            ],
            "tags": {
              "Name": "private-rtb",
              "environment": "development",
              "org": "cdc",
              "project": "blockchain"
            },
            "tags_all": {
              "Name": "private-rtb",
              "environment": "development",
              "org": "cdc",
              "project": "blockchain"
            },
            "timeouts": null,
            "vpc_id": "vpc-017681a430d0a9a0d"
          },
          "sensitive_attributes": [],
          "private": "eyJlMmJmYjczMC1lY2FhLTExZTYtOGY4OC0zNDM2M2JjN2M0YzAiOnsiY3JlYXRlIjozMDAwMDAwMDAwMDAsImRlbGV0ZSI6MzAwMDAwMDAwMDAwLCJ1cGRhdGUiOjEyMDAwMDAwMDAwMH19",
          "dependencies": [
            "module.network.aws_vpc.main"
          ]
        }
      ]
    },
    {
      "module": "module.network",
      "mode": "managed",
      "type": "aws_route_table",
      "name": "public",
      "provider": "provider[\"registry.terraform.io/hashicorp/aws\"]",
      "instances": [
        {
          "schema_version": 0,
          "attributes": {
            "arn": "arn:aws:ec2:us-east-1:475388737367:route-table/rtb-06f6b99c70b4221ba",
            "id": "rtb-06f6b99c70b4221ba",
            "owner_id": "475388737367",
            "propagating_vgws": [],
            "route": [
              {
                "carrier_gateway_id": "",
                "cidr_block": "0.0.0.0/0",
                "destination_prefix_list_id": "",
                "egress_only_gateway_id": "",
                "gateway_id": "igw-0a5e900651f0c26af",
                "instance_id": "",
                "ipv6_cidr_block": "",
                "local_gateway_id": "",
                "nat_gateway_id": "",
                "network_interface_id": "",
                "transit_gateway_id": "",
                "vpc_endpoint_id": "",
                "vpc_peering_connection_id": ""
              }
            ],
            "tags": {
              "Name": "public-rtb",
              "environment": "development",
              "org": "cdc",
              "project": "blockchain"
            },
            "tags_all": {
              "Name": "public-rtb",
              "environment": "development",
              "org": "cdc",
              "project": "blockchain"
            },
            "timeouts": null,
            "vpc_id": "vpc-017681a430d0a9a0d"
          },
          "sensitive_attributes": [],
          "private": "eyJlMmJmYjczMC1lY2FhLTExZTYtOGY4OC0zNDM2M2JjN2M0YzAiOnsiY3JlYXRlIjozMDAwMDAwMDAwMDAsImRlbGV0ZSI6MzAwMDAwMDAwMDAwLCJ1cGRhdGUiOjEyMDAwMDAwMDAwMH19",
          "dependencies": [
            "module.network.aws_vpc.main"
          ]
        }
      ]
    },
    {
      "module": "module.network",
      "mode": "managed",
      "type": "aws_route_table_association",
      "name": "private",
      "provider": "provider[\"registry.terraform.io/hashicorp/aws\"]",
      "instances": [
        {
          "index_key": 0,
          "schema_version": 0,
          "attributes": {
            "gateway_id": "",
            "id": "rtbassoc-0743a77f2b38f924f",
            "route_table_id": "rtb-0aff3e3e7d9aaa2ef",
            "subnet_id": "subnet-0ebfd5d4fe15130d2"
          },
          "sensitive_attributes": [],
          "private": "bnVsbA==",
          "dependencies": [
            "module.network.aws_vpc.main",
            "module.network.aws_route_table.private",
            "module.network.aws_subnet.private"
          ]
        },
        {
          "index_key": 1,
          "schema_version": 0,
          "attributes": {
            "gateway_id": "",
            "id": "rtbassoc-019b06f993d20d8f6",
            "route_table_id": "rtb-0aff3e3e7d9aaa2ef",
            "subnet_id": "subnet-01d9e2bdc4cc8237a"
          },
          "sensitive_attributes": [],
          "private": "bnVsbA==",
          "dependencies": [
            "module.network.aws_route_table.private",
            "module.network.aws_subnet.private",
            "module.network.aws_vpc.main"
          ]
        },
        {
          "index_key": 2,
          "schema_version": 0,
          "attributes": {
            "gateway_id": "",
            "id": "rtbassoc-00cd5a4a388b1de50",
            "route_table_id": "rtb-0aff3e3e7d9aaa2ef",
            "subnet_id": "subnet-0e175744bdc2977bd"
          },
          "sensitive_attributes": [],
          "private": "bnVsbA==",
          "dependencies": [
            "module.network.aws_route_table.private",
            "module.network.aws_subnet.private",
            "module.network.aws_vpc.main"
          ]
        }
      ]
    },
    {
      "module": "module.network",
      "mode": "managed",
      "type": "aws_route_table_association",
      "name": "public",
      "provider": "provider[\"registry.terraform.io/hashicorp/aws\"]",
      "instances": [
        {
          "index_key": 0,
          "schema_version": 0,
          "attributes": {
            "gateway_id": "",
            "id": "rtbassoc-0ff07b32d069f43d5",
            "route_table_id": "rtb-06f6b99c70b4221ba",
            "subnet_id": "subnet-01050b0a28b9b1b5f"
          },
          "sensitive_attributes": [],
          "private": "bnVsbA==",
          "dependencies": [
            "module.network.aws_route_table.public",
            "module.network.aws_subnet.public",
            "module.network.aws_vpc.main"
          ]
        },
        {
          "index_key": 1,
          "schema_version": 0,
          "attributes": {
            "gateway_id": "",
            "id": "rtbassoc-00fd1e20c773cc059",
            "route_table_id": "rtb-06f6b99c70b4221ba",
            "subnet_id": "subnet-03353117b6559ce3b"
          },
          "sensitive_attributes": [],
          "private": "bnVsbA==",
          "dependencies": [
            "module.network.aws_vpc.main",
            "module.network.aws_route_table.public",
            "module.network.aws_subnet.public"
          ]
        },
        {
          "index_key": 2,
          "schema_version": 0,
          "attributes": {
            "gateway_id": "",
            "id": "rtbassoc-0b7f38c871d59aca8",
            "route_table_id": "rtb-06f6b99c70b4221ba",
            "subnet_id": "subnet-0d027f0c593e60f91"
          },
          "sensitive_attributes": [],
          "private": "bnVsbA==",
          "dependencies": [
            "module.network.aws_route_table.public",
            "module.network.aws_subnet.public",
            "module.network.aws_vpc.main"
          ]
        }
      ]
    },
    {
      "module": "module.network",
      "mode": "managed",
      "type": "aws_security_group",
      "name": "app",
      "provider": "provider[\"registry.terraform.io/hashicorp/aws\"]",
      "instances": [
        {
          "schema_version": 1,
          "attributes": {
            "arn": "arn:aws:ec2:us-east-1:475388737367:security-group/sg-09173ca5589cb670e",
            "description": "Security Group for web applications",
            "egress": [
              {
                "cidr_blocks": [
                  "0.0.0.0/0"
                ],
                "description": "Outbound traffic for app",
                "from_port": 0,
                "ipv6_cidr_blocks": [
                  "::/0"
                ],
                "prefix_list_ids": [],
                "protocol": "-1",
                "security_groups": [],
                "self": false,
                "to_port": 0
              }
            ],
            "id": "sg-09173ca5589cb670e",
            "ingress": [
              {
                "cidr_blocks": [],
                "description": "",
                "from_port": 5432,
                "ipv6_cidr_blocks": [],
                "prefix_list_ids": [],
                "protocol": "tcp",
                "security_groups": [
                  "sg-03adc0a3d66ab4323"
                ],
                "self": false,
                "to_port": 5432
              },
              {
                "cidr_blocks": [],
                "description": "",
                "from_port": 80,
                "ipv6_cidr_blocks": [],
                "prefix_list_ids": [],
                "protocol": "tcp",
                "security_groups": [
                  "sg-0766454305c0744e0"
                ],
                "self": false,
                "to_port": 80
              }
            ],
            "name": "app-sg",
            "name_prefix": "",
            "owner_id": "475388737367",
            "revoke_rules_on_delete": false,
            "tags": {
              "Name": "app-sg",
              "environment": "development",
              "org": "cdc",
              "project": "blockchain"
            },
            "tags_all": {
              "Name": "app-sg",
              "environment": "development",
              "org": "cdc",
              "project": "blockchain"
            },
            "timeouts": null,
            "vpc_id": "vpc-017681a430d0a9a0d"
          },
          "sensitive_attributes": [],
          "private": "eyJlMmJmYjczMC1lY2FhLTExZTYtOGY4OC0zNDM2M2JjN2M0YzAiOnsiY3JlYXRlIjo2MDAwMDAwMDAwMDAsImRlbGV0ZSI6OTAwMDAwMDAwMDAwfSwic2NoZW1hX3ZlcnNpb24iOiIxIn0=",
          "dependencies": [
            "module.network.aws_vpc.main"
          ]
        }
      ]
    },
    {
      "module": "module.network",
      "mode": "managed",
      "type": "aws_security_group",
      "name": "app-alb",
      "provider": "provider[\"registry.terraform.io/hashicorp/aws\"]",
      "instances": [
        {
          "schema_version": 1,
          "attributes": {
            "arn": "arn:aws:ec2:us-east-1:475388737367:security-group/sg-0766454305c0744e0",
            "description": "Security Group for application load balancers",
            "egress": [
              {
                "cidr_blocks": [],
                "description": "",
                "from_port": 80,
                "ipv6_cidr_blocks": [],
                "prefix_list_ids": [],
                "protocol": "tcp",
                "security_groups": [
                  "sg-09173ca5589cb670e"
                ],
                "self": false,
                "to_port": 80
              }
            ],
            "id": "sg-0766454305c0744e0",
            "ingress": [
              {
                "cidr_blocks": [
                  "0.0.0.0/0"
                ],
                "description": "",
                "from_port": 80,
                "ipv6_cidr_blocks": [],
                "prefix_list_ids": [],
                "protocol": "tcp",
                "security_groups": [],
                "self": false,
                "to_port": 80
              }
            ],
            "name": "alb-sg",
            "name_prefix": "",
            "owner_id": "475388737367",
            "revoke_rules_on_delete": false,
            "tags": {
              "Name": "alb-sg",
              "environment": "development",
              "org": "cdc",
              "project": "blockchain"
            },
            "tags_all": {
              "Name": "alb-sg",
              "environment": "development",
              "org": "cdc",
              "project": "blockchain"
            },
            "timeouts": null,
            "vpc_id": "vpc-017681a430d0a9a0d"
          },
          "sensitive_attributes": [],
          "private": "eyJlMmJmYjczMC1lY2FhLTExZTYtOGY4OC0zNDM2M2JjN2M0YzAiOnsiY3JlYXRlIjo2MDAwMDAwMDAwMDAsImRlbGV0ZSI6OTAwMDAwMDAwMDAwfSwic2NoZW1hX3ZlcnNpb24iOiIxIn0=",
          "dependencies": [
            "module.network.aws_vpc.main"
          ]
        }
      ]
    },
    {
      "module": "module.network",
      "mode": "managed",
      "type": "aws_security_group",
      "name": "db",
      "provider": "provider[\"registry.terraform.io/hashicorp/aws\"]",
      "instances": [
        {
          "schema_version": 1,
          "attributes": {
            "arn": "arn:aws:ec2:us-east-1:475388737367:security-group/sg-03adc0a3d66ab4323",
            "description": "Security group for Postgres running on RDS",
            "egress": [
              {
                "cidr_blocks": [],
                "description": "",
                "from_port": 5432,
                "ipv6_cidr_blocks": [],
                "prefix_list_ids": [],
                "protocol": "tcp",
                "security_groups": [
                  "sg-09173ca5589cb670e"
                ],
                "self": false,
                "to_port": 5432
              }
            ],
            "id": "sg-03adc0a3d66ab4323",
            "ingress": [
              {
                "cidr_blocks": [],
                "description": "",
                "from_port": 5432,
                "ipv6_cidr_blocks": [],
                "prefix_list_ids": [],
                "protocol": "tcp",
                "security_groups": [
                  "sg-09173ca5589cb670e"
                ],
                "self": false,
                "to_port": 5432
              }
            ],
            "name": "postgres-sg",
            "name_prefix": "",
            "owner_id": "475388737367",
            "revoke_rules_on_delete": false,
            "tags": {
              "Name": "db-sg",
              "environment": "development",
              "org": "cdc",
              "project": "blockchain"
            },
            "tags_all": {
              "Name": "db-sg",
              "environment": "development",
              "org": "cdc",
              "project": "blockchain"
            },
            "timeouts": null,
            "vpc_id": "vpc-017681a430d0a9a0d"
          },
          "sensitive_attributes": [],
          "private": "eyJlMmJmYjczMC1lY2FhLTExZTYtOGY4OC0zNDM2M2JjN2M0YzAiOnsiY3JlYXRlIjo2MDAwMDAwMDAwMDAsImRlbGV0ZSI6OTAwMDAwMDAwMDAwfSwic2NoZW1hX3ZlcnNpb24iOiIxIn0=",
          "dependencies": [
            "module.network.aws_vpc.main"
          ]
        }
      ]
    },
    {
      "module": "module.network",
      "mode": "managed",
      "type": "aws_security_group_rule",
      "name": "alb-egr",
      "provider": "provider[\"registry.terraform.io/hashicorp/aws\"]",
      "instances": [
        {
          "schema_version": 2,
          "attributes": {
            "cidr_blocks": [],
            "description": "",
            "from_port": 80,
            "id": "sgrule-429923991",
            "ipv6_cidr_blocks": [],
            "prefix_list_ids": [],
            "protocol": "tcp",
            "security_group_id": "sg-0766454305c0744e0",
            "self": false,
            "source_security_group_id": "sg-09173ca5589cb670e",
            "to_port": 80,
            "type": "egress"
          },
          "sensitive_attributes": [],
          "private": "eyJzY2hlbWFfdmVyc2lvbiI6IjIifQ==",
          "dependencies": [
            "module.network.aws_security_group.app-alb",
            "module.network.aws_vpc.main",
            "module.network.aws_security_group.app"
          ]
        }
      ]
    },
    {
      "module": "module.network",
      "mode": "managed",
      "type": "aws_security_group_rule",
      "name": "alb-ing",
      "provider": "provider[\"registry.terraform.io/hashicorp/aws\"]",
      "instances": [
        {
          "schema_version": 2,
          "attributes": {
            "cidr_blocks": [
              "0.0.0.0/0"
            ],
            "description": "",
            "from_port": 80,
            "id": "sgrule-3644819272",
            "ipv6_cidr_blocks": [],
            "prefix_list_ids": [],
            "protocol": "tcp",
            "security_group_id": "sg-0766454305c0744e0",
            "self": false,
            "source_security_group_id": null,
            "to_port": 80,
            "type": "ingress"
          },
          "sensitive_attributes": [],
          "private": "eyJzY2hlbWFfdmVyc2lvbiI6IjIifQ==",
          "dependencies": [
            "module.network.aws_security_group.app-alb",
            "module.network.aws_vpc.main"
          ]
        }
      ]
    },
    {
      "module": "module.network",
      "mode": "managed",
      "type": "aws_security_group_rule",
      "name": "alb-to-app-ing",
      "provider": "provider[\"registry.terraform.io/hashicorp/aws\"]",
      "instances": [
        {
          "schema_version": 2,
          "attributes": {
            "cidr_blocks": [],
            "description": "",
            "from_port": 80,
            "id": "sgrule-1159580246",
            "ipv6_cidr_blocks": [],
            "prefix_list_ids": [],
            "protocol": "tcp",
            "security_group_id": "sg-09173ca5589cb670e",
            "self": false,
            "source_security_group_id": "sg-0766454305c0744e0",
            "to_port": 80,
            "type": "ingress"
          },
          "sensitive_attributes": [],
          "private": "eyJzY2hlbWFfdmVyc2lvbiI6IjIifQ==",
          "dependencies": [
            "module.network.aws_security_group.app",
            "module.network.aws_security_group.app-alb",
            "module.network.aws_vpc.main"
          ]
        }
      ]
    },
    {
      "module": "module.network",
      "mode": "managed",
      "type": "aws_security_group_rule",
      "name": "app-to-db-ing",
      "provider": "provider[\"registry.terraform.io/hashicorp/aws\"]",
      "instances": [
        {
          "schema_version": 2,
          "attributes": {
            "cidr_blocks": [],
            "description": "",
            "from_port": 5432,
            "id": "sgrule-2710758094",
            "ipv6_cidr_blocks": [],
            "prefix_list_ids": [],
            "protocol": "tcp",
            "security_group_id": "sg-03adc0a3d66ab4323",
            "self": false,
            "source_security_group_id": "sg-09173ca5589cb670e",
            "to_port": 5432,
            "type": "ingress"
          },
          "sensitive_attributes": [],
          "private": "eyJzY2hlbWFfdmVyc2lvbiI6IjIifQ==",
          "dependencies": [
            "module.network.aws_security_group.app",
            "module.network.aws_security_group.db",
            "module.network.aws_vpc.main"
          ]
        }
      ]
    },
    {
      "module": "module.network",
      "mode": "managed",
      "type": "aws_security_group_rule",
      "name": "db-egr",
      "provider": "provider[\"registry.terraform.io/hashicorp/aws\"]",
      "instances": [
        {
          "schema_version": 2,
          "attributes": {
            "cidr_blocks": [],
            "description": "",
            "from_port": 5432,
            "id": "sgrule-2914093345",
            "ipv6_cidr_blocks": [],
            "prefix_list_ids": [],
            "protocol": "tcp",
            "security_group_id": "sg-03adc0a3d66ab4323",
            "self": false,
            "source_security_group_id": "sg-09173ca5589cb670e",
            "to_port": 5432,
            "type": "egress"
          },
          "sensitive_attributes": [],
          "private": "eyJzY2hlbWFfdmVyc2lvbiI6IjIifQ==",
          "dependencies": [
            "module.network.aws_security_group.app",
            "module.network.aws_security_group.db",
            "module.network.aws_vpc.main"
          ]
        }
      ]
    },
    {
      "module": "module.network",
      "mode": "managed",
      "type": "aws_security_group_rule",
      "name": "db-to-app-ing",
      "provider": "provider[\"registry.terraform.io/hashicorp/aws\"]",
      "instances": [
        {
          "schema_version": 2,
          "attributes": {
            "cidr_blocks": [],
            "description": "",
            "from_port": 5432,
            "id": "sgrule-3805375536",
            "ipv6_cidr_blocks": [],
            "prefix_list_ids": [],
            "protocol": "tcp",
            "security_group_id": "sg-09173ca5589cb670e",
            "self": false,
            "source_security_group_id": "sg-03adc0a3d66ab4323",
            "to_port": 5432,
            "type": "ingress"
          },
          "sensitive_attributes": [],
          "private": "eyJzY2hlbWFfdmVyc2lvbiI6IjIifQ==",
          "dependencies": [
            "module.network.aws_security_group.app",
            "module.network.aws_security_group.db",
            "module.network.aws_vpc.main"
          ]
        }
      ]
    },
    {
      "module": "module.network",
      "mode": "managed",
      "type": "aws_subnet",
      "name": "internal",
      "provider": "provider[\"registry.terraform.io/hashicorp/aws\"]",
      "instances": [
        {
          "index_key": 0,
          "schema_version": 1,
          "attributes": {
            "arn": "arn:aws:ec2:us-east-1:475388737367:subnet/subnet-07bc9a36ce373d7fb",
            "assign_ipv6_address_on_creation": false,
            "availability_zone": "us-east-1a",
            "availability_zone_id": "use1-az1",
            "cidr_block": "10.0.32.0/26",
            "customer_owned_ipv4_pool": "",
            "enable_dns64": false,
            "enable_resource_name_dns_a_record_on_launch": false,
            "enable_resource_name_dns_aaaa_record_on_launch": false,
            "id": "subnet-07bc9a36ce373d7fb",
            "ipv6_cidr_block": "",
            "ipv6_cidr_block_association_id": "",
            "ipv6_native": false,
            "map_customer_owned_ip_on_launch": false,
            "map_public_ip_on_launch": false,
            "outpost_arn": "",
            "owner_id": "475388737367",
            "private_dns_hostname_type_on_launch": "ip-name",
            "tags": {
              "Name": "internal-subnet-0",
              "environment": "development",
              "org": "cdc",
              "project": "blockchain",
              "type": "internal"
            },
            "tags_all": {
              "Name": "internal-subnet-0",
              "environment": "development",
              "org": "cdc",
              "project": "blockchain",
              "type": "internal"
            },
            "timeouts": null,
            "vpc_id": "vpc-017681a430d0a9a0d"
          },
          "sensitive_attributes": [],
          "private": "eyJlMmJmYjczMC1lY2FhLTExZTYtOGY4OC0zNDM2M2JjN2M0YzAiOnsiY3JlYXRlIjo2MDAwMDAwMDAwMDAsImRlbGV0ZSI6MTIwMDAwMDAwMDAwMH0sInNjaGVtYV92ZXJzaW9uIjoiMSJ9",
          "dependencies": [
            "module.network.aws_vpc.main"
          ]
        },
        {
          "index_key": 1,
          "schema_version": 1,
          "attributes": {
            "arn": "arn:aws:ec2:us-east-1:475388737367:subnet/subnet-05489fa818f78ed1d",
            "assign_ipv6_address_on_creation": false,
            "availability_zone": "us-east-1b",
            "availability_zone_id": "use1-az2",
            "cidr_block": "10.0.32.64/26",
            "customer_owned_ipv4_pool": "",
            "enable_dns64": false,
            "enable_resource_name_dns_a_record_on_launch": false,
            "enable_resource_name_dns_aaaa_record_on_launch": false,
            "id": "subnet-05489fa818f78ed1d",
            "ipv6_cidr_block": "",
            "ipv6_cidr_block_association_id": "",
            "ipv6_native": false,
            "map_customer_owned_ip_on_launch": false,
            "map_public_ip_on_launch": false,
            "outpost_arn": "",
            "owner_id": "475388737367",
            "private_dns_hostname_type_on_launch": "ip-name",
            "tags": {
              "Name": "internal-subnet-1",
              "environment": "development",
              "org": "cdc",
              "project": "blockchain",
              "type": "internal"
            },
            "tags_all": {
              "Name": "internal-subnet-1",
              "environment": "development",
              "org": "cdc",
              "project": "blockchain",
              "type": "internal"
            },
            "timeouts": null,
            "vpc_id": "vpc-017681a430d0a9a0d"
          },
          "sensitive_attributes": [],
          "private": "eyJlMmJmYjczMC1lY2FhLTExZTYtOGY4OC0zNDM2M2JjN2M0YzAiOnsiY3JlYXRlIjo2MDAwMDAwMDAwMDAsImRlbGV0ZSI6MTIwMDAwMDAwMDAwMH0sInNjaGVtYV92ZXJzaW9uIjoiMSJ9",
          "dependencies": [
            "module.network.aws_vpc.main"
          ]
        },
        {
          "index_key": 2,
          "schema_version": 1,
          "attributes": {
            "arn": "arn:aws:ec2:us-east-1:475388737367:subnet/subnet-05dd637fcb6b85f9f",
            "assign_ipv6_address_on_creation": false,
            "availability_zone": "us-east-1c",
            "availability_zone_id": "use1-az4",
            "cidr_block": "10.0.32.128/26",
            "customer_owned_ipv4_pool": "",
            "enable_dns64": false,
            "enable_resource_name_dns_a_record_on_launch": false,
            "enable_resource_name_dns_aaaa_record_on_launch": false,
            "id": "subnet-05dd637fcb6b85f9f",
            "ipv6_cidr_block": "",
            "ipv6_cidr_block_association_id": "",
            "ipv6_native": false,
            "map_customer_owned_ip_on_launch": false,
            "map_public_ip_on_launch": false,
            "outpost_arn": "",
            "owner_id": "475388737367",
            "private_dns_hostname_type_on_launch": "ip-name",
            "tags": {
              "Name": "internal-subnet-2",
              "environment": "development",
              "org": "cdc",
              "project": "blockchain",
              "type": "internal"
            },
            "tags_all": {
              "Name": "internal-subnet-2",
              "environment": "development",
              "org": "cdc",
              "project": "blockchain",
              "type": "internal"
            },
            "timeouts": null,
            "vpc_id": "vpc-017681a430d0a9a0d"
          },
          "sensitive_attributes": [],
          "private": "eyJlMmJmYjczMC1lY2FhLTExZTYtOGY4OC0zNDM2M2JjN2M0YzAiOnsiY3JlYXRlIjo2MDAwMDAwMDAwMDAsImRlbGV0ZSI6MTIwMDAwMDAwMDAwMH0sInNjaGVtYV92ZXJzaW9uIjoiMSJ9",
          "dependencies": [
            "module.network.aws_vpc.main"
          ]
        }
      ]
    },
    {
      "module": "module.network",
      "mode": "managed",
      "type": "aws_subnet",
      "name": "private",
      "provider": "provider[\"registry.terraform.io/hashicorp/aws\"]",
      "instances": [
        {
          "index_key": 0,
          "schema_version": 1,
          "attributes": {
            "arn": "arn:aws:ec2:us-east-1:475388737367:subnet/subnet-0ebfd5d4fe15130d2",
            "assign_ipv6_address_on_creation": false,
            "availability_zone": "us-east-1a",
            "availability_zone_id": "use1-az1",
            "cidr_block": "10.0.16.0/26",
            "customer_owned_ipv4_pool": "",
            "enable_dns64": false,
            "enable_resource_name_dns_a_record_on_launch": false,
            "enable_resource_name_dns_aaaa_record_on_launch": false,
            "id": "subnet-0ebfd5d4fe15130d2",
            "ipv6_cidr_block": "",
            "ipv6_cidr_block_association_id": "",
            "ipv6_native": false,
            "map_customer_owned_ip_on_launch": false,
            "map_public_ip_on_launch": false,
            "outpost_arn": "",
            "owner_id": "475388737367",
            "private_dns_hostname_type_on_launch": "ip-name",
            "tags": {
              "Name": "private-subnet-0",
              "environment": "development",
              "org": "cdc",
              "project": "blockchain",
              "type": "private"
            },
            "tags_all": {
              "Name": "private-subnet-0",
              "environment": "development",
              "org": "cdc",
              "project": "blockchain",
              "type": "private"
            },
            "timeouts": null,
            "vpc_id": "vpc-017681a430d0a9a0d"
          },
          "sensitive_attributes": [],
          "private": "eyJlMmJmYjczMC1lY2FhLTExZTYtOGY4OC0zNDM2M2JjN2M0YzAiOnsiY3JlYXRlIjo2MDAwMDAwMDAwMDAsImRlbGV0ZSI6MTIwMDAwMDAwMDAwMH0sInNjaGVtYV92ZXJzaW9uIjoiMSJ9",
          "dependencies": [
            "module.network.aws_vpc.main"
          ]
        },
        {
          "index_key": 1,
          "schema_version": 1,
          "attributes": {
            "arn": "arn:aws:ec2:us-east-1:475388737367:subnet/subnet-01d9e2bdc4cc8237a",
            "assign_ipv6_address_on_creation": false,
            "availability_zone": "us-east-1b",
            "availability_zone_id": "use1-az2",
            "cidr_block": "10.0.16.64/26",
            "customer_owned_ipv4_pool": "",
            "enable_dns64": false,
            "enable_resource_name_dns_a_record_on_launch": false,
            "enable_resource_name_dns_aaaa_record_on_launch": false,
            "id": "subnet-01d9e2bdc4cc8237a",
            "ipv6_cidr_block": "",
            "ipv6_cidr_block_association_id": "",
            "ipv6_native": false,
            "map_customer_owned_ip_on_launch": false,
            "map_public_ip_on_launch": false,
            "outpost_arn": "",
            "owner_id": "475388737367",
            "private_dns_hostname_type_on_launch": "ip-name",
            "tags": {
              "Name": "private-subnet-1",
              "environment": "development",
              "org": "cdc",
              "project": "blockchain",
              "type": "private"
            },
            "tags_all": {
              "Name": "private-subnet-1",
              "environment": "development",
              "org": "cdc",
              "project": "blockchain",
              "type": "private"
            },
            "timeouts": null,
            "vpc_id": "vpc-017681a430d0a9a0d"
          },
          "sensitive_attributes": [],
          "private": "eyJlMmJmYjczMC1lY2FhLTExZTYtOGY4OC0zNDM2M2JjN2M0YzAiOnsiY3JlYXRlIjo2MDAwMDAwMDAwMDAsImRlbGV0ZSI6MTIwMDAwMDAwMDAwMH0sInNjaGVtYV92ZXJzaW9uIjoiMSJ9",
          "dependencies": [
            "module.network.aws_vpc.main"
          ]
        },
        {
          "index_key": 2,
          "schema_version": 1,
          "attributes": {
            "arn": "arn:aws:ec2:us-east-1:475388737367:subnet/subnet-0e175744bdc2977bd",
            "assign_ipv6_address_on_creation": false,
            "availability_zone": "us-east-1c",
            "availability_zone_id": "use1-az4",
            "cidr_block": "10.0.16.128/26",
            "customer_owned_ipv4_pool": "",
            "enable_dns64": false,
            "enable_resource_name_dns_a_record_on_launch": false,
            "enable_resource_name_dns_aaaa_record_on_launch": false,
            "id": "subnet-0e175744bdc2977bd",
            "ipv6_cidr_block": "",
            "ipv6_cidr_block_association_id": "",
            "ipv6_native": false,
            "map_customer_owned_ip_on_launch": false,
            "map_public_ip_on_launch": false,
            "outpost_arn": "",
            "owner_id": "475388737367",
            "private_dns_hostname_type_on_launch": "ip-name",
            "tags": {
              "Name": "private-subnet-2",
              "environment": "development",
              "org": "cdc",
              "project": "blockchain",
              "type": "private"
            },
            "tags_all": {
              "Name": "private-subnet-2",
              "environment": "development",
              "org": "cdc",
              "project": "blockchain",
              "type": "private"
            },
            "timeouts": null,
            "vpc_id": "vpc-017681a430d0a9a0d"
          },
          "sensitive_attributes": [],
          "private": "eyJlMmJmYjczMC1lY2FhLTExZTYtOGY4OC0zNDM2M2JjN2M0YzAiOnsiY3JlYXRlIjo2MDAwMDAwMDAwMDAsImRlbGV0ZSI6MTIwMDAwMDAwMDAwMH0sInNjaGVtYV92ZXJzaW9uIjoiMSJ9",
          "dependencies": [
            "module.network.aws_vpc.main"
          ]
        }
      ]
    },
    {
      "module": "module.network",
      "mode": "managed",
      "type": "aws_subnet",
      "name": "public",
      "provider": "provider[\"registry.terraform.io/hashicorp/aws\"]",
      "instances": [
        {
          "index_key": 0,
          "schema_version": 1,
          "attributes": {
            "arn": "arn:aws:ec2:us-east-1:475388737367:subnet/subnet-01050b0a28b9b1b5f",
            "assign_ipv6_address_on_creation": false,
            "availability_zone": "us-east-1a",
            "availability_zone_id": "use1-az1",
            "cidr_block": "10.0.0.0/26",
            "customer_owned_ipv4_pool": "",
            "enable_dns64": false,
            "enable_resource_name_dns_a_record_on_launch": false,
            "enable_resource_name_dns_aaaa_record_on_launch": false,
            "id": "subnet-01050b0a28b9b1b5f",
            "ipv6_cidr_block": "",
            "ipv6_cidr_block_association_id": "",
            "ipv6_native": false,
            "map_customer_owned_ip_on_launch": false,
            "map_public_ip_on_launch": false,
            "outpost_arn": "",
            "owner_id": "475388737367",
            "private_dns_hostname_type_on_launch": "ip-name",
            "tags": {
              "Name": "public-subnet-0",
              "environment": "development",
              "org": "cdc",
              "project": "blockchain",
              "type": "public"
            },
            "tags_all": {
              "Name": "public-subnet-0",
              "environment": "development",
              "org": "cdc",
              "project": "blockchain",
              "type": "public"
            },
            "timeouts": null,
            "vpc_id": "vpc-017681a430d0a9a0d"
          },
          "sensitive_attributes": [],
          "private": "eyJlMmJmYjczMC1lY2FhLTExZTYtOGY4OC0zNDM2M2JjN2M0YzAiOnsiY3JlYXRlIjo2MDAwMDAwMDAwMDAsImRlbGV0ZSI6MTIwMDAwMDAwMDAwMH0sInNjaGVtYV92ZXJzaW9uIjoiMSJ9",
          "dependencies": [
            "module.network.aws_vpc.main"
          ]
        },
        {
          "index_key": 1,
          "schema_version": 1,
          "attributes": {
            "arn": "arn:aws:ec2:us-east-1:475388737367:subnet/subnet-03353117b6559ce3b",
            "assign_ipv6_address_on_creation": false,
            "availability_zone": "us-east-1b",
            "availability_zone_id": "use1-az2",
            "cidr_block": "10.0.0.64/26",
            "customer_owned_ipv4_pool": "",
            "enable_dns64": false,
            "enable_resource_name_dns_a_record_on_launch": false,
            "enable_resource_name_dns_aaaa_record_on_launch": false,
            "id": "subnet-03353117b6559ce3b",
            "ipv6_cidr_block": "",
            "ipv6_cidr_block_association_id": "",
            "ipv6_native": false,
            "map_customer_owned_ip_on_launch": false,
            "map_public_ip_on_launch": false,
            "outpost_arn": "",
            "owner_id": "475388737367",
            "private_dns_hostname_type_on_launch": "ip-name",
            "tags": {
              "Name": "public-subnet-1",
              "environment": "development",
              "org": "cdc",
              "project": "blockchain",
              "type": "public"
            },
            "tags_all": {
              "Name": "public-subnet-1",
              "environment": "development",
              "org": "cdc",
              "project": "blockchain",
              "type": "public"
            },
            "timeouts": null,
            "vpc_id": "vpc-017681a430d0a9a0d"
          },
          "sensitive_attributes": [],
          "private": "eyJlMmJmYjczMC1lY2FhLTExZTYtOGY4OC0zNDM2M2JjN2M0YzAiOnsiY3JlYXRlIjo2MDAwMDAwMDAwMDAsImRlbGV0ZSI6MTIwMDAwMDAwMDAwMH0sInNjaGVtYV92ZXJzaW9uIjoiMSJ9",
          "dependencies": [
            "module.network.aws_vpc.main"
          ]
        },
        {
          "index_key": 2,
          "schema_version": 1,
          "attributes": {
            "arn": "arn:aws:ec2:us-east-1:475388737367:subnet/subnet-0d027f0c593e60f91",
            "assign_ipv6_address_on_creation": false,
            "availability_zone": "us-east-1c",
            "availability_zone_id": "use1-az4",
            "cidr_block": "10.0.0.128/26",
            "customer_owned_ipv4_pool": "",
            "enable_dns64": false,
            "enable_resource_name_dns_a_record_on_launch": false,
            "enable_resource_name_dns_aaaa_record_on_launch": false,
            "id": "subnet-0d027f0c593e60f91",
            "ipv6_cidr_block": "",
            "ipv6_cidr_block_association_id": "",
            "ipv6_native": false,
            "map_customer_owned_ip_on_launch": false,
            "map_public_ip_on_launch": false,
            "outpost_arn": "",
            "owner_id": "475388737367",
            "private_dns_hostname_type_on_launch": "ip-name",
            "tags": {
              "Name": "public-subnet-2",
              "environment": "development",
              "org": "cdc",
              "project": "blockchain",
              "type": "public"
            },
            "tags_all": {
              "Name": "public-subnet-2",
              "environment": "development",
              "org": "cdc",
              "project": "blockchain",
              "type": "public"
            },
            "timeouts": null,
            "vpc_id": "vpc-017681a430d0a9a0d"
          },
          "sensitive_attributes": [],
          "private": "eyJlMmJmYjczMC1lY2FhLTExZTYtOGY4OC0zNDM2M2JjN2M0YzAiOnsiY3JlYXRlIjo2MDAwMDAwMDAwMDAsImRlbGV0ZSI6MTIwMDAwMDAwMDAwMH0sInNjaGVtYV92ZXJzaW9uIjoiMSJ9",
          "dependencies": [
            "module.network.aws_vpc.main"
          ]
        }
      ]
    },
    {
      "module": "module.network",
      "mode": "managed",
      "type": "aws_vpc",
      "name": "main",
      "provider": "provider[\"registry.terraform.io/hashicorp/aws\"]",
      "instances": [
        {
          "schema_version": 1,
          "attributes": {
            "arn": "arn:aws:ec2:us-east-1:475388737367:vpc/vpc-017681a430d0a9a0d",
            "assign_generated_ipv6_cidr_block": false,
            "cidr_block": "10.0.0.0/16",
            "default_network_acl_id": "acl-0738f59ee72cfefe5",
            "default_route_table_id": "rtb-0baaf44643b1da231",
            "default_security_group_id": "sg-0115e9079c897fe14",
            "dhcp_options_id": "dopt-eceaac8a",
            "enable_classiclink": false,
            "enable_classiclink_dns_support": false,
            "enable_dns_hostnames": false,
            "enable_dns_support": true,
            "id": "vpc-017681a430d0a9a0d",
            "instance_tenancy": "default",
            "ipv4_ipam_pool_id": null,
            "ipv4_netmask_length": null,
            "ipv6_association_id": "",
            "ipv6_cidr_block": "",
            "ipv6_cidr_block_network_border_group": "",
            "ipv6_ipam_pool_id": "",
            "ipv6_netmask_length": 0,
            "main_route_table_id": "rtb-0baaf44643b1da231",
            "owner_id": "475388737367",
            "tags": {
              "Name": "cdc-blockchain-development",
              "environment": "development",
              "org": "cdc",
              "project": "blockchain"
            },
            "tags_all": {
              "Name": "cdc-blockchain-development",
              "environment": "development",
              "org": "cdc",
              "project": "blockchain"
            }
          },
          "sensitive_attributes": [],
          "private": "eyJzY2hlbWFfdmVyc2lvbiI6IjEifQ=="
        }
      ]
    },
    {
      "module": "module.ssh_key",
      "mode": "managed",
      "type": "aws_key_pair",
      "name": "default",
      "provider": "provider[\"registry.terraform.io/hashicorp/aws\"]",
      "instances": [
        {
          "schema_version": 1,
          "attributes": {
            "arn": "arn:aws:ec2:us-east-1:475388737367:key-pair/cdc-blockchain-development",
            "fingerprint": "72:98:fe:e9:1e:13:9e:ae:17:6a:10:12:e7:5c:4d:5b",
            "id": "cdc-blockchain-development",
            "key_name": "cdc-blockchain-development",
            "key_name_prefix": "",
            "key_pair_id": "key-0c62c78afdac0104a",
            "public_key": "ssh-rsa AAAAB3NzaC1yc2EAAAADAQABAAACAQDWt/I67b4p7qBfle7pWL6zuKDYZcHF+nivgRMFqSIWLEhE795jgBtr0bqaveyu2UOTYxCwLBGOmeJ87FNr9nl5MqD060Dpq0QR+ewv6VmhHz5u4diW6O3zpEw+PdM/oT41Cs6ROw9HaxujyMNS4ERoU7SXJzrwqw/fGzvKQc1HlPoXea5i8P8rWW+Q5l5IyZHQzN/Z42NZQABLnF0Pf0mx9mTLYobHoXytZ1G9wYOR4UrPXM3lLW8gcNnoaPHYeIwP40fGKp1NC2w1XGvmNpD9txw44rYtkwnB2NsYHczjlMgH2Ye/hgSyuJkXN4Isy+K4n8n0oa3tUrn72/EAcTAWFVEB8EXcU4VUDqiwAgydgobwkqgdzI4uGuC7UFCinFom2Kow59iuVtQROCfJMdRXoMdzFCfT9Ql6vg2QKUoBb679HuburalmqjXxGyi/2PrBeeLwZh6QMSWqk5YLri0BmXXedtZAL0uCMr/kPBYB3MHMHodJVFMj0ODnCDg2Q7QX+xcK/ffheBuekww2n2RrW1pj4vQU33AmjOyNe1+T0N5/Q/yDmfbaj2Yr3tKpz5m7Dp2TQCQTqS5STLfparABwb+7ebfKN/xrGQxnZsN/qXoPAWkwTWkwncanGQhbSIdsmNyKxMgNCZujzR+yDW6MmVbC2jLyB4uG18GZKMqzaQ==",
            "tags": {
              "environment": "development",
              "org": "cdc",
              "project": "blockchain"
            },
            "tags_all": {
              "environment": "development",
              "org": "cdc",
              "project": "blockchain"
            }
          },
          "sensitive_attributes": [],
          "private": "eyJzY2hlbWFfdmVyc2lvbiI6IjEifQ==",
          "dependencies": [
            "module.ssh_key.tls_private_key.default"
          ]
        }
      ]
    },
    {
      "module": "module.ssh_key",
      "mode": "managed",
      "type": "tls_private_key",
      "name": "default",
      "provider": "provider[\"registry.terraform.io/hashicorp/tls\"]",
      "instances": [
        {
          "schema_version": 0,
          "attributes": {
            "algorithm": "RSA",
            "ecdsa_curve": "P224",
            "id": "33dc8be084aa5d0d70581c18a40d9c7caf95cad9",
            "private_key_openssh": "-----BEGIN OPENSSH PRIVATE KEY-----\nb3BlbnNzaC1rZXktdjEAAAAABG5vbmUAAAAEbm9uZQAAAAAAAAABAAACFwAAAAdz\nc2gtcnNhAAAAAwEAAQAAAgEA1rfyOu2+Ke6gX5Xu6Vi+s7ig2GXBxfp4r4ETBaki\nFixIRO/eY4Aba9G6mr3srtlDk2MQsCwRjpnifOxTa/Z5eTKg9OtA6atEEfnsL+lZ\noR8+buHYlujt86RMPj3TP6E+NQrOkTsPR2sbo8jDUuBEaFO0lyc68KsP3xs7ykHN\nR5T6F3muYvD/K1lvkOZeSMmR0Mzf2eNjWUAAS5xdD39JsfZky2KGx6F8rWdRvcGD\nkeFKz1zN5S1vIHDZ6Gjx2HiMD+NHxiqdTQtsNVxr5jaQ/bccOOK2LZMJwdjbGB3M\n45TIB9mHv4YEsriZFzeCLMviuJ/J9KGt7VK5+9vxAHEwFhVRAfBF3FOFVA6osAIM\nnYKG8JKoHcyOLhrgu1BQopxaJtiqMOfYrlbUETgnyTHUV6DHcxQn0/UJer4NkClK\nAW+u/R7m7q2pZqo18Rsov9j6wXni8GYekDElqpOWC64tAZl13nbWQC9LgjK/5DwW\nAdzBzB6HSVRTI9Dg5wg4NkO0F/sXCv334XgbnpMMNp9ka1taY+L0FN9wJozsjXtf\nk9Def0P8g5n22o9mK97Sqc+Zuw6dk0AkE6kuUky36WqwAcG/u3m3yjf8axkMZ2bD\nf6l6DwFpME1pMJ3GpxkIW0iHbJjcisTIDQmbo80fsg1ujJlWwtoy8geLhtfBmSjK\ns2kAAAc441xL6uNcS+oAAAAHc3NoLXJzYQAAAgEA1rfyOu2+Ke6gX5Xu6Vi+s7ig\n2GXBxfp4r4ETBakiFixIRO/eY4Aba9G6mr3srtlDk2MQsCwRjpnifOxTa/Z5eTKg\n9OtA6atEEfnsL+lZoR8+buHYlujt86RMPj3TP6E+NQrOkTsPR2sbo8jDUuBEaFO0\nlyc68KsP3xs7ykHNR5T6F3muYvD/K1lvkOZeSMmR0Mzf2eNjWUAAS5xdD39JsfZk\ny2KGx6F8rWdRvcGDkeFKz1zN5S1vIHDZ6Gjx2HiMD+NHxiqdTQtsNVxr5jaQ/bcc\nOOK2LZMJwdjbGB3M45TIB9mHv4YEsriZFzeCLMviuJ/J9KGt7VK5+9vxAHEwFhVR\nAfBF3FOFVA6osAIMnYKG8JKoHcyOLhrgu1BQopxaJtiqMOfYrlbUETgnyTHUV6DH\ncxQn0/UJer4NkClKAW+u/R7m7q2pZqo18Rsov9j6wXni8GYekDElqpOWC64tAZl1\n3nbWQC9LgjK/5DwWAdzBzB6HSVRTI9Dg5wg4NkO0F/sXCv334XgbnpMMNp9ka1ta\nY+L0FN9wJozsjXtfk9Def0P8g5n22o9mK97Sqc+Zuw6dk0AkE6kuUky36WqwAcG/\nu3m3yjf8axkMZ2bDf6l6DwFpME1pMJ3GpxkIW0iHbJjcisTIDQmbo80fsg1ujJlW\nwtoy8geLhtfBmSjKs2kAAAADAQABAAACAHuTRk/wAB/1/ErG6cdWkfqxabDhb5JX\nwxmO+bmqS7njJny2aJFva1i0Tec9I3jGBgRPYY1i73/YxOcMxD5AjkzYfJY4xxU0\nwmpuIia48CKw7qe2R4ci67/rcQ3pWyklzb2NSLGBAhwiYrfylaee9v/sHOVZaKyW\nZv4KmHChSlnGPeFA4MKE3Pa/9Fu6mczeZZN8NeEa41S8Zu8dQNnociuAGSaMv/Eo\n2a6a5gqF0wkkVn/dc4pQicJr8J23uGjTiBikv+wnHnz29AIJ/PdztCKxPgbnQ94a\n3+S2v/GzRPY97JnH8j6iDRYm88TO55aMiSGkpQCsBIOvtuZjAOM2QWuGToc0RC1v\niuqxvXsA1bjr1Oo5cXiwyBAzQ+0Kd7kSgbz7EMZQx4liqkFt4Mcl75JnuvWERM9Y\nHTJlKb/0E+0PHW7RuXeNH1vDUnTVr3ndfUDYXghn4jfnTlenG0hDe0M5mvD8ZlGN\nrmABJkWPbLkGORBDmG2oUpX1adaOUbA+Y6gUIxEPJ8YveVVIWLBmkqmx7aTNPU3J\nsvX0FHC0D8lRPK14F7MZH5cuCTpdu0Zr6++vt4iC1Pyy8D+/JmK7eqEkW079nkm7\nBXOV3YK2djnvudG6VuKF5DcODbEoOh+j5I4YRFxOdh8IPc61wVSIdkQFdisGmxT1\nFNzeb3HWje4BAAABAQDWfsRLI0c8aHwCrwt0TM6XQsH2OV8WpqFGcCvFe6nOodTD\nPd3uSzbhYLEtUfVbn8o3qjRfFnFTL2J9zik5Hc4HpcQfxnPK6AZMm9nKb18tQSLl\nnFKdxYtMB5/CbDvdzwAgnFpq26xr4dv6vCPsaCzT+VM5t5ZKTjLf3ZZLPywGR/VZ\nndgLNG9ffjewL/4uVWGrqGJcRlYoZSOprMzPSYL3HJeZlEk4K0Z5iWbDgiY6ysEG\naqXnD8p+yhXJ7cbb71oInYaPiVIyOJI8D8LWkr0AYmM0NY6PItiYErrC7Wuec+5E\noTDJaUbfxxCjtUR4ujTW0s1mDkfS5F7fzGSqh/KZAAABAQDvkQLm4MR4qsfysq+z\nnbw5/RBQR1dYlf0XnoUT1Bx/o4DZrqTWJ8SN9F3FXNbVyidJ8Z20hBv7LFyZ3xN0\nDAV18SvVXcaFRv3nBrZ8QjWofNzfhYHdgdWIDd1OFJnhRlCZisF0Z0E4EKkYqBAQ\n7lR8nryHtL51iyZmxf+4zFKiaSBzcUMAA6102pYr6UnYCD3bDwbqBTSuoWDHDBtX\n2+sAdIwHc8cRi3fJm564ooMXf7PcBc++ZDDg1QpMn2I3iWXeeaMm07q3gB41C51r\nAQh9+RCunxQ+5JakQ4iqEI24KVtRVTT/laoNamr89KiBkI/EpxsaQmtqEvRlmckZ\nj4WhAAABAQDlcpWqqcgiXIHXri/9vel1S2f5UpNRAp+fJXx+q4x9lq8jxVy89eW2\nAgC9gUV4iovV5WwKlHoqWQ/0II1dbhWVWvSZm/1QGNRxlk/kD2Nml4FxxYBpZoAy\n3yY3AHb0F/0o7PSW3+UNW05/KpV08ZEKD5r+dVvwOQI0zLqKbYOoitFcKTNdOiSf\n2hDSOagxNMhvgd+C+H43nfKdo7VlhfwggMOSShUZs6rlY8Nb4JqmcF01H3qtdmye\nJyxk4o6ZSgG+WSvnx65M1yZbhLcBr250mpJFGjFdABFmjOlROzbmvXtwesZZ2O9G\nOLHp3T2GM4DRFm/+jsCTqGwW4QUwlcjJAAAAAAEC\n-----END OPENSSH PRIVATE KEY-----\n",
            "private_key_pem": "-----BEGIN RSA PRIVATE KEY-----\nMIIJKQIBAAKCAgEA1rfyOu2+Ke6gX5Xu6Vi+s7ig2GXBxfp4r4ETBakiFixIRO/e\nY4Aba9G6mr3srtlDk2MQsCwRjpnifOxTa/Z5eTKg9OtA6atEEfnsL+lZoR8+buHY\nlujt86RMPj3TP6E+NQrOkTsPR2sbo8jDUuBEaFO0lyc68KsP3xs7ykHNR5T6F3mu\nYvD/K1lvkOZeSMmR0Mzf2eNjWUAAS5xdD39JsfZky2KGx6F8rWdRvcGDkeFKz1zN\n5S1vIHDZ6Gjx2HiMD+NHxiqdTQtsNVxr5jaQ/bccOOK2LZMJwdjbGB3M45TIB9mH\nv4YEsriZFzeCLMviuJ/J9KGt7VK5+9vxAHEwFhVRAfBF3FOFVA6osAIMnYKG8JKo\nHcyOLhrgu1BQopxaJtiqMOfYrlbUETgnyTHUV6DHcxQn0/UJer4NkClKAW+u/R7m\n7q2pZqo18Rsov9j6wXni8GYekDElqpOWC64tAZl13nbWQC9LgjK/5DwWAdzBzB6H\nSVRTI9Dg5wg4NkO0F/sXCv334XgbnpMMNp9ka1taY+L0FN9wJozsjXtfk9Def0P8\ng5n22o9mK97Sqc+Zuw6dk0AkE6kuUky36WqwAcG/u3m3yjf8axkMZ2bDf6l6DwFp\nME1pMJ3GpxkIW0iHbJjcisTIDQmbo80fsg1ujJlWwtoy8geLhtfBmSjKs2kCAwEA\nAQKCAgB7k0ZP8AAf9fxKxunHVpH6sWmw4W+SV8MZjvm5qku54yZ8tmiRb2tYtE3n\nPSN4xgYET2GNYu9/2MTnDMQ+QI5M2HyWOMcVNMJqbiImuPAisO6ntkeHIuu/63EN\n6VspJc29jUixgQIcImK38pWnnvb/7BzlWWislmb+CphwoUpZxj3hQODChNz2v/Rb\nupnM3mWTfDXhGuNUvGbvHUDZ6HIrgBkmjL/xKNmumuYKhdMJJFZ/3XOKUInCa/Cd\nt7ho04gYpL/sJx589vQCCfz3c7QisT4G50PeGt/ktr/xs0T2PeyZx/I+og0WJvPE\nzueWjIkhpKUArASDr7bmYwDjNkFrhk6HNEQtb4rqsb17ANW469TqOXF4sMgQM0Pt\nCne5EoG8+xDGUMeJYqpBbeDHJe+SZ7r1hETPWB0yZSm/9BPtDx1u0bl3jR9bw1J0\n1a953X1A2F4IZ+I3505XpxtIQ3tDOZrw/GZRja5gASZFj2y5BjkQQ5htqFKV9WnW\njlGwPmOoFCMRDyfGL3lVSFiwZpKpse2kzT1NybL19BRwtA/JUTyteBezGR+XLgk6\nXbtGa+vvr7eIgtT8svA/vyZiu3qhJFtO/Z5JuwVzld2CtnY577nRulbiheQ3Dg2x\nKDofo+SOGERcTnYfCD3OtcFUiHZEBXYrBpsU9RTc3m9x1o3uAQKCAQEA75EC5uDE\neKrH8rKvs528Of0QUEdXWJX9F56FE9Qcf6OA2a6k1ifEjfRdxVzW1conSfGdtIQb\n+yxcmd8TdAwFdfEr1V3GhUb95wa2fEI1qHzc34WB3YHViA3dThSZ4UZQmYrBdGdB\nOBCpGKgQEO5UfJ68h7S+dYsmZsX/uMxSomkgc3FDAAOtdNqWK+lJ2Ag92w8G6gU0\nrqFgxwwbV9vrAHSMB3PHEYt3yZueuKKDF3+z3AXPvmQw4NUKTJ9iN4ll3nmjJtO6\nt4AeNQudawEIffkQrp8UPuSWpEOIqhCNuClbUVU0/5WqDWpq/PSogZCPxKcbGkJr\nahL0ZZnJGY+FoQKCAQEA5XKVqqnIIlyB164v/b3pdUtn+VKTUQKfnyV8fquMfZav\nI8VcvPXltgIAvYFFeIqL1eVsCpR6KlkP9CCNXW4VlVr0mZv9UBjUcZZP5A9jZpeB\nccWAaWaAMt8mNwB29Bf9KOz0lt/lDVtOfyqVdPGRCg+a/nVb8DkCNMy6im2DqIrR\nXCkzXTokn9oQ0jmoMTTIb4Hfgvh+N53ynaO1ZYX8IIDDkkoVGbOq5WPDW+CapnBd\nNR96rXZsnicsZOKOmUoBvlkr58euTNcmW4S3Aa9udJqSRRoxXQARZozpUTs25r17\ncHrGWdjvRjix6d09hjOA0RZv/o7Ak6hsFuEFMJXIyQKCAQEAwf2N+QE3d3LrmHbj\nWjI3ckmfBTLP4xcJrC+cGXNgZGc09pC6QARR4JVpvWCxQsuAxxrVFpEHy3ufvKXs\nLcNyRJA3a36VO+VBwusnqDVBGB+MB6AnigQRsitv8kMyXD5BFCRNBQJ7yHeNRj8J\nS3yCg6tShR1yQOKeBQj+S1mA7KzuLy0fEQrpUb+TbRlqx3ndBN8FPUlb4LEjGeuO\n1LVrdaHqpjo1j9p89I+EloRaXRP2xAscr1KYVeeNgIBr2wbyq5WZ7N30y5T+YPv3\ny+c5RjECNjTxAwC9j2R0bSocaG1s2c6CrRg3bMeovQ8syEYUdSzQAJKaQnn417ER\nLBaRIQKCAQABX1YV1z4jNnpwV9JhqikjUngkvaGz8lgSE59TAqOsfKI/jIapeq8N\nD6YBfCx2NB3yAZVL2ueAKVg3FZrC3E20vv6HjK9PM1bR9xwzOQRXMMDNdWj3OG27\n4CnSWmZbv2j8Pa6Y2G3+TnWBvTd3o5pCfSVoMDuEjFK/DhpviYgoEex+qKBuBlMB\nwcQn/cBLyw0H3bcAiYv3uTIiT0Begxam+x4wWdEWfkSfaqFYg1dpd3KXRsDtGLA9\noe5aDCDeOdsY0F+62y7ntsG7+mc901bNy77kOuvgqodwHZenrLr/VlLOsW1OTEXi\nHaSyyWf8zYIPvhqdYy0ztOYwnNfzGnJBAoIBAQDWfsRLI0c8aHwCrwt0TM6XQsH2\nOV8WpqFGcCvFe6nOodTDPd3uSzbhYLEtUfVbn8o3qjRfFnFTL2J9zik5Hc4HpcQf\nxnPK6AZMm9nKb18tQSLlnFKdxYtMB5/CbDvdzwAgnFpq26xr4dv6vCPsaCzT+VM5\nt5ZKTjLf3ZZLPywGR/VZndgLNG9ffjewL/4uVWGrqGJcRlYoZSOprMzPSYL3HJeZ\nlEk4K0Z5iWbDgiY6ysEGaqXnD8p+yhXJ7cbb71oInYaPiVIyOJI8D8LWkr0AYmM0\nNY6PItiYErrC7Wuec+5EoTDJaUbfxxCjtUR4ujTW0s1mDkfS5F7fzGSqh/KZ\n-----END RSA PRIVATE KEY-----\n",
            "public_key_fingerprint_md5": "54:6b:db:6f:92:6f:e6:1f:3d:74:29:2b:e3:29:37:cc",
            "public_key_fingerprint_sha256": "SHA256:6FhPDiAEAUf8kLwrU9C1S8JZ2a49XLp+L5s4nH0E1Hs",
            "public_key_openssh": "ssh-rsa AAAAB3NzaC1yc2EAAAADAQABAAACAQDWt/I67b4p7qBfle7pWL6zuKDYZcHF+nivgRMFqSIWLEhE795jgBtr0bqaveyu2UOTYxCwLBGOmeJ87FNr9nl5MqD060Dpq0QR+ewv6VmhHz5u4diW6O3zpEw+PdM/oT41Cs6ROw9HaxujyMNS4ERoU7SXJzrwqw/fGzvKQc1HlPoXea5i8P8rWW+Q5l5IyZHQzN/Z42NZQABLnF0Pf0mx9mTLYobHoXytZ1G9wYOR4UrPXM3lLW8gcNnoaPHYeIwP40fGKp1NC2w1XGvmNpD9txw44rYtkwnB2NsYHczjlMgH2Ye/hgSyuJkXN4Isy+K4n8n0oa3tUrn72/EAcTAWFVEB8EXcU4VUDqiwAgydgobwkqgdzI4uGuC7UFCinFom2Kow59iuVtQROCfJMdRXoMdzFCfT9Ql6vg2QKUoBb679HuburalmqjXxGyi/2PrBeeLwZh6QMSWqk5YLri0BmXXedtZAL0uCMr/kPBYB3MHMHodJVFMj0ODnCDg2Q7QX+xcK/ffheBuekww2n2RrW1pj4vQU33AmjOyNe1+T0N5/Q/yDmfbaj2Yr3tKpz5m7Dp2TQCQTqS5STLfparABwb+7ebfKN/xrGQxnZsN/qXoPAWkwTWkwncanGQhbSIdsmNyKxMgNCZujzR+yDW6MmVbC2jLyB4uG18GZKMqzaQ==\n",
            "public_key_pem": "-----BEGIN PUBLIC KEY-----\nMIICIjANBgkqhkiG9w0BAQEFAAOCAg8AMIICCgKCAgEA1rfyOu2+Ke6gX5Xu6Vi+\ns7ig2GXBxfp4r4ETBakiFixIRO/eY4Aba9G6mr3srtlDk2MQsCwRjpnifOxTa/Z5\neTKg9OtA6atEEfnsL+lZoR8+buHYlujt86RMPj3TP6E+NQrOkTsPR2sbo8jDUuBE\naFO0lyc68KsP3xs7ykHNR5T6F3muYvD/K1lvkOZeSMmR0Mzf2eNjWUAAS5xdD39J\nsfZky2KGx6F8rWdRvcGDkeFKz1zN5S1vIHDZ6Gjx2HiMD+NHxiqdTQtsNVxr5jaQ\n/bccOOK2LZMJwdjbGB3M45TIB9mHv4YEsriZFzeCLMviuJ/J9KGt7VK5+9vxAHEw\nFhVRAfBF3FOFVA6osAIMnYKG8JKoHcyOLhrgu1BQopxaJtiqMOfYrlbUETgnyTHU\nV6DHcxQn0/UJer4NkClKAW+u/R7m7q2pZqo18Rsov9j6wXni8GYekDElqpOWC64t\nAZl13nbWQC9LgjK/5DwWAdzBzB6HSVRTI9Dg5wg4NkO0F/sXCv334XgbnpMMNp9k\na1taY+L0FN9wJozsjXtfk9Def0P8g5n22o9mK97Sqc+Zuw6dk0AkE6kuUky36Wqw\nAcG/u3m3yjf8axkMZ2bDf6l6DwFpME1pMJ3GpxkIW0iHbJjcisTIDQmbo80fsg1u\njJlWwtoy8geLhtfBmSjKs2kCAwEAAQ==\n-----END PUBLIC KEY-----\n",
            "rsa_bits": 4096
          },
          "sensitive_attributes": [],
          "private": "bnVsbA=="
        }
      ]
    }
  ]
}
